// !$*UTF8*$!
{
	archiveVersion = 1;
	classes = {
	};
	objectVersion = 46;
	objects = {

/* Begin PBXBuildFile section */
		DBC8360019C532100060648A /* Mantle.h in Headers */ = {isa = PBXBuildFile; fileRef = DBC835FF19C532100060648A /* Mantle.h */; settings = {ATTRIBUTES = (Public, ); }; };
		DBC8360619C532100060648A /* Mantle.framework in Frameworks */ = {isa = PBXBuildFile; fileRef = DBC835FA19C532100060648A /* Mantle.framework */; };
		DBC8362619C5322C0060648A /* Mantle.framework in Frameworks */ = {isa = PBXBuildFile; fileRef = DBC8361B19C5322C0060648A /* Mantle.framework */; };
		DBC8365C19C533070060648A /* MTLJSONAdapter.h in Headers */ = {isa = PBXBuildFile; fileRef = DBC8363E19C533060060648A /* MTLJSONAdapter.h */; settings = {ATTRIBUTES = (Public, ); }; };
		DBC8365D19C533070060648A /* MTLJSONAdapter.m in Sources */ = {isa = PBXBuildFile; fileRef = DBC8363F19C533060060648A /* MTLJSONAdapter.m */; };
		DBC8365E19C533070060648A /* MTLModel.h in Headers */ = {isa = PBXBuildFile; fileRef = DBC8364019C533060060648A /* MTLModel.h */; settings = {ATTRIBUTES = (Public, ); }; };
		DBC8365F19C533070060648A /* MTLModel.m in Sources */ = {isa = PBXBuildFile; fileRef = DBC8364119C533060060648A /* MTLModel.m */; };
		DBC8366019C533070060648A /* MTLModel+NSCoding.h in Headers */ = {isa = PBXBuildFile; fileRef = DBC8364219C533060060648A /* MTLModel+NSCoding.h */; settings = {ATTRIBUTES = (Public, ); }; };
		DBC8366119C533070060648A /* MTLModel+NSCoding.m in Sources */ = {isa = PBXBuildFile; fileRef = DBC8364319C533060060648A /* MTLModel+NSCoding.m */; };
		DBC8366219C533070060648A /* MTLPropertyAttributes.h in Headers */ = {isa = PBXBuildFile; fileRef = DBC8364419C533060060648A /* MTLPropertyAttributes.h */; };
		DBC8366319C533070060648A /* MTLPropertyAttributes.m in Sources */ = {isa = PBXBuildFile; fileRef = DBC8364519C533060060648A /* MTLPropertyAttributes.m */; };
		DBC8366519C533070060648A /* MTLReflection.m in Sources */ = {isa = PBXBuildFile; fileRef = DBC8364719C533060060648A /* MTLReflection.m */; };
		DBC8366619C533070060648A /* MTLTransformerErrorHandling.h in Headers */ = {isa = PBXBuildFile; fileRef = DBC8364819C533060060648A /* MTLTransformerErrorHandling.h */; settings = {ATTRIBUTES = (Public, ); }; };
		DBC8366719C533070060648A /* MTLTransformerErrorHandling.m in Sources */ = {isa = PBXBuildFile; fileRef = DBC8364919C533060060648A /* MTLTransformerErrorHandling.m */; };
		DBC8366819C533070060648A /* MTLValueTransformer.h in Headers */ = {isa = PBXBuildFile; fileRef = DBC8364A19C533060060648A /* MTLValueTransformer.h */; settings = {ATTRIBUTES = (Public, ); }; };
		DBC8366919C533070060648A /* MTLValueTransformer.m in Sources */ = {isa = PBXBuildFile; fileRef = DBC8364B19C533060060648A /* MTLValueTransformer.m */; };
		DBC8366A19C533070060648A /* NSArray+MTLManipulationAdditions.h in Headers */ = {isa = PBXBuildFile; fileRef = DBC8364C19C533060060648A /* NSArray+MTLManipulationAdditions.h */; settings = {ATTRIBUTES = (Public, ); }; };
		DBC8366B19C533070060648A /* NSArray+MTLManipulationAdditions.m in Sources */ = {isa = PBXBuildFile; fileRef = DBC8364D19C533060060648A /* NSArray+MTLManipulationAdditions.m */; };
		DBC8366C19C533070060648A /* NSDictionary+MTLJSONKeyPath.h in Headers */ = {isa = PBXBuildFile; fileRef = DBC8364E19C533060060648A /* NSDictionary+MTLJSONKeyPath.h */; settings = {ATTRIBUTES = (Public, ); }; };
		DBC8366D19C533070060648A /* NSDictionary+MTLJSONKeyPath.m in Sources */ = {isa = PBXBuildFile; fileRef = DBC8364F19C533060060648A /* NSDictionary+MTLJSONKeyPath.m */; };
		DBC8366E19C533070060648A /* NSDictionary+MTLManipulationAdditions.h in Headers */ = {isa = PBXBuildFile; fileRef = DBC8365019C533060060648A /* NSDictionary+MTLManipulationAdditions.h */; settings = {ATTRIBUTES = (Public, ); }; };
		DBC8366F19C533070060648A /* NSDictionary+MTLManipulationAdditions.m in Sources */ = {isa = PBXBuildFile; fileRef = DBC8365119C533060060648A /* NSDictionary+MTLManipulationAdditions.m */; };
		DBC8367019C533070060648A /* NSDictionary+MTLMappingAdditions.h in Headers */ = {isa = PBXBuildFile; fileRef = DBC8365219C533060060648A /* NSDictionary+MTLMappingAdditions.h */; settings = {ATTRIBUTES = (Public, ); }; };
		DBC8367119C533070060648A /* NSDictionary+MTLMappingAdditions.m in Sources */ = {isa = PBXBuildFile; fileRef = DBC8365319C533070060648A /* NSDictionary+MTLMappingAdditions.m */; };
		DBC8367219C533070060648A /* NSError+MTLModelException.h in Headers */ = {isa = PBXBuildFile; fileRef = DBC8365419C533070060648A /* NSError+MTLModelException.h */; settings = {ATTRIBUTES = (Public, ); }; };
		DBC8367319C533070060648A /* NSError+MTLModelException.m in Sources */ = {isa = PBXBuildFile; fileRef = DBC8365519C533070060648A /* NSError+MTLModelException.m */; };
		DBC8367419C533070060648A /* NSObject+MTLComparisonAdditions.h in Headers */ = {isa = PBXBuildFile; fileRef = DBC8365619C533070060648A /* NSObject+MTLComparisonAdditions.h */; settings = {ATTRIBUTES = (Public, ); }; };
		DBC8367519C533070060648A /* NSObject+MTLComparisonAdditions.m in Sources */ = {isa = PBXBuildFile; fileRef = DBC8365719C533070060648A /* NSObject+MTLComparisonAdditions.m */; };
		DBC8367619C533070060648A /* NSValueTransformer+MTLInversionAdditions.h in Headers */ = {isa = PBXBuildFile; fileRef = DBC8365819C533070060648A /* NSValueTransformer+MTLInversionAdditions.h */; settings = {ATTRIBUTES = (Public, ); }; };
		DBC8367719C533070060648A /* NSValueTransformer+MTLInversionAdditions.m in Sources */ = {isa = PBXBuildFile; fileRef = DBC8365919C533070060648A /* NSValueTransformer+MTLInversionAdditions.m */; };
		DBC8367819C533070060648A /* NSValueTransformer+MTLPredefinedTransformerAdditions.h in Headers */ = {isa = PBXBuildFile; fileRef = DBC8365A19C533070060648A /* NSValueTransformer+MTLPredefinedTransformerAdditions.h */; settings = {ATTRIBUTES = (Public, ); }; };
		DBC8367919C533070060648A /* NSValueTransformer+MTLPredefinedTransformerAdditions.m in Sources */ = {isa = PBXBuildFile; fileRef = DBC8365B19C533070060648A /* NSValueTransformer+MTLPredefinedTransformerAdditions.m */; };
		DBC8367D19C533470060648A /* MTLReflection.h in Headers */ = {isa = PBXBuildFile; fileRef = DBC8364619C533060060648A /* MTLReflection.h */; };
		DBC8367E19C533600060648A /* MTLTransformerErrorHandling.h in Headers */ = {isa = PBXBuildFile; fileRef = DBC8364819C533060060648A /* MTLTransformerErrorHandling.h */; settings = {ATTRIBUTES = (Public, ); }; };
		DBC8367F19C533600060648A /* MTLValueTransformer.h in Headers */ = {isa = PBXBuildFile; fileRef = DBC8364A19C533060060648A /* MTLValueTransformer.h */; settings = {ATTRIBUTES = (Public, ); }; };
		DBC8368019C533640060648A /* MTLTransformerErrorHandling.m in Sources */ = {isa = PBXBuildFile; fileRef = DBC8364919C533060060648A /* MTLTransformerErrorHandling.m */; };
		DBC8368119C533640060648A /* MTLValueTransformer.m in Sources */ = {isa = PBXBuildFile; fileRef = DBC8364B19C533060060648A /* MTLValueTransformer.m */; };
		DBC8368219C533670060648A /* MTLJSONAdapter.m in Sources */ = {isa = PBXBuildFile; fileRef = DBC8363F19C533060060648A /* MTLJSONAdapter.m */; };
		DBC8368319C533690060648A /* MTLJSONAdapter.h in Headers */ = {isa = PBXBuildFile; fileRef = DBC8363E19C533060060648A /* MTLJSONAdapter.h */; settings = {ATTRIBUTES = (Public, ); }; };
		DBC8368419C5336E0060648A /* MTLModel.m in Sources */ = {isa = PBXBuildFile; fileRef = DBC8364119C533060060648A /* MTLModel.m */; };
		DBC8368519C5336E0060648A /* MTLModel+NSCoding.m in Sources */ = {isa = PBXBuildFile; fileRef = DBC8364319C533060060648A /* MTLModel+NSCoding.m */; };
		DBC8368619C5336E0060648A /* MTLReflection.m in Sources */ = {isa = PBXBuildFile; fileRef = DBC8364719C533060060648A /* MTLReflection.m */; };
		DBC8368719C533730060648A /* Mantle.h in Headers */ = {isa = PBXBuildFile; fileRef = DBC835FF19C532100060648A /* Mantle.h */; settings = {ATTRIBUTES = (Public, ); }; };
		DBC8368819C533730060648A /* MTLModel.h in Headers */ = {isa = PBXBuildFile; fileRef = DBC8364019C533060060648A /* MTLModel.h */; settings = {ATTRIBUTES = (Public, ); }; };
		DBC8368919C533730060648A /* MTLModel+NSCoding.h in Headers */ = {isa = PBXBuildFile; fileRef = DBC8364219C533060060648A /* MTLModel+NSCoding.h */; settings = {ATTRIBUTES = (Public, ); }; };
		DBC8368A19C533730060648A /* MTLReflection.h in Headers */ = {isa = PBXBuildFile; fileRef = DBC8364619C533060060648A /* MTLReflection.h */; };
		DBC8368B19C5337B0060648A /* MTLPropertyAttributes.h in Headers */ = {isa = PBXBuildFile; fileRef = DBC8364419C533060060648A /* MTLPropertyAttributes.h */; };
		DBC8368C19C5337E0060648A /* MTLPropertyAttributes.m in Sources */ = {isa = PBXBuildFile; fileRef = DBC8364519C533060060648A /* MTLPropertyAttributes.m */; };
		DBC8368E19C5339A0060648A /* NSArray+MTLManipulationAdditions.m in Sources */ = {isa = PBXBuildFile; fileRef = DBC8364D19C533060060648A /* NSArray+MTLManipulationAdditions.m */; };
		DBC8368F19C5339A0060648A /* NSDictionary+MTLJSONKeyPath.m in Sources */ = {isa = PBXBuildFile; fileRef = DBC8364F19C533060060648A /* NSDictionary+MTLJSONKeyPath.m */; };
		DBC8369019C5339A0060648A /* NSDictionary+MTLManipulationAdditions.m in Sources */ = {isa = PBXBuildFile; fileRef = DBC8365119C533060060648A /* NSDictionary+MTLManipulationAdditions.m */; };
		DBC8369119C5339A0060648A /* NSDictionary+MTLMappingAdditions.m in Sources */ = {isa = PBXBuildFile; fileRef = DBC8365319C533070060648A /* NSDictionary+MTLMappingAdditions.m */; };
		DBC8369219C5339A0060648A /* NSError+MTLModelException.m in Sources */ = {isa = PBXBuildFile; fileRef = DBC8365519C533070060648A /* NSError+MTLModelException.m */; };
		DBC8369319C5339A0060648A /* NSObject+MTLComparisonAdditions.m in Sources */ = {isa = PBXBuildFile; fileRef = DBC8365719C533070060648A /* NSObject+MTLComparisonAdditions.m */; };
		DBC8369419C5339A0060648A /* NSValueTransformer+MTLInversionAdditions.m in Sources */ = {isa = PBXBuildFile; fileRef = DBC8365919C533070060648A /* NSValueTransformer+MTLInversionAdditions.m */; };
		DBC8369519C5339A0060648A /* NSValueTransformer+MTLPredefinedTransformerAdditions.m in Sources */ = {isa = PBXBuildFile; fileRef = DBC8365B19C533070060648A /* NSValueTransformer+MTLPredefinedTransformerAdditions.m */; };
		DBC8369619C533AF0060648A /* NSArray+MTLManipulationAdditions.h in Headers */ = {isa = PBXBuildFile; fileRef = DBC8364C19C533060060648A /* NSArray+MTLManipulationAdditions.h */; settings = {ATTRIBUTES = (Public, ); }; };
		DBC8369719C533AF0060648A /* NSDictionary+MTLJSONKeyPath.h in Headers */ = {isa = PBXBuildFile; fileRef = DBC8364E19C533060060648A /* NSDictionary+MTLJSONKeyPath.h */; settings = {ATTRIBUTES = (Public, ); }; };
		DBC8369819C533AF0060648A /* NSDictionary+MTLManipulationAdditions.h in Headers */ = {isa = PBXBuildFile; fileRef = DBC8365019C533060060648A /* NSDictionary+MTLManipulationAdditions.h */; settings = {ATTRIBUTES = (Public, ); }; };
		DBC8369919C533AF0060648A /* NSDictionary+MTLMappingAdditions.h in Headers */ = {isa = PBXBuildFile; fileRef = DBC8365219C533060060648A /* NSDictionary+MTLMappingAdditions.h */; settings = {ATTRIBUTES = (Public, ); }; };
		DBC8369A19C533AF0060648A /* NSError+MTLModelException.h in Headers */ = {isa = PBXBuildFile; fileRef = DBC8365419C533070060648A /* NSError+MTLModelException.h */; settings = {ATTRIBUTES = (Public, ); }; };
		DBC8369B19C533AF0060648A /* NSObject+MTLComparisonAdditions.h in Headers */ = {isa = PBXBuildFile; fileRef = DBC8365619C533070060648A /* NSObject+MTLComparisonAdditions.h */; settings = {ATTRIBUTES = (Public, ); }; };
		DBC8369C19C533AF0060648A /* NSValueTransformer+MTLInversionAdditions.h in Headers */ = {isa = PBXBuildFile; fileRef = DBC8365819C533070060648A /* NSValueTransformer+MTLInversionAdditions.h */; settings = {ATTRIBUTES = (Public, ); }; };
		DBC8369D19C533AF0060648A /* NSValueTransformer+MTLPredefinedTransformerAdditions.h in Headers */ = {isa = PBXBuildFile; fileRef = DBC8365A19C533070060648A /* NSValueTransformer+MTLPredefinedTransformerAdditions.h */; settings = {ATTRIBUTES = (Public, ); }; };
		DBC836AF19C533D50060648A /* MTLArrayManipulationTests.m in Sources */ = {isa = PBXBuildFile; fileRef = DBC8369E19C533D50060648A /* MTLArrayManipulationTests.m */; };
		DBC836B019C533D50060648A /* MTLArrayManipulationTests.m in Sources */ = {isa = PBXBuildFile; fileRef = DBC8369E19C533D50060648A /* MTLArrayManipulationTests.m */; };
		DBC836B119C533D50060648A /* MTLComparisonAdditionsTests.m in Sources */ = {isa = PBXBuildFile; fileRef = DBC8369F19C533D50060648A /* MTLComparisonAdditionsTests.m */; };
		DBC836B219C533D50060648A /* MTLComparisonAdditionsTests.m in Sources */ = {isa = PBXBuildFile; fileRef = DBC8369F19C533D50060648A /* MTLComparisonAdditionsTests.m */; };
		DBC836B319C533D50060648A /* MTLDictionaryManipulationTests.m in Sources */ = {isa = PBXBuildFile; fileRef = DBC836A019C533D50060648A /* MTLDictionaryManipulationTests.m */; };
		DBC836B419C533D50060648A /* MTLDictionaryManipulationTests.m in Sources */ = {isa = PBXBuildFile; fileRef = DBC836A019C533D50060648A /* MTLDictionaryManipulationTests.m */; };
		DBC836B519C533D50060648A /* MTLDictionaryMappingTests.m in Sources */ = {isa = PBXBuildFile; fileRef = DBC836A119C533D50060648A /* MTLDictionaryMappingTests.m */; };
		DBC836B619C533D50060648A /* MTLDictionaryMappingTests.m in Sources */ = {isa = PBXBuildFile; fileRef = DBC836A119C533D50060648A /* MTLDictionaryMappingTests.m */; };
		DBC836B719C533D50060648A /* MTLErrorModelExceptionTests.m in Sources */ = {isa = PBXBuildFile; fileRef = DBC836A219C533D50060648A /* MTLErrorModelExceptionTests.m */; };
		DBC836B819C533D50060648A /* MTLErrorModelExceptionTests.m in Sources */ = {isa = PBXBuildFile; fileRef = DBC836A219C533D50060648A /* MTLErrorModelExceptionTests.m */; };
		DBC836B919C533D50060648A /* MTLJSONAdapterTests.m in Sources */ = {isa = PBXBuildFile; fileRef = DBC836A319C533D50060648A /* MTLJSONAdapterTests.m */; };
		DBC836BA19C533D50060648A /* MTLJSONAdapterTests.m in Sources */ = {isa = PBXBuildFile; fileRef = DBC836A319C533D50060648A /* MTLJSONAdapterTests.m */; };
		DBC836BB19C533D50060648A /* MTLModelNSCodingTests.m in Sources */ = {isa = PBXBuildFile; fileRef = DBC836A419C533D50060648A /* MTLModelNSCodingTests.m */; };
		DBC836BC19C533D50060648A /* MTLModelNSCodingTests.m in Sources */ = {isa = PBXBuildFile; fileRef = DBC836A419C533D50060648A /* MTLModelNSCodingTests.m */; };
		DBC836BD19C533D50060648A /* MTLModelTests.m in Sources */ = {isa = PBXBuildFile; fileRef = DBC836A519C533D50060648A /* MTLModelTests.m */; };
		DBC836BE19C533D50060648A /* MTLModelTests.m in Sources */ = {isa = PBXBuildFile; fileRef = DBC836A519C533D50060648A /* MTLModelTests.m */; };
		DBC836BF19C533D50060648A /* MTLModelValidationTests.m in Sources */ = {isa = PBXBuildFile; fileRef = DBC836A619C533D50060648A /* MTLModelValidationTests.m */; };
		DBC836C019C533D50060648A /* MTLModelValidationTests.m in Sources */ = {isa = PBXBuildFile; fileRef = DBC836A619C533D50060648A /* MTLModelValidationTests.m */; };
		DBC836C119C533D50060648A /* MTLPredefinedTransformerAdditionsTests.m in Sources */ = {isa = PBXBuildFile; fileRef = DBC836A719C533D50060648A /* MTLPredefinedTransformerAdditionsTests.m */; };
		DBC836C219C533D50060648A /* MTLPredefinedTransformerAdditionsTests.m in Sources */ = {isa = PBXBuildFile; fileRef = DBC836A719C533D50060648A /* MTLPredefinedTransformerAdditionsTests.m */; };
		DBC836C319C533D50060648A /* MTLPropertyAttributesTests.m in Sources */ = {isa = PBXBuildFile; fileRef = DBC836A819C533D50060648A /* MTLPropertyAttributesTests.m */; };
		DBC836C419C533D50060648A /* MTLPropertyAttributesTests.m in Sources */ = {isa = PBXBuildFile; fileRef = DBC836A819C533D50060648A /* MTLPropertyAttributesTests.m */; };
		DBC836C519C533D50060648A /* MTLTestJSONAdapter.m in Sources */ = {isa = PBXBuildFile; fileRef = DBC836AA19C533D50060648A /* MTLTestJSONAdapter.m */; };
		DBC836C619C533D50060648A /* MTLTestJSONAdapter.m in Sources */ = {isa = PBXBuildFile; fileRef = DBC836AA19C533D50060648A /* MTLTestJSONAdapter.m */; };
		DBC836C719C533D50060648A /* MTLTestModel.m in Sources */ = {isa = PBXBuildFile; fileRef = DBC836AC19C533D50060648A /* MTLTestModel.m */; };
		DBC836C819C533D50060648A /* MTLTestModel.m in Sources */ = {isa = PBXBuildFile; fileRef = DBC836AC19C533D50060648A /* MTLTestModel.m */; };
		DBC836C919C533D50060648A /* MTLValueTransformerInversionAdditionsTests.m in Sources */ = {isa = PBXBuildFile; fileRef = DBC836AD19C533D50060648A /* MTLValueTransformerInversionAdditionsTests.m */; };
		DBC836CA19C533D50060648A /* MTLValueTransformerInversionAdditionsTests.m in Sources */ = {isa = PBXBuildFile; fileRef = DBC836AD19C533D50060648A /* MTLValueTransformerInversionAdditionsTests.m */; };
		DBC836CB19C533D50060648A /* MTLValueTransformerTests.m in Sources */ = {isa = PBXBuildFile; fileRef = DBC836AE19C533D50060648A /* MTLValueTransformerTests.m */; };
		DBC836CC19C533D50060648A /* MTLValueTransformerTests.m in Sources */ = {isa = PBXBuildFile; fileRef = DBC836AE19C533D50060648A /* MTLValueTransformerTests.m */; };
/* End PBXBuildFile section */

/* Begin PBXContainerItemProxy section */
		DBC8360719C532100060648A /* PBXContainerItemProxy */ = {
			isa = PBXContainerItemProxy;
			containerPortal = DBC835F119C532100060648A /* Project object */;
			proxyType = 1;
			remoteGlobalIDString = DBC835F919C532100060648A;
			remoteInfo = Mantle;
		};
		DBC8362719C5322C0060648A /* PBXContainerItemProxy */ = {
			isa = PBXContainerItemProxy;
			containerPortal = DBC835F119C532100060648A /* Project object */;
			proxyType = 1;
			remoteGlobalIDString = DBC8361A19C5322C0060648A;
			remoteInfo = "Mantle-iOS";
		};
/* End PBXContainerItemProxy section */

/* Begin PBXFileReference section */
		DBC835FA19C532100060648A /* Mantle.framework */ = {isa = PBXFileReference; explicitFileType = wrapper.framework; includeInIndex = 0; path = Mantle.framework; sourceTree = BUILT_PRODUCTS_DIR; };
		DBC835FE19C532100060648A /* Info.plist */ = {isa = PBXFileReference; lastKnownFileType = text.plist.xml; path = Info.plist; sourceTree = "<group>"; };
		DBC835FF19C532100060648A /* Mantle.h */ = {isa = PBXFileReference; lastKnownFileType = sourcecode.c.h; path = Mantle.h; sourceTree = "<group>"; };
		DBC8360519C532100060648A /* Mantle Tests.xctest */ = {isa = PBXFileReference; explicitFileType = wrapper.cfbundle; includeInIndex = 0; path = "Mantle Tests.xctest"; sourceTree = BUILT_PRODUCTS_DIR; };
		DBC8360B19C532100060648A /* Info.plist */ = {isa = PBXFileReference; lastKnownFileType = text.plist.xml; path = Info.plist; sourceTree = "<group>"; };
		DBC8361B19C5322C0060648A /* Mantle.framework */ = {isa = PBXFileReference; explicitFileType = wrapper.framework; includeInIndex = 0; path = Mantle.framework; sourceTree = BUILT_PRODUCTS_DIR; };
		DBC8362519C5322C0060648A /* Mantle-iOS Tests.xctest */ = {isa = PBXFileReference; explicitFileType = wrapper.cfbundle; includeInIndex = 0; path = "Mantle-iOS Tests.xctest"; sourceTree = BUILT_PRODUCTS_DIR; };
		DBC8363E19C533060060648A /* MTLJSONAdapter.h */ = {isa = PBXFileReference; fileEncoding = 4; lastKnownFileType = sourcecode.c.h; path = MTLJSONAdapter.h; sourceTree = "<group>"; };
		DBC8363F19C533060060648A /* MTLJSONAdapter.m */ = {isa = PBXFileReference; fileEncoding = 4; lastKnownFileType = sourcecode.c.objc; path = MTLJSONAdapter.m; sourceTree = "<group>"; };
		DBC8364019C533060060648A /* MTLModel.h */ = {isa = PBXFileReference; fileEncoding = 4; lastKnownFileType = sourcecode.c.h; path = MTLModel.h; sourceTree = "<group>"; };
		DBC8364119C533060060648A /* MTLModel.m */ = {isa = PBXFileReference; fileEncoding = 4; lastKnownFileType = sourcecode.c.objc; path = MTLModel.m; sourceTree = "<group>"; };
		DBC8364219C533060060648A /* MTLModel+NSCoding.h */ = {isa = PBXFileReference; fileEncoding = 4; lastKnownFileType = sourcecode.c.h; path = "MTLModel+NSCoding.h"; sourceTree = "<group>"; };
		DBC8364319C533060060648A /* MTLModel+NSCoding.m */ = {isa = PBXFileReference; fileEncoding = 4; lastKnownFileType = sourcecode.c.objc; path = "MTLModel+NSCoding.m"; sourceTree = "<group>"; };
		DBC8364419C533060060648A /* MTLPropertyAttributes.h */ = {isa = PBXFileReference; fileEncoding = 4; lastKnownFileType = sourcecode.c.h; path = MTLPropertyAttributes.h; sourceTree = "<group>"; };
		DBC8364519C533060060648A /* MTLPropertyAttributes.m */ = {isa = PBXFileReference; fileEncoding = 4; lastKnownFileType = sourcecode.c.objc; path = MTLPropertyAttributes.m; sourceTree = "<group>"; };
		DBC8364619C533060060648A /* MTLReflection.h */ = {isa = PBXFileReference; fileEncoding = 4; lastKnownFileType = sourcecode.c.h; path = MTLReflection.h; sourceTree = "<group>"; };
		DBC8364719C533060060648A /* MTLReflection.m */ = {isa = PBXFileReference; fileEncoding = 4; lastKnownFileType = sourcecode.c.objc; path = MTLReflection.m; sourceTree = "<group>"; };
		DBC8364819C533060060648A /* MTLTransformerErrorHandling.h */ = {isa = PBXFileReference; fileEncoding = 4; lastKnownFileType = sourcecode.c.h; path = MTLTransformerErrorHandling.h; sourceTree = "<group>"; };
		DBC8364919C533060060648A /* MTLTransformerErrorHandling.m */ = {isa = PBXFileReference; fileEncoding = 4; lastKnownFileType = sourcecode.c.objc; path = MTLTransformerErrorHandling.m; sourceTree = "<group>"; };
		DBC8364A19C533060060648A /* MTLValueTransformer.h */ = {isa = PBXFileReference; fileEncoding = 4; lastKnownFileType = sourcecode.c.h; path = MTLValueTransformer.h; sourceTree = "<group>"; };
		DBC8364B19C533060060648A /* MTLValueTransformer.m */ = {isa = PBXFileReference; fileEncoding = 4; lastKnownFileType = sourcecode.c.objc; path = MTLValueTransformer.m; sourceTree = "<group>"; };
		DBC8364C19C533060060648A /* NSArray+MTLManipulationAdditions.h */ = {isa = PBXFileReference; fileEncoding = 4; lastKnownFileType = sourcecode.c.h; path = "NSArray+MTLManipulationAdditions.h"; sourceTree = "<group>"; };
		DBC8364D19C533060060648A /* NSArray+MTLManipulationAdditions.m */ = {isa = PBXFileReference; fileEncoding = 4; lastKnownFileType = sourcecode.c.objc; path = "NSArray+MTLManipulationAdditions.m"; sourceTree = "<group>"; };
		DBC8364E19C533060060648A /* NSDictionary+MTLJSONKeyPath.h */ = {isa = PBXFileReference; fileEncoding = 4; lastKnownFileType = sourcecode.c.h; path = "NSDictionary+MTLJSONKeyPath.h"; sourceTree = "<group>"; };
		DBC8364F19C533060060648A /* NSDictionary+MTLJSONKeyPath.m */ = {isa = PBXFileReference; fileEncoding = 4; lastKnownFileType = sourcecode.c.objc; path = "NSDictionary+MTLJSONKeyPath.m"; sourceTree = "<group>"; };
		DBC8365019C533060060648A /* NSDictionary+MTLManipulationAdditions.h */ = {isa = PBXFileReference; fileEncoding = 4; lastKnownFileType = sourcecode.c.h; path = "NSDictionary+MTLManipulationAdditions.h"; sourceTree = "<group>"; };
		DBC8365119C533060060648A /* NSDictionary+MTLManipulationAdditions.m */ = {isa = PBXFileReference; fileEncoding = 4; lastKnownFileType = sourcecode.c.objc; path = "NSDictionary+MTLManipulationAdditions.m"; sourceTree = "<group>"; };
		DBC8365219C533060060648A /* NSDictionary+MTLMappingAdditions.h */ = {isa = PBXFileReference; fileEncoding = 4; lastKnownFileType = sourcecode.c.h; path = "NSDictionary+MTLMappingAdditions.h"; sourceTree = "<group>"; };
		DBC8365319C533070060648A /* NSDictionary+MTLMappingAdditions.m */ = {isa = PBXFileReference; fileEncoding = 4; lastKnownFileType = sourcecode.c.objc; path = "NSDictionary+MTLMappingAdditions.m"; sourceTree = "<group>"; };
		DBC8365419C533070060648A /* NSError+MTLModelException.h */ = {isa = PBXFileReference; fileEncoding = 4; lastKnownFileType = sourcecode.c.h; path = "NSError+MTLModelException.h"; sourceTree = "<group>"; };
		DBC8365519C533070060648A /* NSError+MTLModelException.m */ = {isa = PBXFileReference; fileEncoding = 4; lastKnownFileType = sourcecode.c.objc; path = "NSError+MTLModelException.m"; sourceTree = "<group>"; };
		DBC8365619C533070060648A /* NSObject+MTLComparisonAdditions.h */ = {isa = PBXFileReference; fileEncoding = 4; lastKnownFileType = sourcecode.c.h; path = "NSObject+MTLComparisonAdditions.h"; sourceTree = "<group>"; };
		DBC8365719C533070060648A /* NSObject+MTLComparisonAdditions.m */ = {isa = PBXFileReference; fileEncoding = 4; lastKnownFileType = sourcecode.c.objc; path = "NSObject+MTLComparisonAdditions.m"; sourceTree = "<group>"; };
		DBC8365819C533070060648A /* NSValueTransformer+MTLInversionAdditions.h */ = {isa = PBXFileReference; fileEncoding = 4; lastKnownFileType = sourcecode.c.h; path = "NSValueTransformer+MTLInversionAdditions.h"; sourceTree = "<group>"; };
		DBC8365919C533070060648A /* NSValueTransformer+MTLInversionAdditions.m */ = {isa = PBXFileReference; fileEncoding = 4; lastKnownFileType = sourcecode.c.objc; path = "NSValueTransformer+MTLInversionAdditions.m"; sourceTree = "<group>"; };
		DBC8365A19C533070060648A /* NSValueTransformer+MTLPredefinedTransformerAdditions.h */ = {isa = PBXFileReference; fileEncoding = 4; lastKnownFileType = sourcecode.c.h; path = "NSValueTransformer+MTLPredefinedTransformerAdditions.h"; sourceTree = "<group>"; };
		DBC8365B19C533070060648A /* NSValueTransformer+MTLPredefinedTransformerAdditions.m */ = {isa = PBXFileReference; fileEncoding = 4; lastKnownFileType = sourcecode.c.objc; path = "NSValueTransformer+MTLPredefinedTransformerAdditions.m"; sourceTree = "<group>"; };
		DBC8369E19C533D50060648A /* MTLArrayManipulationTests.m */ = {isa = PBXFileReference; fileEncoding = 4; lastKnownFileType = sourcecode.c.objc; path = MTLArrayManipulationTests.m; sourceTree = "<group>"; };
		DBC8369F19C533D50060648A /* MTLComparisonAdditionsTests.m */ = {isa = PBXFileReference; fileEncoding = 4; lastKnownFileType = sourcecode.c.objc; path = MTLComparisonAdditionsTests.m; sourceTree = "<group>"; };
		DBC836A019C533D50060648A /* MTLDictionaryManipulationTests.m */ = {isa = PBXFileReference; fileEncoding = 4; lastKnownFileType = sourcecode.c.objc; path = MTLDictionaryManipulationTests.m; sourceTree = "<group>"; };
		DBC836A119C533D50060648A /* MTLDictionaryMappingTests.m */ = {isa = PBXFileReference; fileEncoding = 4; lastKnownFileType = sourcecode.c.objc; path = MTLDictionaryMappingTests.m; sourceTree = "<group>"; };
		DBC836A219C533D50060648A /* MTLErrorModelExceptionTests.m */ = {isa = PBXFileReference; fileEncoding = 4; lastKnownFileType = sourcecode.c.objc; path = MTLErrorModelExceptionTests.m; sourceTree = "<group>"; };
		DBC836A319C533D50060648A /* MTLJSONAdapterTests.m */ = {isa = PBXFileReference; fileEncoding = 4; lastKnownFileType = sourcecode.c.objc; path = MTLJSONAdapterTests.m; sourceTree = "<group>"; };
		DBC836A419C533D50060648A /* MTLModelNSCodingTests.m */ = {isa = PBXFileReference; fileEncoding = 4; lastKnownFileType = sourcecode.c.objc; path = MTLModelNSCodingTests.m; sourceTree = "<group>"; };
		DBC836A519C533D50060648A /* MTLModelTests.m */ = {isa = PBXFileReference; fileEncoding = 4; lastKnownFileType = sourcecode.c.objc; path = MTLModelTests.m; sourceTree = "<group>"; };
		DBC836A619C533D50060648A /* MTLModelValidationTests.m */ = {isa = PBXFileReference; fileEncoding = 4; lastKnownFileType = sourcecode.c.objc; path = MTLModelValidationTests.m; sourceTree = "<group>"; };
		DBC836A719C533D50060648A /* MTLPredefinedTransformerAdditionsTests.m */ = {isa = PBXFileReference; fileEncoding = 4; lastKnownFileType = sourcecode.c.objc; path = MTLPredefinedTransformerAdditionsTests.m; sourceTree = "<group>"; };
		DBC836A819C533D50060648A /* MTLPropertyAttributesTests.m */ = {isa = PBXFileReference; fileEncoding = 4; lastKnownFileType = sourcecode.c.objc; path = MTLPropertyAttributesTests.m; sourceTree = "<group>"; };
		DBC836A919C533D50060648A /* MTLTestJSONAdapter.h */ = {isa = PBXFileReference; fileEncoding = 4; lastKnownFileType = sourcecode.c.h; path = MTLTestJSONAdapter.h; sourceTree = "<group>"; };
		DBC836AA19C533D50060648A /* MTLTestJSONAdapter.m */ = {isa = PBXFileReference; fileEncoding = 4; lastKnownFileType = sourcecode.c.objc; path = MTLTestJSONAdapter.m; sourceTree = "<group>"; };
		DBC836AB19C533D50060648A /* MTLTestModel.h */ = {isa = PBXFileReference; fileEncoding = 4; lastKnownFileType = sourcecode.c.h; path = MTLTestModel.h; sourceTree = "<group>"; };
		DBC836AC19C533D50060648A /* MTLTestModel.m */ = {isa = PBXFileReference; fileEncoding = 4; lastKnownFileType = sourcecode.c.objc; path = MTLTestModel.m; sourceTree = "<group>"; };
		DBC836AD19C533D50060648A /* MTLValueTransformerInversionAdditionsTests.m */ = {isa = PBXFileReference; fileEncoding = 4; lastKnownFileType = sourcecode.c.objc; path = MTLValueTransformerInversionAdditionsTests.m; sourceTree = "<group>"; };
		DBC836AE19C533D50060648A /* MTLValueTransformerTests.m */ = {isa = PBXFileReference; fileEncoding = 4; lastKnownFileType = sourcecode.c.objc; path = MTLValueTransformerTests.m; sourceTree = "<group>"; };
/* End PBXFileReference section */

/* Begin PBXFrameworksBuildPhase section */
		DBC835F619C532100060648A /* Frameworks */ = {
			isa = PBXFrameworksBuildPhase;
			buildActionMask = 2147483647;
			files = (
			);
			runOnlyForDeploymentPostprocessing = 0;
		};
		DBC8360219C532100060648A /* Frameworks */ = {
			isa = PBXFrameworksBuildPhase;
			buildActionMask = 2147483647;
			files = (
				DBC8360619C532100060648A /* Mantle.framework in Frameworks */,
			);
			runOnlyForDeploymentPostprocessing = 0;
		};
		DBC8361719C5322C0060648A /* Frameworks */ = {
			isa = PBXFrameworksBuildPhase;
			buildActionMask = 2147483647;
			files = (
			);
			runOnlyForDeploymentPostprocessing = 0;
		};
		DBC8362219C5322C0060648A /* Frameworks */ = {
			isa = PBXFrameworksBuildPhase;
			buildActionMask = 2147483647;
			files = (
				DBC8362619C5322C0060648A /* Mantle.framework in Frameworks */,
			);
			runOnlyForDeploymentPostprocessing = 0;
		};
/* End PBXFrameworksBuildPhase section */

/* Begin PBXGroup section */
		DBC835F019C532100060648A = {
			isa = PBXGroup;
			children = (
				DBC835FC19C532100060648A /* Mantle */,
				DBC8360919C532100060648A /* MantleTests */,
				DBC835FB19C532100060648A /* Products */,
			);
			sourceTree = "<group>";
		};
		DBC835FB19C532100060648A /* Products */ = {
			isa = PBXGroup;
			children = (
				DBC835FA19C532100060648A /* Mantle.framework */,
				DBC8360519C532100060648A /* Mantle Tests.xctest */,
				DBC8361B19C5322C0060648A /* Mantle.framework */,
				DBC8362519C5322C0060648A /* Mantle-iOS Tests.xctest */,
			);
			name = Products;
			sourceTree = "<group>";
		};
		DBC835FC19C532100060648A /* Mantle */ = {
			isa = PBXGroup;
			children = (
				DBC835FF19C532100060648A /* Mantle.h */,
				DBC8367C19C5332B0060648A /* Modules */,
				DBC8368D19C533880060648A /* Extensions */,
				DBC835FD19C532100060648A /* Supporting Files */,
			);
			path = Mantle;
			sourceTree = "<group>";
		};
		DBC835FD19C532100060648A /* Supporting Files */ = {
			isa = PBXGroup;
			children = (
				DBC835FE19C532100060648A /* Info.plist */,
			);
			name = "Supporting Files";
			sourceTree = "<group>";
		};
		DBC8360919C532100060648A /* MantleTests */ = {
			isa = PBXGroup;
			children = (
				DBC8369E19C533D50060648A /* MTLArrayManipulationTests.m */,
				DBC8369F19C533D50060648A /* MTLComparisonAdditionsTests.m */,
				DBC836A019C533D50060648A /* MTLDictionaryManipulationTests.m */,
				DBC836A119C533D50060648A /* MTLDictionaryMappingTests.m */,
				DBC836A219C533D50060648A /* MTLErrorModelExceptionTests.m */,
				DBC836A319C533D50060648A /* MTLJSONAdapterTests.m */,
				DBC836A419C533D50060648A /* MTLModelNSCodingTests.m */,
				DBC836A519C533D50060648A /* MTLModelTests.m */,
				DBC836A619C533D50060648A /* MTLModelValidationTests.m */,
				DBC836A719C533D50060648A /* MTLPredefinedTransformerAdditionsTests.m */,
				DBC836A819C533D50060648A /* MTLPropertyAttributesTests.m */,
				DBC836AD19C533D50060648A /* MTLValueTransformerInversionAdditionsTests.m */,
				DBC836AE19C533D50060648A /* MTLValueTransformerTests.m */,
				DBC8360A19C532100060648A /* Supporting Files */,
			);
			path = MantleTests;
			sourceTree = "<group>";
		};
		DBC8360A19C532100060648A /* Supporting Files */ = {
			isa = PBXGroup;
			children = (
				DBC836A919C533D50060648A /* MTLTestJSONAdapter.h */,
				DBC836AA19C533D50060648A /* MTLTestJSONAdapter.m */,
				DBC836AB19C533D50060648A /* MTLTestModel.h */,
				DBC836AC19C533D50060648A /* MTLTestModel.m */,
				DBC8360B19C532100060648A /* Info.plist */,
			);
			name = "Supporting Files";
			sourceTree = "<group>";
		};
		DBC8367A19C533150060648A /* Value Transformers */ = {
			isa = PBXGroup;
			children = (
				DBC8364819C533060060648A /* MTLTransformerErrorHandling.h */,
				DBC8364919C533060060648A /* MTLTransformerErrorHandling.m */,
				DBC8364A19C533060060648A /* MTLValueTransformer.h */,
				DBC8364B19C533060060648A /* MTLValueTransformer.m */,
			);
			name = "Value Transformers";
			sourceTree = "<group>";
		};
		DBC8367B19C533220060648A /* Adapters */ = {
			isa = PBXGroup;
			children = (
				DBC8363E19C533060060648A /* MTLJSONAdapter.h */,
				DBC8363F19C533060060648A /* MTLJSONAdapter.m */,
			);
			name = Adapters;
			sourceTree = "<group>";
		};
		DBC8367C19C5332B0060648A /* Modules */ = {
			isa = PBXGroup;
			children = (
				DBC8364019C533060060648A /* MTLModel.h */,
				DBC8364119C533060060648A /* MTLModel.m */,
				DBC8364219C533060060648A /* MTLModel+NSCoding.h */,
				DBC8364319C533060060648A /* MTLModel+NSCoding.m */,
				DBC8364619C533060060648A /* MTLReflection.h */,
				DBC8364719C533060060648A /* MTLReflection.m */,
				DBC8367B19C533220060648A /* Adapters */,
				DBC8367A19C533150060648A /* Value Transformers */,
			);
			name = Modules;
			sourceTree = "<group>";
		};
		DBC8368D19C533880060648A /* Extensions */ = {
			isa = PBXGroup;
			children = (
				DBC8364419C533060060648A /* MTLPropertyAttributes.h */,
				DBC8364519C533060060648A /* MTLPropertyAttributes.m */,
				DBC8364C19C533060060648A /* NSArray+MTLManipulationAdditions.h */,
				DBC8364D19C533060060648A /* NSArray+MTLManipulationAdditions.m */,
				DBC8364E19C533060060648A /* NSDictionary+MTLJSONKeyPath.h */,
				DBC8364F19C533060060648A /* NSDictionary+MTLJSONKeyPath.m */,
				DBC8365019C533060060648A /* NSDictionary+MTLManipulationAdditions.h */,
				DBC8365119C533060060648A /* NSDictionary+MTLManipulationAdditions.m */,
				DBC8365219C533060060648A /* NSDictionary+MTLMappingAdditions.h */,
				DBC8365319C533070060648A /* NSDictionary+MTLMappingAdditions.m */,
				DBC8365419C533070060648A /* NSError+MTLModelException.h */,
				DBC8365519C533070060648A /* NSError+MTLModelException.m */,
				DBC8365619C533070060648A /* NSObject+MTLComparisonAdditions.h */,
				DBC8365719C533070060648A /* NSObject+MTLComparisonAdditions.m */,
				DBC8365819C533070060648A /* NSValueTransformer+MTLInversionAdditions.h */,
				DBC8365919C533070060648A /* NSValueTransformer+MTLInversionAdditions.m */,
				DBC8365A19C533070060648A /* NSValueTransformer+MTLPredefinedTransformerAdditions.h */,
				DBC8365B19C533070060648A /* NSValueTransformer+MTLPredefinedTransformerAdditions.m */,
			);
			name = Extensions;
			sourceTree = "<group>";
		};
/* End PBXGroup section */

/* Begin PBXHeadersBuildPhase section */
		DBC835F719C532100060648A /* Headers */ = {
			isa = PBXHeadersBuildPhase;
			buildActionMask = 2147483647;
			files = (
				DBC8366A19C533070060648A /* NSArray+MTLManipulationAdditions.h in Headers */,
				DBC8366819C533070060648A /* MTLValueTransformer.h in Headers */,
				DBC8366219C533070060648A /* MTLPropertyAttributes.h in Headers */,
				DBC8366619C533070060648A /* MTLTransformerErrorHandling.h in Headers */,
				DBC8365C19C533070060648A /* MTLJSONAdapter.h in Headers */,
				DBC8365E19C533070060648A /* MTLModel.h in Headers */,
				DBC8367019C533070060648A /* NSDictionary+MTLMappingAdditions.h in Headers */,
				DBC8366C19C533070060648A /* NSDictionary+MTLJSONKeyPath.h in Headers */,
				DBC8367219C533070060648A /* NSError+MTLModelException.h in Headers */,
				DBC8367419C533070060648A /* NSObject+MTLComparisonAdditions.h in Headers */,
				DBC8360019C532100060648A /* Mantle.h in Headers */,
				DBC8366E19C533070060648A /* NSDictionary+MTLManipulationAdditions.h in Headers */,
				DBC8367819C533070060648A /* NSValueTransformer+MTLPredefinedTransformerAdditions.h in Headers */,
				DBC8367D19C533470060648A /* MTLReflection.h in Headers */,
				DBC8366019C533070060648A /* MTLModel+NSCoding.h in Headers */,
				DBC8367619C533070060648A /* NSValueTransformer+MTLInversionAdditions.h in Headers */,
			);
			runOnlyForDeploymentPostprocessing = 0;
		};
		DBC8361819C5322C0060648A /* Headers */ = {
			isa = PBXHeadersBuildPhase;
			buildActionMask = 2147483647;
			files = (
				DBC8369619C533AF0060648A /* NSArray+MTLManipulationAdditions.h in Headers */,
				DBC8368A19C533730060648A /* MTLReflection.h in Headers */,
				DBC8368319C533690060648A /* MTLJSONAdapter.h in Headers */,
				DBC8367F19C533600060648A /* MTLValueTransformer.h in Headers */,
				DBC8367E19C533600060648A /* MTLTransformerErrorHandling.h in Headers */,
				DBC8368919C533730060648A /* MTLModel+NSCoding.h in Headers */,
				DBC8369919C533AF0060648A /* NSDictionary+MTLMappingAdditions.h in Headers */,
				DBC8369719C533AF0060648A /* NSDictionary+MTLJSONKeyPath.h in Headers */,
				DBC8369A19C533AF0060648A /* NSError+MTLModelException.h in Headers */,
				DBC8369B19C533AF0060648A /* NSObject+MTLComparisonAdditions.h in Headers */,
				DBC8368719C533730060648A /* Mantle.h in Headers */,
				DBC8368B19C5337B0060648A /* MTLPropertyAttributes.h in Headers */,
				DBC8369819C533AF0060648A /* NSDictionary+MTLManipulationAdditions.h in Headers */,
				DBC8369D19C533AF0060648A /* NSValueTransformer+MTLPredefinedTransformerAdditions.h in Headers */,
				DBC8368819C533730060648A /* MTLModel.h in Headers */,
				DBC8369C19C533AF0060648A /* NSValueTransformer+MTLInversionAdditions.h in Headers */,
			);
			runOnlyForDeploymentPostprocessing = 0;
		};
/* End PBXHeadersBuildPhase section */

/* Begin PBXNativeTarget section */
		DBC835F919C532100060648A /* Mantle */ = {
			isa = PBXNativeTarget;
			buildConfigurationList = DBC8361019C532100060648A /* Build configuration list for PBXNativeTarget "Mantle" */;
			buildPhases = (
				DBC835F519C532100060648A /* Sources */,
				DBC835F619C532100060648A /* Frameworks */,
				DBC835F719C532100060648A /* Headers */,
				DBC835F819C532100060648A /* Resources */,
			);
			buildRules = (
			);
			dependencies = (
			);
			name = Mantle;
			productName = Mantle;
			productReference = DBC835FA19C532100060648A /* Mantle.framework */;
			productType = "com.apple.product-type.framework";
		};
		DBC8360419C532100060648A /* Mantle Tests */ = {
			isa = PBXNativeTarget;
			buildConfigurationList = DBC8361319C532100060648A /* Build configuration list for PBXNativeTarget "Mantle Tests" */;
			buildPhases = (
				DBC8360119C532100060648A /* Sources */,
				DBC8360219C532100060648A /* Frameworks */,
				DBC8360319C532100060648A /* Resources */,
			);
			buildRules = (
			);
			dependencies = (
				DBC8360819C532100060648A /* PBXTargetDependency */,
			);
			name = "Mantle Tests";
			productName = MantleTests;
			productReference = DBC8360519C532100060648A /* Mantle Tests.xctest */;
			productType = "com.apple.product-type.bundle.unit-test";
		};
		DBC8361A19C5322C0060648A /* Mantle-iOS */ = {
			isa = PBXNativeTarget;
			buildConfigurationList = DBC8362E19C5322C0060648A /* Build configuration list for PBXNativeTarget "Mantle-iOS" */;
			buildPhases = (
				DBC8361619C5322C0060648A /* Sources */,
				DBC8361719C5322C0060648A /* Frameworks */,
				DBC8361819C5322C0060648A /* Headers */,
				DBC8361919C5322C0060648A /* Resources */,
			);
			buildRules = (
			);
			dependencies = (
			);
			name = "Mantle-iOS";
			productName = "Mantle-iOS";
			productReference = DBC8361B19C5322C0060648A /* Mantle.framework */;
			productType = "com.apple.product-type.framework";
		};
		DBC8362419C5322C0060648A /* Mantle-iOS Tests */ = {
			isa = PBXNativeTarget;
			buildConfigurationList = DBC8363119C5322C0060648A /* Build configuration list for PBXNativeTarget "Mantle-iOS Tests" */;
			buildPhases = (
				DBC8362119C5322C0060648A /* Sources */,
				DBC8362219C5322C0060648A /* Frameworks */,
				DBC8362319C5322C0060648A /* Resources */,
			);
			buildRules = (
			);
			dependencies = (
				DBC8362819C5322C0060648A /* PBXTargetDependency */,
			);
			name = "Mantle-iOS Tests";
			productName = "Mantle-iOSTests";
			productReference = DBC8362519C5322C0060648A /* Mantle-iOS Tests.xctest */;
			productType = "com.apple.product-type.bundle.unit-test";
		};
/* End PBXNativeTarget section */

/* Begin PBXProject section */
		DBC835F119C532100060648A /* Project object */ = {
			isa = PBXProject;
			attributes = {
				CLASSPREFIX = MTL;
				LastUpgradeCheck = 0600;
				ORGANIZATIONNAME = GitHub;
				TargetAttributes = {
					DBC835F919C532100060648A = {
						CreatedOnToolsVersion = 6.1;
					};
					DBC8360419C532100060648A = {
						CreatedOnToolsVersion = 6.1;
					};
					DBC8361A19C5322C0060648A = {
						CreatedOnToolsVersion = 6.1;
					};
					DBC8362419C5322C0060648A = {
						CreatedOnToolsVersion = 6.1;
					};
				};
			};
			buildConfigurationList = DBC835F419C532100060648A /* Build configuration list for PBXProject "Mantle" */;
			compatibilityVersion = "Xcode 3.2";
			developmentRegion = English;
			hasScannedForEncodings = 0;
			knownRegions = (
				en,
			);
			mainGroup = DBC835F019C532100060648A;
			productRefGroup = DBC835FB19C532100060648A /* Products */;
			projectDirPath = "";
			projectRoot = "";
			targets = (
				DBC835F919C532100060648A /* Mantle */,
				DBC8360419C532100060648A /* Mantle Tests */,
				DBC8361A19C5322C0060648A /* Mantle-iOS */,
				DBC8362419C5322C0060648A /* Mantle-iOS Tests */,
			);
		};
/* End PBXProject section */

/* Begin PBXResourcesBuildPhase section */
		DBC835F819C532100060648A /* Resources */ = {
			isa = PBXResourcesBuildPhase;
			buildActionMask = 2147483647;
			files = (
			);
			runOnlyForDeploymentPostprocessing = 0;
		};
		DBC8360319C532100060648A /* Resources */ = {
			isa = PBXResourcesBuildPhase;
			buildActionMask = 2147483647;
			files = (
			);
			runOnlyForDeploymentPostprocessing = 0;
		};
		DBC8361919C5322C0060648A /* Resources */ = {
			isa = PBXResourcesBuildPhase;
			buildActionMask = 2147483647;
			files = (
			);
			runOnlyForDeploymentPostprocessing = 0;
		};
		DBC8362319C5322C0060648A /* Resources */ = {
			isa = PBXResourcesBuildPhase;
			buildActionMask = 2147483647;
			files = (
			);
			runOnlyForDeploymentPostprocessing = 0;
		};
/* End PBXResourcesBuildPhase section */

/* Begin PBXSourcesBuildPhase section */
		DBC835F519C532100060648A /* Sources */ = {
			isa = PBXSourcesBuildPhase;
			buildActionMask = 2147483647;
			files = (
				DBC8366119C533070060648A /* MTLModel+NSCoding.m in Sources */,
				DBC8367319C533070060648A /* NSError+MTLModelException.m in Sources */,
				DBC8367919C533070060648A /* NSValueTransformer+MTLPredefinedTransformerAdditions.m in Sources */,
				DBC8366B19C533070060648A /* NSArray+MTLManipulationAdditions.m in Sources */,
				DBC8365D19C533070060648A /* MTLJSONAdapter.m in Sources */,
				DBC8367719C533070060648A /* NSValueTransformer+MTLInversionAdditions.m in Sources */,
				DBC8366F19C533070060648A /* NSDictionary+MTLManipulationAdditions.m in Sources */,
				DBC8366D19C533070060648A /* NSDictionary+MTLJSONKeyPath.m in Sources */,
				DBC8365F19C533070060648A /* MTLModel.m in Sources */,
				DBC8366719C533070060648A /* MTLTransformerErrorHandling.m in Sources */,
				DBC8367519C533070060648A /* NSObject+MTLComparisonAdditions.m in Sources */,
				DBC8366519C533070060648A /* MTLReflection.m in Sources */,
				DBC8366919C533070060648A /* MTLValueTransformer.m in Sources */,
				DBC8367119C533070060648A /* NSDictionary+MTLMappingAdditions.m in Sources */,
				DBC8366319C533070060648A /* MTLPropertyAttributes.m in Sources */,
			);
			runOnlyForDeploymentPostprocessing = 0;
		};
		DBC8360119C532100060648A /* Sources */ = {
			isa = PBXSourcesBuildPhase;
			buildActionMask = 2147483647;
			files = (
				DBC836B719C533D50060648A /* MTLErrorModelExceptionTests.m in Sources */,
				DBC836BB19C533D50060648A /* MTLModelNSCodingTests.m in Sources */,
				DBC836CB19C533D50060648A /* MTLValueTransformerTests.m in Sources */,
				DBC836B919C533D50060648A /* MTLJSONAdapterTests.m in Sources */,
				DBC836BD19C533D50060648A /* MTLModelTests.m in Sources */,
				DBC836B519C533D50060648A /* MTLDictionaryMappingTests.m in Sources */,
				DBC836C119C533D50060648A /* MTLPredefinedTransformerAdditionsTests.m in Sources */,
				DBC836B119C533D50060648A /* MTLComparisonAdditionsTests.m in Sources */,
				DBC836C719C533D50060648A /* MTLTestModel.m in Sources */,
				DBC836C319C533D50060648A /* MTLPropertyAttributesTests.m in Sources */,
				DBC836BF19C533D50060648A /* MTLModelValidationTests.m in Sources */,
				DBC836AF19C533D50060648A /* MTLArrayManipulationTests.m in Sources */,
				DBC836B319C533D50060648A /* MTLDictionaryManipulationTests.m in Sources */,
				DBC836C519C533D50060648A /* MTLTestJSONAdapter.m in Sources */,
				DBC836C919C533D50060648A /* MTLValueTransformerInversionAdditionsTests.m in Sources */,
			);
			runOnlyForDeploymentPostprocessing = 0;
		};
		DBC8361619C5322C0060648A /* Sources */ = {
			isa = PBXSourcesBuildPhase;
			buildActionMask = 2147483647;
			files = (
				DBC8368619C5336E0060648A /* MTLReflection.m in Sources */,
				DBC8369219C5339A0060648A /* NSError+MTLModelException.m in Sources */,
				DBC8369519C5339A0060648A /* NSValueTransformer+MTLPredefinedTransformerAdditions.m in Sources */,
				DBC8368E19C5339A0060648A /* NSArray+MTLManipulationAdditions.m in Sources */,
				DBC8368019C533640060648A /* MTLTransformerErrorHandling.m in Sources */,
				DBC8369419C5339A0060648A /* NSValueTransformer+MTLInversionAdditions.m in Sources */,
				DBC8369019C5339A0060648A /* NSDictionary+MTLManipulationAdditions.m in Sources */,
				DBC8368F19C5339A0060648A /* NSDictionary+MTLJSONKeyPath.m in Sources */,
				DBC8368219C533670060648A /* MTLJSONAdapter.m in Sources */,
				DBC8368519C5336E0060648A /* MTLModel+NSCoding.m in Sources */,
				DBC8369319C5339A0060648A /* NSObject+MTLComparisonAdditions.m in Sources */,
				DBC8368119C533640060648A /* MTLValueTransformer.m in Sources */,
				DBC8368419C5336E0060648A /* MTLModel.m in Sources */,
				DBC8369119C5339A0060648A /* NSDictionary+MTLMappingAdditions.m in Sources */,
				DBC8368C19C5337E0060648A /* MTLPropertyAttributes.m in Sources */,
			);
			runOnlyForDeploymentPostprocessing = 0;
		};
		DBC8362119C5322C0060648A /* Sources */ = {
			isa = PBXSourcesBuildPhase;
			buildActionMask = 2147483647;
			files = (
				DBC836B819C533D50060648A /* MTLErrorModelExceptionTests.m in Sources */,
				DBC836BC19C533D50060648A /* MTLModelNSCodingTests.m in Sources */,
				DBC836CC19C533D50060648A /* MTLValueTransformerTests.m in Sources */,
				DBC836BA19C533D50060648A /* MTLJSONAdapterTests.m in Sources */,
				DBC836BE19C533D50060648A /* MTLModelTests.m in Sources */,
				DBC836B619C533D50060648A /* MTLDictionaryMappingTests.m in Sources */,
				DBC836C219C533D50060648A /* MTLPredefinedTransformerAdditionsTests.m in Sources */,
				DBC836B219C533D50060648A /* MTLComparisonAdditionsTests.m in Sources */,
				DBC836C819C533D50060648A /* MTLTestModel.m in Sources */,
				DBC836C419C533D50060648A /* MTLPropertyAttributesTests.m in Sources */,
				DBC836C019C533D50060648A /* MTLModelValidationTests.m in Sources */,
				DBC836B019C533D50060648A /* MTLArrayManipulationTests.m in Sources */,
				DBC836B419C533D50060648A /* MTLDictionaryManipulationTests.m in Sources */,
				DBC836C619C533D50060648A /* MTLTestJSONAdapter.m in Sources */,
				DBC836CA19C533D50060648A /* MTLValueTransformerInversionAdditionsTests.m in Sources */,
			);
			runOnlyForDeploymentPostprocessing = 0;
		};
/* End PBXSourcesBuildPhase section */

/* Begin PBXTargetDependency section */
		DBC8360819C532100060648A /* PBXTargetDependency */ = {
			isa = PBXTargetDependency;
			target = DBC835F919C532100060648A /* Mantle */;
			targetProxy = DBC8360719C532100060648A /* PBXContainerItemProxy */;
		};
		DBC8362819C5322C0060648A /* PBXTargetDependency */ = {
			isa = PBXTargetDependency;
			target = DBC8361A19C5322C0060648A /* Mantle-iOS */;
			targetProxy = DBC8362719C5322C0060648A /* PBXContainerItemProxy */;
		};
/* End PBXTargetDependency section */

/* Begin XCBuildConfiguration section */
		DBC8360E19C532100060648A /* Debug */ = {
			isa = XCBuildConfiguration;
			buildSettings = {
				ALWAYS_SEARCH_USER_PATHS = NO;
				CLANG_ANALYZER_SECURITY_FLOATLOOPCOUNTER = YES;
				CLANG_ANALYZER_SECURITY_INSECUREAPI_RAND = YES;
				CLANG_ANALYZER_SECURITY_INSECUREAPI_STRCPY = YES;
				CLANG_CXX_LANGUAGE_STANDARD = "gnu++0x";
				CLANG_CXX_LIBRARY = "libc++";
				CLANG_ENABLE_MODULES = YES;
				CLANG_ENABLE_OBJC_ARC = YES;
				CLANG_WARN_BOOL_CONVERSION = YES;
				CLANG_WARN_CONSTANT_CONVERSION = YES;
				CLANG_WARN_DEPRECATED_OBJC_IMPLEMENTATIONS = YES;
				CLANG_WARN_DIRECT_OBJC_ISA_USAGE = YES_ERROR;
				CLANG_WARN_EMPTY_BODY = YES;
				CLANG_WARN_ENUM_CONVERSION = YES;
				CLANG_WARN_INT_CONVERSION = YES;
				CLANG_WARN_OBJC_IMPLICIT_RETAIN_SELF = YES;
				CLANG_WARN_OBJC_REPEATED_USE_OF_WEAK = YES;
				CLANG_WARN_OBJC_ROOT_CLASS = YES_ERROR;
				CLANG_WARN_SUSPICIOUS_IMPLICIT_CONVERSION = YES;
				CLANG_WARN_UNREACHABLE_CODE = YES;
				CLANG_WARN__DUPLICATE_METHOD_MATCH = YES;
				CURRENT_PROJECT_VERSION = 1;
				DEAD_CODE_STRIPPING = NO;
				DEBUG_INFORMATION_FORMAT = "dwarf-with-dsym";
				ENABLE_STRICT_OBJC_MSGSEND = YES;
				GCC_C_LANGUAGE_STANDARD = gnu99;
				GCC_OPTIMIZATION_LEVEL = 0;
				GCC_PREPROCESSOR_DEFINITIONS = (
					"DEBUG=1",
					"$(inherited)",
				);
				GCC_SYMBOLS_PRIVATE_EXTERN = NO;
				GCC_THREADSAFE_STATICS = NO;
				GCC_TREAT_WARNINGS_AS_ERRORS = YES;
				GCC_WARN_64_TO_32_BIT_CONVERSION = YES;
				GCC_WARN_ABOUT_MISSING_FIELD_INITIALIZERS = YES;
				GCC_WARN_ABOUT_MISSING_NEWLINE = YES;
				GCC_WARN_ABOUT_MISSING_PROTOTYPES = YES;
				GCC_WARN_ABOUT_RETURN_TYPE = YES_ERROR;
				GCC_WARN_FOUR_CHARACTER_CONSTANTS = YES;
				GCC_WARN_INITIALIZER_NOT_FULLY_BRACKETED = YES;
				GCC_WARN_SIGN_COMPARE = YES;
				GCC_WARN_UNDECLARED_SELECTOR = YES;
				GCC_WARN_UNINITIALIZED_AUTOS = YES_AGGRESSIVE;
				GCC_WARN_UNUSED_FUNCTION = YES;
				GCC_WARN_UNUSED_LABEL = YES;
				GCC_WARN_UNUSED_PARAMETER = YES;
				GCC_WARN_UNUSED_VARIABLE = YES;
				IPHONEOS_DEPLOYMENT_TARGET = 6.0;
				MACOSX_DEPLOYMENT_TARGET = 10.8;
				ONLY_ACTIVE_ARCH = YES;
				OTHER_CFLAGS = "-ftrapv";
				OTHER_CODE_SIGN_FLAGS = "--timestamp=none";
				RUN_CLANG_STATIC_ANALYZER = YES;
				STRIP_INSTALLED_PRODUCT = NO;
				VERSIONING_SYSTEM = "apple-generic";
				VERSION_INFO_PREFIX = "";
				WARNING_CFLAGS = (
					"-Wall",
					"-Wextra",
					"-Wfloat-equal",
					"-Wundef",
					"-Wno-error=unknown-warning-option",
					"-Wno-gcc-compat",
					"-Wno-unused-const-variable",
					"-Wreturn-type",
					"-Wshadow",
				);
			};
			name = Debug;
		};
		DBC8360F19C532100060648A /* Release */ = {
			isa = XCBuildConfiguration;
			buildSettings = {
				ALWAYS_SEARCH_USER_PATHS = NO;
				CLANG_ANALYZER_SECURITY_FLOATLOOPCOUNTER = YES;
				CLANG_ANALYZER_SECURITY_INSECUREAPI_RAND = YES;
				CLANG_ANALYZER_SECURITY_INSECUREAPI_STRCPY = YES;
				CLANG_CXX_LANGUAGE_STANDARD = "gnu++0x";
				CLANG_CXX_LIBRARY = "libc++";
				CLANG_ENABLE_MODULES = YES;
				CLANG_ENABLE_OBJC_ARC = YES;
				CLANG_WARN_BOOL_CONVERSION = YES;
				CLANG_WARN_CONSTANT_CONVERSION = YES;
				CLANG_WARN_DEPRECATED_OBJC_IMPLEMENTATIONS = YES;
				CLANG_WARN_DIRECT_OBJC_ISA_USAGE = YES_ERROR;
				CLANG_WARN_EMPTY_BODY = YES;
				CLANG_WARN_ENUM_CONVERSION = YES;
				CLANG_WARN_INT_CONVERSION = YES;
				CLANG_WARN_OBJC_IMPLICIT_RETAIN_SELF = YES;
				CLANG_WARN_OBJC_REPEATED_USE_OF_WEAK = YES;
				CLANG_WARN_OBJC_ROOT_CLASS = YES_ERROR;
				CLANG_WARN_SUSPICIOUS_IMPLICIT_CONVERSION = YES;
				CLANG_WARN_UNREACHABLE_CODE = YES;
				CLANG_WARN__DUPLICATE_METHOD_MATCH = YES;
				CURRENT_PROJECT_VERSION = 1;
				DEAD_CODE_STRIPPING = NO;
				DEBUG_INFORMATION_FORMAT = "dwarf-with-dsym";
				ENABLE_NS_ASSERTIONS = NO;
				ENABLE_STRICT_OBJC_MSGSEND = YES;
				GCC_C_LANGUAGE_STANDARD = gnu99;
				GCC_PREPROCESSOR_DEFINITIONS = NDEBUG;
				GCC_THREADSAFE_STATICS = NO;
				GCC_TREAT_WARNINGS_AS_ERRORS = YES;
				GCC_WARN_64_TO_32_BIT_CONVERSION = YES;
				GCC_WARN_ABOUT_MISSING_FIELD_INITIALIZERS = YES;
				GCC_WARN_ABOUT_MISSING_NEWLINE = YES;
				GCC_WARN_ABOUT_MISSING_PROTOTYPES = YES;
				GCC_WARN_ABOUT_RETURN_TYPE = YES_ERROR;
				GCC_WARN_FOUR_CHARACTER_CONSTANTS = YES;
				GCC_WARN_INITIALIZER_NOT_FULLY_BRACKETED = YES;
				GCC_WARN_SIGN_COMPARE = YES;
				GCC_WARN_UNDECLARED_SELECTOR = YES;
				GCC_WARN_UNINITIALIZED_AUTOS = YES_AGGRESSIVE;
				GCC_WARN_UNUSED_FUNCTION = YES;
				GCC_WARN_UNUSED_LABEL = YES;
				GCC_WARN_UNUSED_PARAMETER = YES;
				GCC_WARN_UNUSED_VARIABLE = YES;
				IPHONEOS_DEPLOYMENT_TARGET = 6.0;
				MACOSX_DEPLOYMENT_TARGET = 10.8;
				RUN_CLANG_STATIC_ANALYZER = YES;
				VALIDATE_PRODUCT = YES;
				VERSIONING_SYSTEM = "apple-generic";
				VERSION_INFO_PREFIX = "";
				WARNING_CFLAGS = (
					"-Wall",
					"-Wextra",
					"-Wfloat-equal",
					"-Wundef",
					"-Wno-error=unknown-warning-option",
					"-Wno-gcc-compat",
					"-Wno-unused-const-variable",
					"-Wreturn-type",
					"-Wshadow",
				);
			};
			name = Release;
		};
		DBC8361119C532100060648A /* Debug */ = {
			isa = XCBuildConfiguration;
			buildSettings = {
				APPLICATION_EXTENSION_API_ONLY = YES;
				COMBINE_HIDPI_IMAGES = YES;
				DEFINES_MODULE = YES;
				DYLIB_COMPATIBILITY_VERSION = 1;
				DYLIB_CURRENT_VERSION = 1;
				DYLIB_INSTALL_NAME_BASE = "@rpath";
				FRAMEWORK_VERSION = A;
				INFOPLIST_FILE = Mantle/Info.plist;
				INSTALL_PATH = "@rpath";
				LD_RUNPATH_SEARCH_PATHS = "$(inherited) @executable_path/../Frameworks @loader_path/Frameworks";
				PRODUCT_NAME = "$(TARGET_NAME)";
				SDKROOT = macosx;
				SKIP_INSTALL = YES;
				USER_HEADER_SEARCH_PATHS = "./**";
				VALID_ARCHS = x86_64;
			};
			name = Debug;
		};
		DBC8361219C532100060648A /* Release */ = {
			isa = XCBuildConfiguration;
			buildSettings = {
				APPLICATION_EXTENSION_API_ONLY = YES;
				COMBINE_HIDPI_IMAGES = YES;
				DEFINES_MODULE = YES;
				DYLIB_COMPATIBILITY_VERSION = 1;
				DYLIB_CURRENT_VERSION = 1;
				DYLIB_INSTALL_NAME_BASE = "@rpath";
				FRAMEWORK_VERSION = A;
				INFOPLIST_FILE = Mantle/Info.plist;
				INSTALL_PATH = "@rpath";
				LD_RUNPATH_SEARCH_PATHS = "$(inherited) @executable_path/../Frameworks @loader_path/Frameworks";
				PRODUCT_NAME = "$(TARGET_NAME)";
				SDKROOT = macosx;
				SKIP_INSTALL = YES;
				USER_HEADER_SEARCH_PATHS = "./**";
				VALID_ARCHS = x86_64;
			};
			name = Release;
		};
		DBC8361419C532100060648A /* Debug */ = {
			isa = XCBuildConfiguration;
			buildSettings = {
				COMBINE_HIDPI_IMAGES = YES;
				FRAMEWORK_SEARCH_PATHS = (
					"$(DEVELOPER_FRAMEWORKS_DIR)",
					"$(inherited)",
				);
				GCC_DYNAMIC_NO_PIC = YES;
				GCC_PREPROCESSOR_DEFINITIONS = (
					"DEBUG=1",
					"$(inherited)",
				);
				INFOPLIST_FILE = MantleTests/Info.plist;
				LD_RUNPATH_SEARCH_PATHS = "$(inherited) @executable_path/../Frameworks @loader_path/../Frameworks";
				MACOSX_DEPLOYMENT_TARGET = 10.9;
				PRODUCT_NAME = "$(TARGET_NAME)";
				SDKROOT = macosx;
				VALID_ARCHS = x86_64;
			};
			name = Debug;
		};
		DBC8361519C532100060648A /* Release */ = {
			isa = XCBuildConfiguration;
			buildSettings = {
				COMBINE_HIDPI_IMAGES = YES;
				FRAMEWORK_SEARCH_PATHS = (
					"$(DEVELOPER_FRAMEWORKS_DIR)",
					"$(inherited)",
				);
				GCC_DYNAMIC_NO_PIC = YES;
				INFOPLIST_FILE = MantleTests/Info.plist;
				LD_RUNPATH_SEARCH_PATHS = "$(inherited) @executable_path/../Frameworks @loader_path/../Frameworks";
				MACOSX_DEPLOYMENT_TARGET = 10.9;
				PRODUCT_NAME = "$(TARGET_NAME)";
				SDKROOT = macosx;
				VALID_ARCHS = x86_64;
			};
			name = Release;
		};
		DBC8362F19C5322C0060648A /* Debug */ = {
			isa = XCBuildConfiguration;
			buildSettings = {
				"CODE_SIGN_IDENTITY[sdk=iphoneos*]" = "iPhone Developer";
				DEFINES_MODULE = YES;
				DYLIB_COMPATIBILITY_VERSION = 1;
				DYLIB_CURRENT_VERSION = 1;
				DYLIB_INSTALL_NAME_BASE = "@rpath";
				GCC_PREPROCESSOR_DEFINITIONS = (
					"DEBUG=1",
					"$(inherited)",
				);
				INFOPLIST_FILE = Mantle/Info.plist;
				INSTALL_PATH = "$(LOCAL_LIBRARY_DIR)/Frameworks";
				IPHONEOS_DEPLOYMENT_TARGET = 8.0;
				LD_RUNPATH_SEARCH_PATHS = "$(inherited) @executable_path/Frameworks @loader_path/Frameworks";
				ONLY_ACTIVE_ARCH = NO;
				PRODUCT_NAME = Mantle;
				SDKROOT = iphoneos;
				SKIP_INSTALL = YES;
				TARGETED_DEVICE_FAMILY = "1,2";
				USER_HEADER_SEARCH_PATHS = "./**";
			};
			name = Debug;
		};
		DBC8363019C5322C0060648A /* Release */ = {
			isa = XCBuildConfiguration;
			buildSettings = {
				"CODE_SIGN_IDENTITY[sdk=iphoneos*]" = "iPhone Developer";
				DEFINES_MODULE = YES;
				DYLIB_COMPATIBILITY_VERSION = 1;
				DYLIB_CURRENT_VERSION = 1;
				DYLIB_INSTALL_NAME_BASE = "@rpath";
				INFOPLIST_FILE = Mantle/Info.plist;
				INSTALL_PATH = "$(LOCAL_LIBRARY_DIR)/Frameworks";
				IPHONEOS_DEPLOYMENT_TARGET = 8.0;
				LD_RUNPATH_SEARCH_PATHS = "$(inherited) @executable_path/Frameworks @loader_path/Frameworks";
				ONLY_ACTIVE_ARCH = NO;
				PRODUCT_NAME = Mantle;
				SDKROOT = iphoneos;
				SKIP_INSTALL = YES;
				TARGETED_DEVICE_FAMILY = "1,2";
				USER_HEADER_SEARCH_PATHS = "./**";
			};
			name = Release;
		};
		DBC8363219C5322C0060648A /* Debug */ = {
			isa = XCBuildConfiguration;
			buildSettings = {
				FRAMEWORK_SEARCH_PATHS = (
					"$(SDKROOT)/Developer/Library/Frameworks",
					"$(inherited)",
				);
				GCC_PREPROCESSOR_DEFINITIONS = (
					"DEBUG=1",
					"$(inherited)",
				);
				INFOPLIST_FILE = "Mantle-iOSTests/Info.plist";
				IPHONEOS_DEPLOYMENT_TARGET = 7.0;
				LD_RUNPATH_SEARCH_PATHS = "$(inherited) @executable_path/Frameworks @loader_path/Frameworks";
				ONLY_ACTIVE_ARCH = NO;
				PRODUCT_NAME = "$(TARGET_NAME)";
				SDKROOT = iphoneos;
			};
			name = Debug;
		};
		DBC8363319C5322C0060648A /* Release */ = {
			isa = XCBuildConfiguration;
			buildSettings = {
				FRAMEWORK_SEARCH_PATHS = (
					"$(SDKROOT)/Developer/Library/Frameworks",
					"$(inherited)",
				);
				INFOPLIST_FILE = "Mantle-iOSTests/Info.plist";
				IPHONEOS_DEPLOYMENT_TARGET = 7.0;
				LD_RUNPATH_SEARCH_PATHS = "$(inherited) @executable_path/Frameworks @loader_path/Frameworks";
				ONLY_ACTIVE_ARCH = NO;
				PRODUCT_NAME = "$(TARGET_NAME)";
				SDKROOT = iphoneos;
			};
			name = Release;
		};
		DBC8363419C532C60060648A /* Test */ = {
			isa = XCBuildConfiguration;
			buildSettings = {
				ALWAYS_SEARCH_USER_PATHS = NO;
				CLANG_ANALYZER_SECURITY_FLOATLOOPCOUNTER = YES;
				CLANG_ANALYZER_SECURITY_INSECUREAPI_RAND = YES;
				CLANG_ANALYZER_SECURITY_INSECUREAPI_STRCPY = YES;
				CLANG_CXX_LANGUAGE_STANDARD = "gnu++0x";
				CLANG_CXX_LIBRARY = "libc++";
				CLANG_ENABLE_MODULES = YES;
				CLANG_ENABLE_OBJC_ARC = YES;
				CLANG_WARN_BOOL_CONVERSION = YES;
				CLANG_WARN_CONSTANT_CONVERSION = YES;
				CLANG_WARN_DEPRECATED_OBJC_IMPLEMENTATIONS = YES;
				CLANG_WARN_DIRECT_OBJC_ISA_USAGE = YES_ERROR;
				CLANG_WARN_EMPTY_BODY = YES;
				CLANG_WARN_ENUM_CONVERSION = YES;
				CLANG_WARN_INT_CONVERSION = YES;
				CLANG_WARN_OBJC_IMPLICIT_RETAIN_SELF = YES;
				CLANG_WARN_OBJC_REPEATED_USE_OF_WEAK = YES;
				CLANG_WARN_OBJC_ROOT_CLASS = YES_ERROR;
				CLANG_WARN_SUSPICIOUS_IMPLICIT_CONVERSION = YES;
				CLANG_WARN_UNREACHABLE_CODE = YES;
				CLANG_WARN__DUPLICATE_METHOD_MATCH = YES;
				CURRENT_PROJECT_VERSION = 1;
				DEAD_CODE_STRIPPING = NO;
				DEBUG_INFORMATION_FORMAT = "dwarf-with-dsym";
				ENABLE_STRICT_OBJC_MSGSEND = YES;
				GCC_C_LANGUAGE_STANDARD = gnu99;
				GCC_OPTIMIZATION_LEVEL = 0;
				GCC_PREPROCESSOR_DEFINITIONS = (
					"DEBUG=1",
					"$(inherited)",
				);
				GCC_SYMBOLS_PRIVATE_EXTERN = NO;
				GCC_THREADSAFE_STATICS = NO;
				GCC_TREAT_WARNINGS_AS_ERRORS = YES;
				GCC_WARN_64_TO_32_BIT_CONVERSION = YES;
				GCC_WARN_ABOUT_MISSING_FIELD_INITIALIZERS = YES;
				GCC_WARN_ABOUT_MISSING_NEWLINE = YES;
				GCC_WARN_ABOUT_MISSING_PROTOTYPES = YES;
				GCC_WARN_ABOUT_RETURN_TYPE = YES_ERROR;
				GCC_WARN_FOUR_CHARACTER_CONSTANTS = YES;
				GCC_WARN_INITIALIZER_NOT_FULLY_BRACKETED = YES;
				GCC_WARN_SIGN_COMPARE = YES;
				GCC_WARN_UNDECLARED_SELECTOR = YES;
				GCC_WARN_UNINITIALIZED_AUTOS = YES_AGGRESSIVE;
				GCC_WARN_UNUSED_FUNCTION = YES;
				GCC_WARN_UNUSED_LABEL = YES;
				GCC_WARN_UNUSED_PARAMETER = YES;
				GCC_WARN_UNUSED_VARIABLE = YES;
				IPHONEOS_DEPLOYMENT_TARGET = 6.0;
				MACOSX_DEPLOYMENT_TARGET = 10.8;
				ONLY_ACTIVE_ARCH = YES;
				OTHER_CFLAGS = "-ftrapv";
				OTHER_CODE_SIGN_FLAGS = "--timestamp=none";
				RUN_CLANG_STATIC_ANALYZER = YES;
				STRIP_INSTALLED_PRODUCT = NO;
				VERSIONING_SYSTEM = "apple-generic";
				VERSION_INFO_PREFIX = "";
				WARNING_CFLAGS = (
					"-Wall",
					"-Wextra",
					"-Wfloat-equal",
					"-Wundef",
					"-Wno-error=unknown-warning-option",
					"-Wno-gcc-compat",
					"-Wno-unused-const-variable",
					"-Wreturn-type",
					"-Wshadow",
				);
			};
			name = Test;
		};
		DBC8363519C532C60060648A /* Test */ = {
			isa = XCBuildConfiguration;
			buildSettings = {
				APPLICATION_EXTENSION_API_ONLY = YES;
				COMBINE_HIDPI_IMAGES = YES;
				DEFINES_MODULE = YES;
				DYLIB_COMPATIBILITY_VERSION = 1;
				DYLIB_CURRENT_VERSION = 1;
				DYLIB_INSTALL_NAME_BASE = "@rpath";
				FRAMEWORK_VERSION = A;
				INFOPLIST_FILE = Mantle/Info.plist;
				INSTALL_PATH = "@rpath";
				LD_RUNPATH_SEARCH_PATHS = "$(inherited) @executable_path/../Frameworks @loader_path/Frameworks";
				PRODUCT_NAME = "$(TARGET_NAME)";
				SDKROOT = macosx;
				SKIP_INSTALL = YES;
				USER_HEADER_SEARCH_PATHS = "./**";
				VALID_ARCHS = x86_64;
			};
			name = Test;
		};
		DBC8363619C532C60060648A /* Test */ = {
			isa = XCBuildConfiguration;
			buildSettings = {
				COMBINE_HIDPI_IMAGES = YES;
				FRAMEWORK_SEARCH_PATHS = (
					"$(DEVELOPER_FRAMEWORKS_DIR)",
					"$(inherited)",
				);
				GCC_DYNAMIC_NO_PIC = YES;
				GCC_PREPROCESSOR_DEFINITIONS = (
					"DEBUG=1",
					"$(inherited)",
				);
				INFOPLIST_FILE = MantleTests/Info.plist;
				LD_RUNPATH_SEARCH_PATHS = "$(inherited) @executable_path/../Frameworks @loader_path/../Frameworks";
				MACOSX_DEPLOYMENT_TARGET = 10.9;
				PRODUCT_NAME = "$(TARGET_NAME)";
				SDKROOT = macosx;
				VALID_ARCHS = x86_64;
			};
			name = Test;
		};
		DBC8363719C532C60060648A /* Test */ = {
			isa = XCBuildConfiguration;
			buildSettings = {
				"CODE_SIGN_IDENTITY[sdk=iphoneos*]" = "iPhone Developer";
				DEFINES_MODULE = YES;
				DYLIB_COMPATIBILITY_VERSION = 1;
				DYLIB_CURRENT_VERSION = 1;
				DYLIB_INSTALL_NAME_BASE = "@rpath";
				GCC_PREPROCESSOR_DEFINITIONS = (
					"DEBUG=1",
					"$(inherited)",
				);
				INFOPLIST_FILE = Mantle/Info.plist;
				INSTALL_PATH = "$(LOCAL_LIBRARY_DIR)/Frameworks";
				IPHONEOS_DEPLOYMENT_TARGET = 8.0;
				LD_RUNPATH_SEARCH_PATHS = "$(inherited) @executable_path/Frameworks @loader_path/Frameworks";
				ONLY_ACTIVE_ARCH = NO;
				PRODUCT_NAME = Mantle;
				SDKROOT = iphoneos;
				SKIP_INSTALL = YES;
				TARGETED_DEVICE_FAMILY = "1,2";
				USER_HEADER_SEARCH_PATHS = "./**";
			};
			name = Test;
		};
		DBC8363819C532C60060648A /* Test */ = {
			isa = XCBuildConfiguration;
			buildSettings = {
				FRAMEWORK_SEARCH_PATHS = (
					"$(SDKROOT)/Developer/Library/Frameworks",
					"$(inherited)",
				);
				GCC_PREPROCESSOR_DEFINITIONS = (
					"DEBUG=1",
					"$(inherited)",
				);
				INFOPLIST_FILE = "Mantle-iOSTests/Info.plist";
				IPHONEOS_DEPLOYMENT_TARGET = 7.0;
				LD_RUNPATH_SEARCH_PATHS = "$(inherited) @executable_path/Frameworks @loader_path/Frameworks";
				ONLY_ACTIVE_ARCH = NO;
				PRODUCT_NAME = "$(TARGET_NAME)";
				SDKROOT = iphoneos;
			};
			name = Test;
		};
		DBC8363919C532C90060648A /* Profile */ = {
			isa = XCBuildConfiguration;
			buildSettings = {
				ALWAYS_SEARCH_USER_PATHS = NO;
				CLANG_ANALYZER_SECURITY_FLOATLOOPCOUNTER = YES;
				CLANG_ANALYZER_SECURITY_INSECUREAPI_RAND = YES;
				CLANG_ANALYZER_SECURITY_INSECUREAPI_STRCPY = YES;
				CLANG_CXX_LANGUAGE_STANDARD = "gnu++0x";
				CLANG_CXX_LIBRARY = "libc++";
				CLANG_ENABLE_MODULES = YES;
				CLANG_ENABLE_OBJC_ARC = YES;
				CLANG_WARN_BOOL_CONVERSION = YES;
				CLANG_WARN_CONSTANT_CONVERSION = YES;
				CLANG_WARN_DEPRECATED_OBJC_IMPLEMENTATIONS = YES;
				CLANG_WARN_DIRECT_OBJC_ISA_USAGE = YES_ERROR;
				CLANG_WARN_EMPTY_BODY = YES;
				CLANG_WARN_ENUM_CONVERSION = YES;
				CLANG_WARN_INT_CONVERSION = YES;
				CLANG_WARN_OBJC_IMPLICIT_RETAIN_SELF = YES;
				CLANG_WARN_OBJC_REPEATED_USE_OF_WEAK = YES;
				CLANG_WARN_OBJC_ROOT_CLASS = YES_ERROR;
				CLANG_WARN_SUSPICIOUS_IMPLICIT_CONVERSION = YES;
				CLANG_WARN_UNREACHABLE_CODE = YES;
				CLANG_WARN__DUPLICATE_METHOD_MATCH = YES;
				COPY_PHASE_STRIP = NO;
				CURRENT_PROJECT_VERSION = 1;
				DEAD_CODE_STRIPPING = NO;
				DEBUG_INFORMATION_FORMAT = "dwarf-with-dsym";
				ENABLE_NS_ASSERTIONS = NO;
				ENABLE_STRICT_OBJC_MSGSEND = YES;
				GCC_C_LANGUAGE_STANDARD = gnu99;
				GCC_PREPROCESSOR_DEFINITIONS = NDEBUG;
				GCC_THREADSAFE_STATICS = NO;
				GCC_TREAT_WARNINGS_AS_ERRORS = YES;
				GCC_WARN_64_TO_32_BIT_CONVERSION = YES;
				GCC_WARN_ABOUT_MISSING_FIELD_INITIALIZERS = YES;
				GCC_WARN_ABOUT_MISSING_NEWLINE = YES;
				GCC_WARN_ABOUT_MISSING_PROTOTYPES = YES;
				GCC_WARN_ABOUT_RETURN_TYPE = YES_ERROR;
				GCC_WARN_FOUR_CHARACTER_CONSTANTS = YES;
				GCC_WARN_INITIALIZER_NOT_FULLY_BRACKETED = YES;
				GCC_WARN_SIGN_COMPARE = YES;
				GCC_WARN_UNDECLARED_SELECTOR = YES;
				GCC_WARN_UNINITIALIZED_AUTOS = YES_AGGRESSIVE;
				GCC_WARN_UNUSED_FUNCTION = YES;
				GCC_WARN_UNUSED_LABEL = YES;
				GCC_WARN_UNUSED_PARAMETER = YES;
				GCC_WARN_UNUSED_VARIABLE = YES;
				IPHONEOS_DEPLOYMENT_TARGET = 6.0;
				MACOSX_DEPLOYMENT_TARGET = 10.8;
				ONLY_ACTIVE_ARCH = YES;
				OTHER_CODE_SIGN_FLAGS = "--timestamp=none";
				RUN_CLANG_STATIC_ANALYZER = YES;
				STRIP_INSTALLED_PRODUCT = NO;
				VERSIONING_SYSTEM = "apple-generic";
				VERSION_INFO_PREFIX = "";
				WARNING_CFLAGS = (
					"-Wall",
					"-Wextra",
					"-Wfloat-equal",
					"-Wundef",
					"-Wno-error=unknown-warning-option",
					"-Wno-gcc-compat",
					"-Wno-unused-const-variable",
					"-Wreturn-type",
					"-Wshadow",
				);
			};
			name = Profile;
		};
		DBC8363A19C532C90060648A /* Profile */ = {
			isa = XCBuildConfiguration;
			buildSettings = {
				APPLICATION_EXTENSION_API_ONLY = YES;
				COMBINE_HIDPI_IMAGES = YES;
				DEFINES_MODULE = YES;
				DYLIB_COMPATIBILITY_VERSION = 1;
				DYLIB_CURRENT_VERSION = 1;
				DYLIB_INSTALL_NAME_BASE = "@rpath";
				FRAMEWORK_VERSION = A;
				INFOPLIST_FILE = Mantle/Info.plist;
				INSTALL_PATH = "@rpath";
				LD_RUNPATH_SEARCH_PATHS = "$(inherited) @executable_path/../Frameworks @loader_path/Frameworks";
				PRODUCT_NAME = "$(TARGET_NAME)";
				SDKROOT = macosx;
				SKIP_INSTALL = YES;
				USER_HEADER_SEARCH_PATHS = "./**";
				VALID_ARCHS = x86_64;
			};
			name = Profile;
		};
		DBC8363B19C532C90060648A /* Profile */ = {
			isa = XCBuildConfiguration;
			buildSettings = {
				COMBINE_HIDPI_IMAGES = YES;
				FRAMEWORK_SEARCH_PATHS = (
					"$(DEVELOPER_FRAMEWORKS_DIR)",
					"$(inherited)",
				);
				GCC_DYNAMIC_NO_PIC = YES;
				INFOPLIST_FILE = MantleTests/Info.plist;
				LD_RUNPATH_SEARCH_PATHS = "$(inherited) @executable_path/../Frameworks @loader_path/../Frameworks";
				MACOSX_DEPLOYMENT_TARGET = 10.9;
				PRODUCT_NAME = "$(TARGET_NAME)";
				SDKROOT = macosx;
				VALID_ARCHS = x86_64;
			};
			name = Profile;
		};
		DBC8363C19C532C90060648A /* Profile */ = {
			isa = XCBuildConfiguration;
			buildSettings = {
				"CODE_SIGN_IDENTITY[sdk=iphoneos*]" = "iPhone Developer";
				DEFINES_MODULE = YES;
				DYLIB_COMPATIBILITY_VERSION = 1;
				DYLIB_CURRENT_VERSION = 1;
				DYLIB_INSTALL_NAME_BASE = "@rpath";
				INFOPLIST_FILE = Mantle/Info.plist;
				INSTALL_PATH = "$(LOCAL_LIBRARY_DIR)/Frameworks";
				IPHONEOS_DEPLOYMENT_TARGET = 8.0;
				LD_RUNPATH_SEARCH_PATHS = "$(inherited) @executable_path/Frameworks @loader_path/Frameworks";
				ONLY_ACTIVE_ARCH = NO;
				PRODUCT_NAME = Mantle;
				SDKROOT = iphoneos;
				SKIP_INSTALL = YES;
				TARGETED_DEVICE_FAMILY = "1,2";
				USER_HEADER_SEARCH_PATHS = "./**";
			};
			name = Profile;
		};
		DBC8363D19C532C90060648A /* Profile */ = {
			isa = XCBuildConfiguration;
			buildSettings = {
				FRAMEWORK_SEARCH_PATHS = (
					"$(SDKROOT)/Developer/Library/Frameworks",
					"$(inherited)",
				);
				INFOPLIST_FILE = "Mantle-iOSTests/Info.plist";
				IPHONEOS_DEPLOYMENT_TARGET = 7.0;
				LD_RUNPATH_SEARCH_PATHS = "$(inherited) @executable_path/Frameworks @loader_path/Frameworks";
				ONLY_ACTIVE_ARCH = NO;
				PRODUCT_NAME = "$(TARGET_NAME)";
				SDKROOT = iphoneos;
			};
			name = Profile;
		};
/* End XCBuildConfiguration section */

/* Begin XCConfigurationList section */
		DBC835F419C532100060648A /* Build configuration list for PBXProject "Mantle" */ = {
			isa = XCConfigurationList;
			buildConfigurations = (
				DBC8360E19C532100060648A /* Debug */,
				DBC8363419C532C60060648A /* Test */,
				DBC8360F19C532100060648A /* Release */,
				DBC8363919C532C90060648A /* Profile */,
			);
			defaultConfigurationIsVisible = 0;
			defaultConfigurationName = Release;
		};
		DBC8361019C532100060648A /* Build configuration list for PBXNativeTarget "Mantle" */ = {
			isa = XCConfigurationList;
			buildConfigurations = (
				DBC8361119C532100060648A /* Debug */,
				DBC8363519C532C60060648A /* Test */,
				DBC8361219C532100060648A /* Release */,
				DBC8363A19C532C90060648A /* Profile */,
			);
			defaultConfigurationIsVisible = 0;
			defaultConfigurationName = Release;
		};
		DBC8361319C532100060648A /* Build configuration list for PBXNativeTarget "Mantle Tests" */ = {
			isa = XCConfigurationList;
			buildConfigurations = (
				DBC8361419C532100060648A /* Debug */,
				DBC8363619C532C60060648A /* Test */,
				DBC8361519C532100060648A /* Release */,
				DBC8363B19C532C90060648A /* Profile */,
			);
			defaultConfigurationIsVisible = 0;
			defaultConfigurationName = Release;
		};
		DBC8362E19C5322C0060648A /* Build configuration list for PBXNativeTarget "Mantle-iOS" */ = {
			isa = XCConfigurationList;
			buildConfigurations = (
				DBC8362F19C5322C0060648A /* Debug */,
				DBC8363719C532C60060648A /* Test */,
				DBC8363019C5322C0060648A /* Release */,
				DBC8363C19C532C90060648A /* Profile */,
			);
			defaultConfigurationIsVisible = 0;
			defaultConfigurationName = Release;
		};
		DBC8363119C5322C0060648A /* Build configuration list for PBXNativeTarget "Mantle-iOS Tests" */ = {
			isa = XCConfigurationList;
			buildConfigurations = (
				DBC8363219C5322C0060648A /* Debug */,
				DBC8363819C532C60060648A /* Test */,
				DBC8363319C5322C0060648A /* Release */,
				DBC8363D19C532C90060648A /* Profile */,
			);
			defaultConfigurationIsVisible = 0;
			defaultConfigurationName = Release;
		};
/* End XCConfigurationList section */
	};
	rootObject = DBC835F119C532100060648A /* Project object */;
}
