// !$*UTF8*$!
{
	archiveVersion = 1;
	classes = {
	};
	objectVersion = 46;
	objects = {

/* Begin PBXBuildFile section */
		1ED5B5D0163A4E3C0072668E /* NSObject+MTLComparisonAdditions.h in Headers */ = {isa = PBXBuildFile; fileRef = 1ED5B5CE163A4E3C0072668E /* NSObject+MTLComparisonAdditions.h */; settings = {ATTRIBUTES = (Public, ); }; };
		1ED5B5D1163A4E3C0072668E /* NSObject+MTLComparisonAdditions.m in Sources */ = {isa = PBXBuildFile; fileRef = 1ED5B5CF163A4E3C0072668E /* NSObject+MTLComparisonAdditions.m */; };
		1ED5B5D2163A4E3C0072668E /* NSObject+MTLComparisonAdditions.m in Sources */ = {isa = PBXBuildFile; fileRef = 1ED5B5CF163A4E3C0072668E /* NSObject+MTLComparisonAdditions.m */; };
		547165A41801977000E734DB /* MTLTransformerErrorHandling.h in Headers */ = {isa = PBXBuildFile; fileRef = 547165A31801977000E734DB /* MTLTransformerErrorHandling.h */; settings = {ATTRIBUTES = (Public, ); }; };
		547165A51801977000E734DB /* MTLTransformerErrorHandling.h in Headers */ = {isa = PBXBuildFile; fileRef = 547165A31801977000E734DB /* MTLTransformerErrorHandling.h */; settings = {ATTRIBUTES = (Public, ); }; };
		547F784C1821117500BBAB7B /* MTLTransformerErrorHandling.m in Sources */ = {isa = PBXBuildFile; fileRef = 5487912318210717007F8347 /* MTLTransformerErrorHandling.m */; };
		547F78551822BCFD00BBAB7B /* NSDictionary+MTLMappingAdditions.h in Headers */ = {isa = PBXBuildFile; fileRef = 547F78531822BCFD00BBAB7B /* NSDictionary+MTLMappingAdditions.h */; settings = {ATTRIBUTES = (Public, ); }; };
		547F78561822BCFD00BBAB7B /* NSDictionary+MTLMappingAdditions.h in Headers */ = {isa = PBXBuildFile; fileRef = 547F78531822BCFD00BBAB7B /* NSDictionary+MTLMappingAdditions.h */; settings = {ATTRIBUTES = (Public, ); }; };
		547F78571822BCFD00BBAB7B /* NSDictionary+MTLMappingAdditions.m in Sources */ = {isa = PBXBuildFile; fileRef = 547F78541822BCFD00BBAB7B /* NSDictionary+MTLMappingAdditions.m */; };
		547F78581822BCFD00BBAB7B /* NSDictionary+MTLMappingAdditions.m in Sources */ = {isa = PBXBuildFile; fileRef = 547F78541822BCFD00BBAB7B /* NSDictionary+MTLMappingAdditions.m */; };
		54803A34178829A800011B39 /* NSError+MTLModelException.m in Sources */ = {isa = PBXBuildFile; fileRef = 54803A31178829A700011B39 /* NSError+MTLModelException.m */; };
		54803A35178829A800011B39 /* NSError+MTLModelException.m in Sources */ = {isa = PBXBuildFile; fileRef = 54803A31178829A700011B39 /* NSError+MTLModelException.m */; };
		5487912418210717007F8347 /* MTLTransformerErrorHandling.m in Sources */ = {isa = PBXBuildFile; fileRef = 5487912318210717007F8347 /* MTLTransformerErrorHandling.m */; };
		54EDCD0C18D9B34F005796FC /* NSDictionary+MTLJSONKeyPath.m in Sources */ = {isa = PBXBuildFile; fileRef = 54EDCD0918D9B34F005796FC /* NSDictionary+MTLJSONKeyPath.m */; };
		54EDCD0D18D9B34F005796FC /* NSDictionary+MTLJSONKeyPath.m in Sources */ = {isa = PBXBuildFile; fileRef = 54EDCD0918D9B34F005796FC /* NSDictionary+MTLJSONKeyPath.m */; };
		88080C18160A706900CCABF2 /* NSArray+MTLManipulationAdditions.h in Headers */ = {isa = PBXBuildFile; fileRef = 88080C16160A706900CCABF2 /* NSArray+MTLManipulationAdditions.h */; settings = {ATTRIBUTES = (Public, ); }; };
		88080C19160A706900CCABF2 /* NSArray+MTLManipulationAdditions.m in Sources */ = {isa = PBXBuildFile; fileRef = 88080C17160A706900CCABF2 /* NSArray+MTLManipulationAdditions.m */; };
		88080C1A160A706900CCABF2 /* NSArray+MTLManipulationAdditions.m in Sources */ = {isa = PBXBuildFile; fileRef = 88080C17160A706900CCABF2 /* NSArray+MTLManipulationAdditions.m */; };
		D01BD09D16CB432D00EC95C7 /* MTLJSONAdapter.h in Headers */ = {isa = PBXBuildFile; fileRef = D01BD09B16CB432D00EC95C7 /* MTLJSONAdapter.h */; settings = {ATTRIBUTES = (Public, ); }; };
		D01BD09E16CB432D00EC95C7 /* MTLJSONAdapter.h in Headers */ = {isa = PBXBuildFile; fileRef = D01BD09B16CB432D00EC95C7 /* MTLJSONAdapter.h */; settings = {ATTRIBUTES = (Public, ); }; };
		D01BD09F16CB432D00EC95C7 /* MTLJSONAdapter.m in Sources */ = {isa = PBXBuildFile; fileRef = D01BD09C16CB432D00EC95C7 /* MTLJSONAdapter.m */; };
		D01BD0A016CB432D00EC95C7 /* MTLJSONAdapter.m in Sources */ = {isa = PBXBuildFile; fileRef = D01BD09C16CB432D00EC95C7 /* MTLJSONAdapter.m */; };
		D01BD0AF16CB52E800EC95C7 /* MTLModel+NSCoding.h in Headers */ = {isa = PBXBuildFile; fileRef = D01BD0AD16CB52E800EC95C7 /* MTLModel+NSCoding.h */; settings = {ATTRIBUTES = (Public, ); }; };
		D01BD0B016CB52E800EC95C7 /* MTLModel+NSCoding.h in Headers */ = {isa = PBXBuildFile; fileRef = D01BD0AD16CB52E800EC95C7 /* MTLModel+NSCoding.h */; settings = {ATTRIBUTES = (Public, ); }; };
		D01BD0B116CB52E800EC95C7 /* MTLModel+NSCoding.m in Sources */ = {isa = PBXBuildFile; fileRef = D01BD0AE16CB52E800EC95C7 /* MTLModel+NSCoding.m */; };
		D01BD0B216CB52E800EC95C7 /* MTLModel+NSCoding.m in Sources */ = {isa = PBXBuildFile; fileRef = D01BD0AE16CB52E800EC95C7 /* MTLModel+NSCoding.m */; };
		D042FC7415F72B90004E8054 /* Foundation.framework in Frameworks */ = {isa = PBXBuildFile; fileRef = D042FC4415F72B23004E8054 /* Foundation.framework */; };
		D042FC7A15F72BC7004E8054 /* Foundation.framework in Frameworks */ = {isa = PBXBuildFile; fileRef = D042FC4415F72B23004E8054 /* Foundation.framework */; };
		D058FE2116EFB3D2009DFB47 /* MTLReflection.m in Sources */ = {isa = PBXBuildFile; fileRef = D058FE1E16EFB3D2009DFB47 /* MTLReflection.m */; };
		D058FE2216EFB3D2009DFB47 /* MTLReflection.m in Sources */ = {isa = PBXBuildFile; fileRef = D058FE1E16EFB3D2009DFB47 /* MTLReflection.m */; };
		D0760E0515FFBD440060F550 /* Mantle.h in Headers */ = {isa = PBXBuildFile; fileRef = D042FC4C15F72B23004E8054 /* Mantle.h */; settings = {ATTRIBUTES = (Public, ); }; };
		D0760E7815FFBF330060F550 /* MTLModel.h in Headers */ = {isa = PBXBuildFile; fileRef = D0760E7615FFBF330060F550 /* MTLModel.h */; settings = {ATTRIBUTES = (Public, ); }; };
		D0760E7915FFBF330060F550 /* MTLModel.m in Sources */ = {isa = PBXBuildFile; fileRef = D0760E7715FFBF330060F550 /* MTLModel.m */; };
		D0760E7A15FFBF330060F550 /* MTLModel.m in Sources */ = {isa = PBXBuildFile; fileRef = D0760E7715FFBF330060F550 /* MTLModel.m */; };
		D08B5AAE16002694001FE685 /* MTLValueTransformer.h in Headers */ = {isa = PBXBuildFile; fileRef = D08B5AAC16002694001FE685 /* MTLValueTransformer.h */; settings = {ATTRIBUTES = (Public, ); }; };
		D08B5AAF16002694001FE685 /* MTLValueTransformer.m in Sources */ = {isa = PBXBuildFile; fileRef = D08B5AAD16002694001FE685 /* MTLValueTransformer.m */; };
		D08B5AB016002694001FE685 /* MTLValueTransformer.m in Sources */ = {isa = PBXBuildFile; fileRef = D08B5AAD16002694001FE685 /* MTLValueTransformer.m */; };
		D094E47B1777617500906BF7 /* EXTRuntimeExtensions.m in Sources */ = {isa = PBXBuildFile; fileRef = D094E4771777617300906BF7 /* EXTRuntimeExtensions.m */; };
		D094E47C1777617600906BF7 /* EXTRuntimeExtensions.m in Sources */ = {isa = PBXBuildFile; fileRef = D094E4771777617300906BF7 /* EXTRuntimeExtensions.m */; };
		D094E47D1777617800906BF7 /* EXTScope.m in Sources */ = {isa = PBXBuildFile; fileRef = D094E4791777617300906BF7 /* EXTScope.m */; };
		D094E47E1777617900906BF7 /* EXTScope.m in Sources */ = {isa = PBXBuildFile; fileRef = D094E4791777617300906BF7 /* EXTScope.m */; };
		D0BFC36F17476B4700F5DC5D /* NSValueTransformer+MTLInversionAdditions.h in Headers */ = {isa = PBXBuildFile; fileRef = D0BFC36D17476B4700F5DC5D /* NSValueTransformer+MTLInversionAdditions.h */; settings = {ATTRIBUTES = (Public, ); }; };
		D0BFC37017476B4700F5DC5D /* NSValueTransformer+MTLInversionAdditions.h in Headers */ = {isa = PBXBuildFile; fileRef = D0BFC36D17476B4700F5DC5D /* NSValueTransformer+MTLInversionAdditions.h */; settings = {ATTRIBUTES = (Public, ); }; };
		D0BFC37117476B4700F5DC5D /* NSValueTransformer+MTLInversionAdditions.m in Sources */ = {isa = PBXBuildFile; fileRef = D0BFC36E17476B4700F5DC5D /* NSValueTransformer+MTLInversionAdditions.m */; };
		D0BFC37217476B4700F5DC5D /* NSValueTransformer+MTLInversionAdditions.m in Sources */ = {isa = PBXBuildFile; fileRef = D0BFC36E17476B4700F5DC5D /* NSValueTransformer+MTLInversionAdditions.m */; };
		D0C27D0A16110973002FE587 /* NSDictionary+MTLManipulationAdditions.h in Headers */ = {isa = PBXBuildFile; fileRef = D0C27D0816110973002FE587 /* NSDictionary+MTLManipulationAdditions.h */; settings = {ATTRIBUTES = (Public, ); }; };
		D0C27D0B16110973002FE587 /* NSDictionary+MTLManipulationAdditions.m in Sources */ = {isa = PBXBuildFile; fileRef = D0C27D0916110973002FE587 /* NSDictionary+MTLManipulationAdditions.m */; };
		D0C27D0C16110973002FE587 /* NSDictionary+MTLManipulationAdditions.m in Sources */ = {isa = PBXBuildFile; fileRef = D0C27D0916110973002FE587 /* NSDictionary+MTLManipulationAdditions.m */; };
		D0E51937170A06CF00E8897B /* MTLManagedObjectAdapter.h in Headers */ = {isa = PBXBuildFile; fileRef = D0E51935170A06CF00E8897B /* MTLManagedObjectAdapter.h */; settings = {ATTRIBUTES = (Public, ); }; };
		D0E51938170A06CF00E8897B /* MTLManagedObjectAdapter.h in Headers */ = {isa = PBXBuildFile; fileRef = D0E51935170A06CF00E8897B /* MTLManagedObjectAdapter.h */; settings = {ATTRIBUTES = (Public, ); }; };
		D0E51939170A06CF00E8897B /* MTLManagedObjectAdapter.m in Sources */ = {isa = PBXBuildFile; fileRef = D0E51936170A06CF00E8897B /* MTLManagedObjectAdapter.m */; };
		D0E5193A170A06CF00E8897B /* MTLManagedObjectAdapter.m in Sources */ = {isa = PBXBuildFile; fileRef = D0E51936170A06CF00E8897B /* MTLManagedObjectAdapter.m */; };
		D0F117491614C5600092520B /* NSValueTransformer+MTLPredefinedTransformerAdditions.h in Headers */ = {isa = PBXBuildFile; fileRef = D0F117471614C5600092520B /* NSValueTransformer+MTLPredefinedTransformerAdditions.h */; settings = {ATTRIBUTES = (Public, ); }; };
		D0F1174A1614C5600092520B /* NSValueTransformer+MTLPredefinedTransformerAdditions.m in Sources */ = {isa = PBXBuildFile; fileRef = D0F117481614C5600092520B /* NSValueTransformer+MTLPredefinedTransformerAdditions.m */; };
		D0F1174B1614C5600092520B /* NSValueTransformer+MTLPredefinedTransformerAdditions.m in Sources */ = {isa = PBXBuildFile; fileRef = D0F117481614C5600092520B /* NSValueTransformer+MTLPredefinedTransformerAdditions.m */; };
		D8A172F81697E87A002CFCC8 /* Mantle.h in Headers */ = {isa = PBXBuildFile; fileRef = D042FC4C15F72B23004E8054 /* Mantle.h */; settings = {ATTRIBUTES = (Public, ); }; };
		D8A172F91697E87A002CFCC8 /* MTLModel.h in Headers */ = {isa = PBXBuildFile; fileRef = D0760E7615FFBF330060F550 /* MTLModel.h */; settings = {ATTRIBUTES = (Public, ); }; };
		D8A172FA1697E87A002CFCC8 /* MTLValueTransformer.h in Headers */ = {isa = PBXBuildFile; fileRef = D08B5AAC16002694001FE685 /* MTLValueTransformer.h */; settings = {ATTRIBUTES = (Public, ); }; };
		D8A172FC1697E87A002CFCC8 /* NSArray+MTLManipulationAdditions.h in Headers */ = {isa = PBXBuildFile; fileRef = 88080C16160A706900CCABF2 /* NSArray+MTLManipulationAdditions.h */; settings = {ATTRIBUTES = (Public, ); }; };
		D8A172FE1697E87A002CFCC8 /* NSDictionary+MTLManipulationAdditions.h in Headers */ = {isa = PBXBuildFile; fileRef = D0C27D0816110973002FE587 /* NSDictionary+MTLManipulationAdditions.h */; settings = {ATTRIBUTES = (Public, ); }; };
		D8A173021697E87A002CFCC8 /* NSValueTransformer+MTLPredefinedTransformerAdditions.h in Headers */ = {isa = PBXBuildFile; fileRef = D0F117471614C5600092520B /* NSValueTransformer+MTLPredefinedTransformerAdditions.h */; settings = {ATTRIBUTES = (Public, ); }; };
		D8A173031697E87A002CFCC8 /* NSObject+MTLComparisonAdditions.h in Headers */ = {isa = PBXBuildFile; fileRef = 1ED5B5CE163A4E3C0072668E /* NSObject+MTLComparisonAdditions.h */; settings = {ATTRIBUTES = (Public, ); }; };
		DB0070C018E49A4600E96F6F /* MTLArrayManipulationTests.m in Sources */ = {isa = PBXBuildFile; fileRef = DB0070BF18E49A4600E96F6F /* MTLArrayManipulationTests.m */; };
		DB0070C118E49A4600E96F6F /* MTLArrayManipulationTests.m in Sources */ = {isa = PBXBuildFile; fileRef = DB0070BF18E49A4600E96F6F /* MTLArrayManipulationTests.m */; };
		DB0070C218E49B1700E96F6F /* Mantle.framework in Frameworks */ = {isa = PBXBuildFile; fileRef = D042FC3C15F72B23004E8054 /* Mantle.framework */; };
		DB0070C318E49B1F00E96F6F /* CoreData.framework in Frameworks */ = {isa = PBXBuildFile; fileRef = D0A56B4B1804B04900A84EDC /* CoreData.framework */; };
		DB0070C418E49B2200E96F6F /* Foundation.framework in Frameworks */ = {isa = PBXBuildFile; fileRef = D0A56B4A1804B04900A84EDC /* Foundation.framework */; };
		DB0070C618E49CAE00E96F6F /* MTLComparisonAdditionsTests.m in Sources */ = {isa = PBXBuildFile; fileRef = DB0070C518E49CAE00E96F6F /* MTLComparisonAdditionsTests.m */; };
		DB0070C718E49CAE00E96F6F /* MTLComparisonAdditionsTests.m in Sources */ = {isa = PBXBuildFile; fileRef = DB0070C518E49CAE00E96F6F /* MTLComparisonAdditionsTests.m */; };
		DB0070C918E49E7E00E96F6F /* MTLDictionaryMappingTests.m in Sources */ = {isa = PBXBuildFile; fileRef = DB0070C818E49E7E00E96F6F /* MTLDictionaryMappingTests.m */; };
		DB0070CA18E49E7E00E96F6F /* MTLDictionaryMappingTests.m in Sources */ = {isa = PBXBuildFile; fileRef = DB0070C818E49E7E00E96F6F /* MTLDictionaryMappingTests.m */; };
		DB0070CC18E49E8B00E96F6F /* MTLDictionaryManipulationTests.m in Sources */ = {isa = PBXBuildFile; fileRef = DB0070CB18E49E8B00E96F6F /* MTLDictionaryManipulationTests.m */; };
		DB0070CD18E49E8B00E96F6F /* MTLDictionaryManipulationTests.m in Sources */ = {isa = PBXBuildFile; fileRef = DB0070CB18E49E8B00E96F6F /* MTLDictionaryManipulationTests.m */; };
		DB0070CE18E4A52800E96F6F /* TestModel.xcdatamodeld in Sources */ = {isa = PBXBuildFile; fileRef = D021D936170F806B00C37E36 /* TestModel.xcdatamodeld */; };
		DB0070CF18E4A52800E96F6F /* TestModel.xcdatamodeld in Sources */ = {isa = PBXBuildFile; fileRef = D021D936170F806B00C37E36 /* TestModel.xcdatamodeld */; };
		DB0070D018E4A52B00E96F6F /* MTLTestModel-OldArchive.plist in Resources */ = {isa = PBXBuildFile; fileRef = D01BD0B916CB6F5700EC95C7 /* MTLTestModel-OldArchive.plist */; };
		DB0070D118E4A52B00E96F6F /* MTLTestModel-OldArchive.plist in Resources */ = {isa = PBXBuildFile; fileRef = D01BD0B916CB6F5700EC95C7 /* MTLTestModel-OldArchive.plist */; };
		DB0070D218E4A53000E96F6F /* MTLTestNotificationObserver.m in Sources */ = {isa = PBXBuildFile; fileRef = D064BA331613BA75004CA27A /* MTLTestNotificationObserver.m */; };
		DB0070D318E4A53100E96F6F /* MTLTestNotificationObserver.m in Sources */ = {isa = PBXBuildFile; fileRef = D064BA331613BA75004CA27A /* MTLTestNotificationObserver.m */; };
		DB0070D418E4A53600E96F6F /* MTLCoreDataObjects.m in Sources */ = {isa = PBXBuildFile; fileRef = 542921C717D750EB00AE432B /* MTLCoreDataObjects.m */; };
		DB0070D518E4A53600E96F6F /* MTLCoreDataTestModels.m in Sources */ = {isa = PBXBuildFile; fileRef = D021D943170F878E00C37E36 /* MTLCoreDataTestModels.m */; };
		DB0070D618E4A53600E96F6F /* MTLTestModel.m in Sources */ = {isa = PBXBuildFile; fileRef = D0760EC815FFCA4E0060F550 /* MTLTestModel.m */; };
		DB0070D718E4A53700E96F6F /* MTLCoreDataObjects.m in Sources */ = {isa = PBXBuildFile; fileRef = 542921C717D750EB00AE432B /* MTLCoreDataObjects.m */; };
		DB0070D818E4A53700E96F6F /* MTLCoreDataTestModels.m in Sources */ = {isa = PBXBuildFile; fileRef = D021D943170F878E00C37E36 /* MTLCoreDataTestModels.m */; };
		DB0070D918E4A53700E96F6F /* MTLTestModel.m in Sources */ = {isa = PBXBuildFile; fileRef = D0760EC815FFCA4E0060F550 /* MTLTestModel.m */; };
		DB0070DB18E4A55B00E96F6F /* MTLErrorModelExceptionTests.m in Sources */ = {isa = PBXBuildFile; fileRef = DB0070DA18E4A55B00E96F6F /* MTLErrorModelExceptionTests.m */; };
		DB0070DC18E4A55B00E96F6F /* MTLErrorModelExceptionTests.m in Sources */ = {isa = PBXBuildFile; fileRef = DB0070DA18E4A55B00E96F6F /* MTLErrorModelExceptionTests.m */; };
		DB0070DE18E4A5D700E96F6F /* MTLJSONAdapterTests.m in Sources */ = {isa = PBXBuildFile; fileRef = DB0070DD18E4A5D700E96F6F /* MTLJSONAdapterTests.m */; };
		DB0070DF18E4A5D700E96F6F /* MTLJSONAdapterTests.m in Sources */ = {isa = PBXBuildFile; fileRef = DB0070DD18E4A5D700E96F6F /* MTLJSONAdapterTests.m */; };
		DB0070E118E4B0A200E96F6F /* MTLManagedObjectAdapterTests.m in Sources */ = {isa = PBXBuildFile; fileRef = DB0070E018E4B0A200E96F6F /* MTLManagedObjectAdapterTests.m */; };
		DB0070E218E4B0A200E96F6F /* MTLManagedObjectAdapterTests.m in Sources */ = {isa = PBXBuildFile; fileRef = DB0070E018E4B0A200E96F6F /* MTLManagedObjectAdapterTests.m */; };
		DB0070E418E4B8EF00E96F6F /* MTLModelNSCodingTests.m in Sources */ = {isa = PBXBuildFile; fileRef = DB0070E318E4B8EF00E96F6F /* MTLModelNSCodingTests.m */; };
		DB0070E518E4B8EF00E96F6F /* MTLModelNSCodingTests.m in Sources */ = {isa = PBXBuildFile; fileRef = DB0070E318E4B8EF00E96F6F /* MTLModelNSCodingTests.m */; };
		DB0070E718E4BB1500E96F6F /* MTLModelTests.m in Sources */ = {isa = PBXBuildFile; fileRef = DB0070E618E4BB1500E96F6F /* MTLModelTests.m */; };
		DB0070E818E4BB1500E96F6F /* MTLModelTests.m in Sources */ = {isa = PBXBuildFile; fileRef = DB0070E618E4BB1500E96F6F /* MTLModelTests.m */; };
		DB0070EA18E4BB1F00E96F6F /* MTLModelValidationTests.m in Sources */ = {isa = PBXBuildFile; fileRef = DB0070E918E4BB1F00E96F6F /* MTLModelValidationTests.m */; };
		DB0070EB18E4BB1F00E96F6F /* MTLModelValidationTests.m in Sources */ = {isa = PBXBuildFile; fileRef = DB0070E918E4BB1F00E96F6F /* MTLModelValidationTests.m */; };
		DB0070ED18E4BB3000E96F6F /* MTLPredefinedTransformerAdditionsTests.m in Sources */ = {isa = PBXBuildFile; fileRef = DB0070EC18E4BB3000E96F6F /* MTLPredefinedTransformerAdditionsTests.m */; };
		DB0070EE18E4BB3000E96F6F /* MTLPredefinedTransformerAdditionsTests.m in Sources */ = {isa = PBXBuildFile; fileRef = DB0070EC18E4BB3000E96F6F /* MTLPredefinedTransformerAdditionsTests.m */; };
		DB0070F018E4BB3D00E96F6F /* MTLValueTransformerTests.m in Sources */ = {isa = PBXBuildFile; fileRef = DB0070EF18E4BB3D00E96F6F /* MTLValueTransformerTests.m */; };
		DB0070F118E4BB3D00E96F6F /* MTLValueTransformerTests.m in Sources */ = {isa = PBXBuildFile; fileRef = DB0070EF18E4BB3D00E96F6F /* MTLValueTransformerTests.m */; };
		DB0070F318E4BB4E00E96F6F /* MTLValueTransformerInversionAdditionsTests.m in Sources */ = {isa = PBXBuildFile; fileRef = DB0070F218E4BB4E00E96F6F /* MTLValueTransformerInversionAdditionsTests.m */; };
		DB0070F418E4BB4E00E96F6F /* MTLValueTransformerInversionAdditionsTests.m in Sources */ = {isa = PBXBuildFile; fileRef = DB0070F218E4BB4E00E96F6F /* MTLValueTransformerInversionAdditionsTests.m */; };
		DB0070F518E4CDEA00E96F6F /* NSError+MTLModelException.h in Headers */ = {isa = PBXBuildFile; fileRef = 54803A30178829A700011B39 /* NSError+MTLModelException.h */; settings = {ATTRIBUTES = (Public, ); }; };
		DB0070F618E4CDEB00E96F6F /* NSError+MTLModelException.h in Headers */ = {isa = PBXBuildFile; fileRef = 54803A30178829A700011B39 /* NSError+MTLModelException.h */; settings = {ATTRIBUTES = (Public, ); }; };
		DB0070F718E4CDF200E96F6F /* NSDictionary+MTLJSONKeyPath.h in Headers */ = {isa = PBXBuildFile; fileRef = 54EDCD0818D9B34F005796FC /* NSDictionary+MTLJSONKeyPath.h */; settings = {ATTRIBUTES = (Public, ); }; };
		DB0070F818E4CDF200E96F6F /* NSDictionary+MTLJSONKeyPath.h in Headers */ = {isa = PBXBuildFile; fileRef = 54EDCD0818D9B34F005796FC /* NSDictionary+MTLJSONKeyPath.h */; settings = {ATTRIBUTES = (Public, ); }; };
		DB00716318E5B32A00E96F6F /* libMantle.a in Frameworks */ = {isa = PBXBuildFile; fileRef = D042FC7915F72BC7004E8054 /* libMantle.a */; };
		DB2D96E518E48DE3004D327B /* XCTest.framework in Frameworks */ = {isa = PBXBuildFile; fileRef = D0A56B581804B04900A84EDC /* XCTest.framework */; };
		DB2D96FB18E48DF6004D327B /* XCTest.framework in Frameworks */ = {isa = PBXBuildFile; fileRef = D0A56B581804B04900A84EDC /* XCTest.framework */; };
/* End PBXBuildFile section */

/* Begin PBXContainerItemProxy section */
		DB2D96EF18E48DE3004D327B /* PBXContainerItemProxy */ = {
			isa = PBXContainerItemProxy;
			containerPortal = D042FC3215F72B23004E8054 /* Project object */;
			proxyType = 1;
			remoteGlobalIDString = D042FC3B15F72B23004E8054;
			remoteInfo = Mantle;
		};
		DB2D970518E48DF6004D327B /* PBXContainerItemProxy */ = {
			isa = PBXContainerItemProxy;
			containerPortal = D042FC3215F72B23004E8054 /* Project object */;
			proxyType = 1;
			remoteGlobalIDString = D042FC7815F72BC7004E8054;
			remoteInfo = "Mantle-iOS";
		};
/* End PBXContainerItemProxy section */

/* Begin PBXFileReference section */
		1ED5B5CE163A4E3C0072668E /* NSObject+MTLComparisonAdditions.h */ = {isa = PBXFileReference; fileEncoding = 4; lastKnownFileType = sourcecode.c.h; path = "NSObject+MTLComparisonAdditions.h"; sourceTree = "<group>"; };
		1ED5B5CF163A4E3C0072668E /* NSObject+MTLComparisonAdditions.m */ = {isa = PBXFileReference; fileEncoding = 4; lastKnownFileType = sourcecode.c.objc; path = "NSObject+MTLComparisonAdditions.m"; sourceTree = "<group>"; };
		542921C617D750EB00AE432B /* MTLCoreDataObjects.h */ = {isa = PBXFileReference; fileEncoding = 4; lastKnownFileType = sourcecode.c.h; path = MTLCoreDataObjects.h; sourceTree = "<group>"; };
		542921C717D750EB00AE432B /* MTLCoreDataObjects.m */ = {isa = PBXFileReference; fileEncoding = 4; lastKnownFileType = sourcecode.c.objc; path = MTLCoreDataObjects.m; sourceTree = "<group>"; };
		547165A31801977000E734DB /* MTLTransformerErrorHandling.h */ = {isa = PBXFileReference; fileEncoding = 4; lastKnownFileType = sourcecode.c.h; path = MTLTransformerErrorHandling.h; sourceTree = "<group>"; };
		547F78531822BCFD00BBAB7B /* NSDictionary+MTLMappingAdditions.h */ = {isa = PBXFileReference; fileEncoding = 4; lastKnownFileType = sourcecode.c.h; path = "NSDictionary+MTLMappingAdditions.h"; sourceTree = "<group>"; };
		547F78541822BCFD00BBAB7B /* NSDictionary+MTLMappingAdditions.m */ = {isa = PBXFileReference; fileEncoding = 4; lastKnownFileType = sourcecode.c.objc; path = "NSDictionary+MTLMappingAdditions.m"; sourceTree = "<group>"; };
		54803A30178829A700011B39 /* NSError+MTLModelException.h */ = {isa = PBXFileReference; fileEncoding = 4; lastKnownFileType = sourcecode.c.h; path = "NSError+MTLModelException.h"; sourceTree = "<group>"; };
		54803A31178829A700011B39 /* NSError+MTLModelException.m */ = {isa = PBXFileReference; fileEncoding = 4; lastKnownFileType = sourcecode.c.objc; path = "NSError+MTLModelException.m"; sourceTree = "<group>"; };
		5487912318210717007F8347 /* MTLTransformerErrorHandling.m */ = {isa = PBXFileReference; fileEncoding = 4; lastKnownFileType = sourcecode.c.objc; path = MTLTransformerErrorHandling.m; sourceTree = "<group>"; };
		54EDCD0818D9B34F005796FC /* NSDictionary+MTLJSONKeyPath.h */ = {isa = PBXFileReference; fileEncoding = 4; lastKnownFileType = sourcecode.c.h; path = "NSDictionary+MTLJSONKeyPath.h"; sourceTree = "<group>"; };
		54EDCD0918D9B34F005796FC /* NSDictionary+MTLJSONKeyPath.m */ = {isa = PBXFileReference; fileEncoding = 4; lastKnownFileType = sourcecode.c.objc; path = "NSDictionary+MTLJSONKeyPath.m"; sourceTree = "<group>"; };
		88080C16160A706900CCABF2 /* NSArray+MTLManipulationAdditions.h */ = {isa = PBXFileReference; fileEncoding = 4; lastKnownFileType = sourcecode.c.h; path = "NSArray+MTLManipulationAdditions.h"; sourceTree = "<group>"; };
		88080C17160A706900CCABF2 /* NSArray+MTLManipulationAdditions.m */ = {isa = PBXFileReference; fileEncoding = 4; lastKnownFileType = sourcecode.c.objc; path = "NSArray+MTLManipulationAdditions.m"; sourceTree = "<group>"; };
		D01BD09B16CB432D00EC95C7 /* MTLJSONAdapter.h */ = {isa = PBXFileReference; fileEncoding = 4; lastKnownFileType = sourcecode.c.h; path = MTLJSONAdapter.h; sourceTree = "<group>"; };
		D01BD09C16CB432D00EC95C7 /* MTLJSONAdapter.m */ = {isa = PBXFileReference; fileEncoding = 4; lastKnownFileType = sourcecode.c.objc; path = MTLJSONAdapter.m; sourceTree = "<group>"; };
		D01BD0AD16CB52E800EC95C7 /* MTLModel+NSCoding.h */ = {isa = PBXFileReference; fileEncoding = 4; lastKnownFileType = sourcecode.c.h; path = "MTLModel+NSCoding.h"; sourceTree = "<group>"; };
		D01BD0AE16CB52E800EC95C7 /* MTLModel+NSCoding.m */ = {isa = PBXFileReference; fileEncoding = 4; lastKnownFileType = sourcecode.c.objc; path = "MTLModel+NSCoding.m"; sourceTree = "<group>"; };
		D01BD0B916CB6F5700EC95C7 /* MTLTestModel-OldArchive.plist */ = {isa = PBXFileReference; lastKnownFileType = file.bplist; path = "MTLTestModel-OldArchive.plist"; sourceTree = "<group>"; };
		D021D937170F806B00C37E36 /* TestModel.xcdatamodel */ = {isa = PBXFileReference; lastKnownFileType = wrapper.xcdatamodel; path = TestModel.xcdatamodel; sourceTree = "<group>"; };
		D021D93E170F807600C37E36 /* CoreData.framework */ = {isa = PBXFileReference; lastKnownFileType = wrapper.framework; name = CoreData.framework; path = Platforms/MacOSX.platform/Developer/SDKs/MacOSX10.8.sdk/System/Library/Frameworks/CoreData.framework; sourceTree = DEVELOPER_DIR; };
		D021D940170F807E00C37E36 /* CoreData.framework */ = {isa = PBXFileReference; lastKnownFileType = wrapper.framework; name = CoreData.framework; path = Platforms/iPhoneOS.platform/Developer/SDKs/iPhoneOS6.1.sdk/System/Library/Frameworks/CoreData.framework; sourceTree = DEVELOPER_DIR; };
		D021D942170F878E00C37E36 /* MTLCoreDataTestModels.h */ = {isa = PBXFileReference; fileEncoding = 4; lastKnownFileType = sourcecode.c.h; path = MTLCoreDataTestModels.h; sourceTree = "<group>"; };
		D021D943170F878E00C37E36 /* MTLCoreDataTestModels.m */ = {isa = PBXFileReference; fileEncoding = 4; lastKnownFileType = sourcecode.c.objc; path = MTLCoreDataTestModels.m; sourceTree = "<group>"; };
		D042FC3C15F72B23004E8054 /* Mantle.framework */ = {isa = PBXFileReference; explicitFileType = wrapper.framework; includeInIndex = 0; path = Mantle.framework; sourceTree = BUILT_PRODUCTS_DIR; };
		D042FC4415F72B23004E8054 /* Foundation.framework */ = {isa = PBXFileReference; lastKnownFileType = wrapper.framework; name = Foundation.framework; path = System/Library/Frameworks/Foundation.framework; sourceTree = SDKROOT; };
		D042FC4715F72B23004E8054 /* Mantle-Info.plist */ = {isa = PBXFileReference; lastKnownFileType = text.plist.xml; path = "Mantle-Info.plist"; sourceTree = "<group>"; };
		D042FC4B15F72B23004E8054 /* Mantle-Prefix.pch */ = {isa = PBXFileReference; lastKnownFileType = sourcecode.c.h; path = "Mantle-Prefix.pch"; sourceTree = "<group>"; };
		D042FC4C15F72B23004E8054 /* Mantle.h */ = {isa = PBXFileReference; lastKnownFileType = sourcecode.c.h; path = Mantle.h; sourceTree = "<group>"; };
		D042FC5D15F72B23004E8054 /* MantleTests-Info.plist */ = {isa = PBXFileReference; lastKnownFileType = text.plist.xml; path = "MantleTests-Info.plist"; sourceTree = "<group>"; };
		D042FC7915F72BC7004E8054 /* libMantle.a */ = {isa = PBXFileReference; explicitFileType = archive.ar; includeInIndex = 0; path = libMantle.a; sourceTree = BUILT_PRODUCTS_DIR; };
		D058FE1D16EFB3D2009DFB47 /* MTLReflection.h */ = {isa = PBXFileReference; fileEncoding = 4; lastKnownFileType = sourcecode.c.h; path = MTLReflection.h; sourceTree = "<group>"; };
		D058FE1E16EFB3D2009DFB47 /* MTLReflection.m */ = {isa = PBXFileReference; fileEncoding = 4; lastKnownFileType = sourcecode.c.objc; path = MTLReflection.m; sourceTree = "<group>"; };
		D064BA321613BA75004CA27A /* MTLTestNotificationObserver.h */ = {isa = PBXFileReference; fileEncoding = 4; lastKnownFileType = sourcecode.c.h; path = MTLTestNotificationObserver.h; sourceTree = "<group>"; };
		D064BA331613BA75004CA27A /* MTLTestNotificationObserver.m */ = {isa = PBXFileReference; fileEncoding = 4; lastKnownFileType = sourcecode.c.objc; path = MTLTestNotificationObserver.m; sourceTree = "<group>"; };
		D0760E7615FFBF330060F550 /* MTLModel.h */ = {isa = PBXFileReference; fileEncoding = 4; lastKnownFileType = sourcecode.c.h; path = MTLModel.h; sourceTree = "<group>"; };
		D0760E7715FFBF330060F550 /* MTLModel.m */ = {isa = PBXFileReference; fileEncoding = 4; lastKnownFileType = sourcecode.c.objc; path = MTLModel.m; sourceTree = "<group>"; };
		D0760EC715FFCA4E0060F550 /* MTLTestModel.h */ = {isa = PBXFileReference; fileEncoding = 4; lastKnownFileType = sourcecode.c.h; path = MTLTestModel.h; sourceTree = "<group>"; };
		D0760EC815FFCA4E0060F550 /* MTLTestModel.m */ = {isa = PBXFileReference; fileEncoding = 4; lastKnownFileType = sourcecode.c.objc; path = MTLTestModel.m; sourceTree = "<group>"; };
		D08B5AAC16002694001FE685 /* MTLValueTransformer.h */ = {isa = PBXFileReference; fileEncoding = 4; lastKnownFileType = sourcecode.c.h; path = MTLValueTransformer.h; sourceTree = "<group>"; };
		D08B5AAD16002694001FE685 /* MTLValueTransformer.m */ = {isa = PBXFileReference; fileEncoding = 4; lastKnownFileType = sourcecode.c.objc; path = MTLValueTransformer.m; sourceTree = "<group>"; };
		D094E4751777617300906BF7 /* EXTKeyPathCoding.h */ = {isa = PBXFileReference; lastKnownFileType = sourcecode.c.h; path = EXTKeyPathCoding.h; sourceTree = "<group>"; };
		D094E4761777617300906BF7 /* EXTRuntimeExtensions.h */ = {isa = PBXFileReference; lastKnownFileType = sourcecode.c.h; path = EXTRuntimeExtensions.h; sourceTree = "<group>"; };
		D094E4771777617300906BF7 /* EXTRuntimeExtensions.m */ = {isa = PBXFileReference; lastKnownFileType = sourcecode.c.objc; path = EXTRuntimeExtensions.m; sourceTree = "<group>"; };
		D094E4781777617300906BF7 /* EXTScope.h */ = {isa = PBXFileReference; lastKnownFileType = sourcecode.c.h; path = EXTScope.h; sourceTree = "<group>"; };
		D094E4791777617300906BF7 /* EXTScope.m */ = {isa = PBXFileReference; lastKnownFileType = sourcecode.c.objc; path = EXTScope.m; sourceTree = "<group>"; };
		D094E47A1777617300906BF7 /* metamacros.h */ = {isa = PBXFileReference; lastKnownFileType = sourcecode.c.h; path = metamacros.h; sourceTree = "<group>"; };
		D0A56B471804B04900A84EDC /* Cocoa.framework */ = {isa = PBXFileReference; lastKnownFileType = wrapper.framework; name = Cocoa.framework; path = System/Library/Frameworks/Cocoa.framework; sourceTree = SDKROOT; };
		D0A56B4A1804B04900A84EDC /* Foundation.framework */ = {isa = PBXFileReference; lastKnownFileType = wrapper.framework; name = Foundation.framework; path = System/Library/Frameworks/Foundation.framework; sourceTree = SDKROOT; };
		D0A56B4B1804B04900A84EDC /* CoreData.framework */ = {isa = PBXFileReference; lastKnownFileType = wrapper.framework; name = CoreData.framework; path = System/Library/Frameworks/CoreData.framework; sourceTree = SDKROOT; };
		D0A56B4C1804B04900A84EDC /* AppKit.framework */ = {isa = PBXFileReference; lastKnownFileType = wrapper.framework; name = AppKit.framework; path = System/Library/Frameworks/AppKit.framework; sourceTree = SDKROOT; };
		D0A56B581804B04900A84EDC /* XCTest.framework */ = {isa = PBXFileReference; lastKnownFileType = wrapper.framework; name = XCTest.framework; path = Library/Frameworks/XCTest.framework; sourceTree = DEVELOPER_DIR; };
		D0BFC36D17476B4700F5DC5D /* NSValueTransformer+MTLInversionAdditions.h */ = {isa = PBXFileReference; fileEncoding = 4; lastKnownFileType = sourcecode.c.h; path = "NSValueTransformer+MTLInversionAdditions.h"; sourceTree = "<group>"; };
		D0BFC36E17476B4700F5DC5D /* NSValueTransformer+MTLInversionAdditions.m */ = {isa = PBXFileReference; fileEncoding = 4; lastKnownFileType = sourcecode.c.objc; path = "NSValueTransformer+MTLInversionAdditions.m"; sourceTree = "<group>"; };
		D0C27D0816110973002FE587 /* NSDictionary+MTLManipulationAdditions.h */ = {isa = PBXFileReference; fileEncoding = 4; lastKnownFileType = sourcecode.c.h; path = "NSDictionary+MTLManipulationAdditions.h"; sourceTree = "<group>"; };
		D0C27D0916110973002FE587 /* NSDictionary+MTLManipulationAdditions.m */ = {isa = PBXFileReference; fileEncoding = 4; lastKnownFileType = sourcecode.c.objc; path = "NSDictionary+MTLManipulationAdditions.m"; sourceTree = "<group>"; };
		D0C92DE115F72F6A00387438 /* MantleTests-Prefix.pch */ = {isa = PBXFileReference; lastKnownFileType = sourcecode.c.h; path = "MantleTests-Prefix.pch"; sourceTree = "<group>"; };
		D0E51935170A06CF00E8897B /* MTLManagedObjectAdapter.h */ = {isa = PBXFileReference; fileEncoding = 4; lastKnownFileType = sourcecode.c.h; path = MTLManagedObjectAdapter.h; sourceTree = "<group>"; };
		D0E51936170A06CF00E8897B /* MTLManagedObjectAdapter.m */ = {isa = PBXFileReference; fileEncoding = 4; lastKnownFileType = sourcecode.c.objc; path = MTLManagedObjectAdapter.m; sourceTree = "<group>"; usesTabs = 1; };
		D0F117471614C5600092520B /* NSValueTransformer+MTLPredefinedTransformerAdditions.h */ = {isa = PBXFileReference; fileEncoding = 4; lastKnownFileType = sourcecode.c.h; path = "NSValueTransformer+MTLPredefinedTransformerAdditions.h"; sourceTree = "<group>"; };
		D0F117481614C5600092520B /* NSValueTransformer+MTLPredefinedTransformerAdditions.m */ = {isa = PBXFileReference; fileEncoding = 4; lastKnownFileType = sourcecode.c.objc; path = "NSValueTransformer+MTLPredefinedTransformerAdditions.m"; sourceTree = "<group>"; };
		DB0070BF18E49A4600E96F6F /* MTLArrayManipulationTests.m */ = {isa = PBXFileReference; fileEncoding = 4; lastKnownFileType = sourcecode.c.objc; path = MTLArrayManipulationTests.m; sourceTree = "<group>"; };
		DB0070C518E49CAE00E96F6F /* MTLComparisonAdditionsTests.m */ = {isa = PBXFileReference; fileEncoding = 4; lastKnownFileType = sourcecode.c.objc; path = MTLComparisonAdditionsTests.m; sourceTree = "<group>"; };
		DB0070C818E49E7E00E96F6F /* MTLDictionaryMappingTests.m */ = {isa = PBXFileReference; fileEncoding = 4; lastKnownFileType = sourcecode.c.objc; path = MTLDictionaryMappingTests.m; sourceTree = "<group>"; };
		DB0070CB18E49E8B00E96F6F /* MTLDictionaryManipulationTests.m */ = {isa = PBXFileReference; fileEncoding = 4; lastKnownFileType = sourcecode.c.objc; path = MTLDictionaryManipulationTests.m; sourceTree = "<group>"; };
		DB0070DA18E4A55B00E96F6F /* MTLErrorModelExceptionTests.m */ = {isa = PBXFileReference; fileEncoding = 4; lastKnownFileType = sourcecode.c.objc; path = MTLErrorModelExceptionTests.m; sourceTree = "<group>"; };
		DB0070DD18E4A5D700E96F6F /* MTLJSONAdapterTests.m */ = {isa = PBXFileReference; fileEncoding = 4; lastKnownFileType = sourcecode.c.objc; path = MTLJSONAdapterTests.m; sourceTree = "<group>"; };
		DB0070E018E4B0A200E96F6F /* MTLManagedObjectAdapterTests.m */ = {isa = PBXFileReference; fileEncoding = 4; lastKnownFileType = sourcecode.c.objc; path = MTLManagedObjectAdapterTests.m; sourceTree = "<group>"; };
		DB0070E318E4B8EF00E96F6F /* MTLModelNSCodingTests.m */ = {isa = PBXFileReference; fileEncoding = 4; lastKnownFileType = sourcecode.c.objc; path = MTLModelNSCodingTests.m; sourceTree = "<group>"; };
		DB0070E618E4BB1500E96F6F /* MTLModelTests.m */ = {isa = PBXFileReference; fileEncoding = 4; lastKnownFileType = sourcecode.c.objc; path = MTLModelTests.m; sourceTree = "<group>"; };
		DB0070E918E4BB1F00E96F6F /* MTLModelValidationTests.m */ = {isa = PBXFileReference; fileEncoding = 4; lastKnownFileType = sourcecode.c.objc; path = MTLModelValidationTests.m; sourceTree = "<group>"; };
		DB0070EC18E4BB3000E96F6F /* MTLPredefinedTransformerAdditionsTests.m */ = {isa = PBXFileReference; fileEncoding = 4; lastKnownFileType = sourcecode.c.objc; path = MTLPredefinedTransformerAdditionsTests.m; sourceTree = "<group>"; };
		DB0070EF18E4BB3D00E96F6F /* MTLValueTransformerTests.m */ = {isa = PBXFileReference; fileEncoding = 4; lastKnownFileType = sourcecode.c.objc; path = MTLValueTransformerTests.m; sourceTree = "<group>"; };
		DB0070F218E4BB4E00E96F6F /* MTLValueTransformerInversionAdditionsTests.m */ = {isa = PBXFileReference; fileEncoding = 4; lastKnownFileType = sourcecode.c.objc; path = MTLValueTransformerInversionAdditionsTests.m; sourceTree = "<group>"; };
		DB2D96E418E48DE3004D327B /* Mantle Tests.xctest */ = {isa = PBXFileReference; explicitFileType = wrapper.cfbundle; includeInIndex = 0; path = "Mantle Tests.xctest"; sourceTree = BUILT_PRODUCTS_DIR; };
		DB2D96FA18E48DF6004D327B /* Mantle-iOS Tests.xctest */ = {isa = PBXFileReference; explicitFileType = wrapper.cfbundle; includeInIndex = 0; path = "Mantle-iOS Tests.xctest"; sourceTree = BUILT_PRODUCTS_DIR; };
/* End PBXFileReference section */

/* Begin PBXFrameworksBuildPhase section */
		D042FC3815F72B23004E8054 /* Frameworks */ = {
			isa = PBXFrameworksBuildPhase;
			buildActionMask = 2147483647;
			files = (
				D042FC7415F72B90004E8054 /* Foundation.framework in Frameworks */,
			);
			runOnlyForDeploymentPostprocessing = 0;
		};
		D042FC7615F72BC7004E8054 /* Frameworks */ = {
			isa = PBXFrameworksBuildPhase;
			buildActionMask = 2147483647;
			files = (
				D042FC7A15F72BC7004E8054 /* Foundation.framework in Frameworks */,
			);
			runOnlyForDeploymentPostprocessing = 0;
		};
		DB2D96E118E48DE3004D327B /* Frameworks */ = {
			isa = PBXFrameworksBuildPhase;
			buildActionMask = 2147483647;
			files = (
				DB0070C418E49B2200E96F6F /* Foundation.framework in Frameworks */,
				DB0070C318E49B1F00E96F6F /* CoreData.framework in Frameworks */,
				DB0070C218E49B1700E96F6F /* Mantle.framework in Frameworks */,
				DB2D96E518E48DE3004D327B /* XCTest.framework in Frameworks */,
			);
			runOnlyForDeploymentPostprocessing = 0;
		};
		DB2D96F718E48DF6004D327B /* Frameworks */ = {
			isa = PBXFrameworksBuildPhase;
			buildActionMask = 2147483647;
			files = (
				DB00716318E5B32A00E96F6F /* libMantle.a in Frameworks */,
				DB2D96FB18E48DF6004D327B /* XCTest.framework in Frameworks */,
			);
			runOnlyForDeploymentPostprocessing = 0;
		};
/* End PBXFrameworksBuildPhase section */

/* Begin PBXGroup section */
		D01BD0AB16CB46B600EC95C7 /* Adapters */ = {
			isa = PBXGroup;
			children = (
				D01BD09B16CB432D00EC95C7 /* MTLJSONAdapter.h */,
				D01BD09C16CB432D00EC95C7 /* MTLJSONAdapter.m */,
				D0E51935170A06CF00E8897B /* MTLManagedObjectAdapter.h */,
				D0E51936170A06CF00E8897B /* MTLManagedObjectAdapter.m */,
			);
			name = Adapters;
			sourceTree = "<group>";
		};
		D01BD0AC16CB46BD00EC95C7 /* Value Transformers */ = {
			isa = PBXGroup;
			children = (
				D08B5AAC16002694001FE685 /* MTLValueTransformer.h */,
				D08B5AAD16002694001FE685 /* MTLValueTransformer.m */,
				547165A31801977000E734DB /* MTLTransformerErrorHandling.h */,
				5487912318210717007F8347 /* MTLTransformerErrorHandling.m */,
			);
			name = "Value Transformers";
			sourceTree = "<group>";
		};
		D042FC3015F72B23004E8054 = {
			isa = PBXGroup;
			children = (
				D042FC4515F72B23004E8054 /* Mantle */,
				D042FC5B15F72B23004E8054 /* MantleTests */,
				D042FC3E15F72B23004E8054 /* Frameworks */,
				D042FC3D15F72B23004E8054 /* Products */,
			);
			sourceTree = "<group>";
			usesTabs = 1;
		};
		D042FC3D15F72B23004E8054 /* Products */ = {
			isa = PBXGroup;
			children = (
				D042FC3C15F72B23004E8054 /* Mantle.framework */,
				D042FC7915F72BC7004E8054 /* libMantle.a */,
				DB2D96E418E48DE3004D327B /* Mantle Tests.xctest */,
				DB2D96FA18E48DF6004D327B /* Mantle-iOS Tests.xctest */,
			);
			name = Products;
			sourceTree = "<group>";
		};
		D042FC3E15F72B23004E8054 /* Frameworks */ = {
			isa = PBXGroup;
			children = (
				D090E63A15F73249005282F9 /* libextobjc */,
				D042FC4415F72B23004E8054 /* Foundation.framework */,
				D021D93E170F807600C37E36 /* CoreData.framework */,
				D021D940170F807E00C37E36 /* CoreData.framework */,
				D0A56B471804B04900A84EDC /* Cocoa.framework */,
				D0A56B581804B04900A84EDC /* XCTest.framework */,
				D0A56B491804B04900A84EDC /* Other Frameworks */,
			);
			name = Frameworks;
			sourceTree = "<group>";
		};
		D042FC4515F72B23004E8054 /* Mantle */ = {
			isa = PBXGroup;
			children = (
				D042FC4C15F72B23004E8054 /* Mantle.h */,
				D0760E7015FFBF020060F550 /* Modules */,
				D090E62515F730B2005282F9 /* Extensions */,
				D042FC4615F72B23004E8054 /* Supporting Files */,
			);
			path = Mantle;
			sourceTree = "<group>";
		};
		D042FC4615F72B23004E8054 /* Supporting Files */ = {
			isa = PBXGroup;
			children = (
				D042FC4715F72B23004E8054 /* Mantle-Info.plist */,
				D042FC4B15F72B23004E8054 /* Mantle-Prefix.pch */,
			);
			name = "Supporting Files";
			sourceTree = "<group>";
		};
		D042FC5B15F72B23004E8054 /* MantleTests */ = {
			isa = PBXGroup;
			children = (
				DB0070BE18E49A2300E96F6F /* Tests */,
				D042FC5C15F72B23004E8054 /* Supporting Files */,
			);
			path = MantleTests;
			sourceTree = "<group>";
		};
		D042FC5C15F72B23004E8054 /* Supporting Files */ = {
			isa = PBXGroup;
			children = (
				542921C617D750EB00AE432B /* MTLCoreDataObjects.h */,
				542921C717D750EB00AE432B /* MTLCoreDataObjects.m */,
				D021D942170F878E00C37E36 /* MTLCoreDataTestModels.h */,
				D021D943170F878E00C37E36 /* MTLCoreDataTestModels.m */,
				D0760EC715FFCA4E0060F550 /* MTLTestModel.h */,
				D0760EC815FFCA4E0060F550 /* MTLTestModel.m */,
				D064BA321613BA75004CA27A /* MTLTestNotificationObserver.h */,
				D064BA331613BA75004CA27A /* MTLTestNotificationObserver.m */,
				D0C92DE115F72F6A00387438 /* MantleTests-Prefix.pch */,
				D042FC5D15F72B23004E8054 /* MantleTests-Info.plist */,
				D01BD0B916CB6F5700EC95C7 /* MTLTestModel-OldArchive.plist */,
				D021D936170F806B00C37E36 /* TestModel.xcdatamodeld */,
			);
			name = "Supporting Files";
			sourceTree = "<group>";
		};
		D0760E7015FFBF020060F550 /* Modules */ = {
			isa = PBXGroup;
			children = (
				D0760E7615FFBF330060F550 /* MTLModel.h */,
				D0760E7715FFBF330060F550 /* MTLModel.m */,
				D01BD0AD16CB52E800EC95C7 /* MTLModel+NSCoding.h */,
				D01BD0AE16CB52E800EC95C7 /* MTLModel+NSCoding.m */,
				D058FE1D16EFB3D2009DFB47 /* MTLReflection.h */,
				D058FE1E16EFB3D2009DFB47 /* MTLReflection.m */,
				D01BD0AB16CB46B600EC95C7 /* Adapters */,
				D01BD0AC16CB46BD00EC95C7 /* Value Transformers */,
			);
			name = Modules;
			sourceTree = "<group>";
		};
		D090E62515F730B2005282F9 /* Extensions */ = {
			isa = PBXGroup;
			children = (
				88080C16160A706900CCABF2 /* NSArray+MTLManipulationAdditions.h */,
				88080C17160A706900CCABF2 /* NSArray+MTLManipulationAdditions.m */,
				54803A30178829A700011B39 /* NSError+MTLModelException.h */,
				54803A31178829A700011B39 /* NSError+MTLModelException.m */,
				D0C27D0816110973002FE587 /* NSDictionary+MTLManipulationAdditions.h */,
				D0C27D0916110973002FE587 /* NSDictionary+MTLManipulationAdditions.m */,
				547F78531822BCFD00BBAB7B /* NSDictionary+MTLMappingAdditions.h */,
				547F78541822BCFD00BBAB7B /* NSDictionary+MTLMappingAdditions.m */,
				54EDCD0818D9B34F005796FC /* NSDictionary+MTLJSONKeyPath.h */,
				54EDCD0918D9B34F005796FC /* NSDictionary+MTLJSONKeyPath.m */,
				1ED5B5CE163A4E3C0072668E /* NSObject+MTLComparisonAdditions.h */,
				1ED5B5CF163A4E3C0072668E /* NSObject+MTLComparisonAdditions.m */,
				D0BFC36D17476B4700F5DC5D /* NSValueTransformer+MTLInversionAdditions.h */,
				D0BFC36E17476B4700F5DC5D /* NSValueTransformer+MTLInversionAdditions.m */,
				D0F117471614C5600092520B /* NSValueTransformer+MTLPredefinedTransformerAdditions.h */,
				D0F117481614C5600092520B /* NSValueTransformer+MTLPredefinedTransformerAdditions.m */,
			);
			name = Extensions;
			sourceTree = "<group>";
		};
		D090E63A15F73249005282F9 /* libextobjc */ = {
			isa = PBXGroup;
			children = (
				D094E4751777617300906BF7 /* EXTKeyPathCoding.h */,
				D094E4761777617300906BF7 /* EXTRuntimeExtensions.h */,
				D094E4771777617300906BF7 /* EXTRuntimeExtensions.m */,
				D094E4781777617300906BF7 /* EXTScope.h */,
				D094E4791777617300906BF7 /* EXTScope.m */,
				D094E47A1777617300906BF7 /* metamacros.h */,
			);
			name = libextobjc;
			path = Mantle/extobjc;
			sourceTree = SOURCE_ROOT;
		};
		D0A56B491804B04900A84EDC /* Other Frameworks */ = {
			isa = PBXGroup;
			children = (
				D0A56B4A1804B04900A84EDC /* Foundation.framework */,
				D0A56B4B1804B04900A84EDC /* CoreData.framework */,
				D0A56B4C1804B04900A84EDC /* AppKit.framework */,
			);
			name = "Other Frameworks";
			sourceTree = "<group>";
		};
		DB0070BE18E49A2300E96F6F /* Tests */ = {
			isa = PBXGroup;
			children = (
				DB0070BF18E49A4600E96F6F /* MTLArrayManipulationTests.m */,
				DB0070C518E49CAE00E96F6F /* MTLComparisonAdditionsTests.m */,
				DB0070C818E49E7E00E96F6F /* MTLDictionaryMappingTests.m */,
				DB0070CB18E49E8B00E96F6F /* MTLDictionaryManipulationTests.m */,
				DB0070DA18E4A55B00E96F6F /* MTLErrorModelExceptionTests.m */,
				DB0070DD18E4A5D700E96F6F /* MTLJSONAdapterTests.m */,
				DB0070E018E4B0A200E96F6F /* MTLManagedObjectAdapterTests.m */,
				DB0070E318E4B8EF00E96F6F /* MTLModelNSCodingTests.m */,
				DB0070E618E4BB1500E96F6F /* MTLModelTests.m */,
				DB0070E918E4BB1F00E96F6F /* MTLModelValidationTests.m */,
				DB0070EC18E4BB3000E96F6F /* MTLPredefinedTransformerAdditionsTests.m */,
				DB0070EF18E4BB3D00E96F6F /* MTLValueTransformerTests.m */,
				DB0070F218E4BB4E00E96F6F /* MTLValueTransformerInversionAdditionsTests.m */,
			);
			name = Tests;
			sourceTree = "<group>";
		};
/* End PBXGroup section */

/* Begin PBXHeadersBuildPhase section */
		D042FC3915F72B23004E8054 /* Headers */ = {
			isa = PBXHeadersBuildPhase;
			buildActionMask = 2147483647;
			files = (
				547F78551822BCFD00BBAB7B /* NSDictionary+MTLMappingAdditions.h in Headers */,
				D0760E0515FFBD440060F550 /* Mantle.h in Headers */,
				D0760E7815FFBF330060F550 /* MTLModel.h in Headers */,
				D08B5AAE16002694001FE685 /* MTLValueTransformer.h in Headers */,
				DB0070F518E4CDEA00E96F6F /* NSError+MTLModelException.h in Headers */,
				88080C18160A706900CCABF2 /* NSArray+MTLManipulationAdditions.h in Headers */,
				DB0070F718E4CDF200E96F6F /* NSDictionary+MTLJSONKeyPath.h in Headers */,
				D0C27D0A16110973002FE587 /* NSDictionary+MTLManipulationAdditions.h in Headers */,
				D0F117491614C5600092520B /* NSValueTransformer+MTLPredefinedTransformerAdditions.h in Headers */,
				1ED5B5D0163A4E3C0072668E /* NSObject+MTLComparisonAdditions.h in Headers */,
				547165A41801977000E734DB /* MTLTransformerErrorHandling.h in Headers */,
				D01BD09D16CB432D00EC95C7 /* MTLJSONAdapter.h in Headers */,
				D01BD0AF16CB52E800EC95C7 /* MTLModel+NSCoding.h in Headers */,
				D0E51937170A06CF00E8897B /* MTLManagedObjectAdapter.h in Headers */,
				D0BFC36F17476B4700F5DC5D /* NSValueTransformer+MTLInversionAdditions.h in Headers */,
			);
			runOnlyForDeploymentPostprocessing = 0;
		};
		D8A172F71697E860002CFCC8 /* Headers */ = {
			isa = PBXHeadersBuildPhase;
			buildActionMask = 2147483647;
			files = (
				D8A172F81697E87A002CFCC8 /* Mantle.h in Headers */,
				D8A172F91697E87A002CFCC8 /* MTLModel.h in Headers */,
				D8A172FA1697E87A002CFCC8 /* MTLValueTransformer.h in Headers */,
				D8A172FC1697E87A002CFCC8 /* NSArray+MTLManipulationAdditions.h in Headers */,
				DB0070F618E4CDEB00E96F6F /* NSError+MTLModelException.h in Headers */,
				D8A172FE1697E87A002CFCC8 /* NSDictionary+MTLManipulationAdditions.h in Headers */,
				DB0070F818E4CDF200E96F6F /* NSDictionary+MTLJSONKeyPath.h in Headers */,
				547F78561822BCFD00BBAB7B /* NSDictionary+MTLMappingAdditions.h in Headers */,
				D8A173021697E87A002CFCC8 /* NSValueTransformer+MTLPredefinedTransformerAdditions.h in Headers */,
				547165A51801977000E734DB /* MTLTransformerErrorHandling.h in Headers */,
				D8A173031697E87A002CFCC8 /* NSObject+MTLComparisonAdditions.h in Headers */,
				D01BD09E16CB432D00EC95C7 /* MTLJSONAdapter.h in Headers */,
				D01BD0B016CB52E800EC95C7 /* MTLModel+NSCoding.h in Headers */,
				D0E51938170A06CF00E8897B /* MTLManagedObjectAdapter.h in Headers */,
				D0BFC37017476B4700F5DC5D /* NSValueTransformer+MTLInversionAdditions.h in Headers */,
			);
			runOnlyForDeploymentPostprocessing = 0;
		};
/* End PBXHeadersBuildPhase section */

/* Begin PBXNativeTarget section */
		D042FC3B15F72B23004E8054 /* Mantle */ = {
			isa = PBXNativeTarget;
			buildConfigurationList = D042FC6615F72B23004E8054 /* Build configuration list for PBXNativeTarget "Mantle" */;
			buildPhases = (
				D042FC3715F72B23004E8054 /* Sources */,
				D042FC3815F72B23004E8054 /* Frameworks */,
				D042FC3915F72B23004E8054 /* Headers */,
				D042FC3A15F72B23004E8054 /* Resources */,
			);
			buildRules = (
			);
			dependencies = (
			);
			name = Mantle;
			productName = Maverick;
			productReference = D042FC3C15F72B23004E8054 /* Mantle.framework */;
			productType = "com.apple.product-type.framework";
		};
		D042FC7815F72BC7004E8054 /* Mantle-iOS */ = {
			isa = PBXNativeTarget;
			buildConfigurationList = D042FC9815F72BC7004E8054 /* Build configuration list for PBXNativeTarget "Mantle-iOS" */;
			buildPhases = (
				D042FC7515F72BC7004E8054 /* Sources */,
				D042FC7615F72BC7004E8054 /* Frameworks */,
				D8A172F71697E860002CFCC8 /* Headers */,
			);
			buildRules = (
			);
			dependencies = (
			);
			name = "Mantle-iOS";
			productName = Maverick;
			productReference = D042FC7915F72BC7004E8054 /* libMantle.a */;
			productType = "com.apple.product-type.library.static";
		};
		DB2D96E318E48DE3004D327B /* Mantle Tests */ = {
			isa = PBXNativeTarget;
			buildConfigurationList = DB2D96F118E48DE3004D327B /* Build configuration list for PBXNativeTarget "Mantle Tests" */;
			buildPhases = (
				DB2D96E018E48DE3004D327B /* Sources */,
				DB2D96E118E48DE3004D327B /* Frameworks */,
				DB2D96E218E48DE3004D327B /* Resources */,
			);
			buildRules = (
			);
			dependencies = (
				DB2D96F018E48DE3004D327B /* PBXTargetDependency */,
			);
			name = "Mantle Tests";
			productName = "Mantle Tests";
			productReference = DB2D96E418E48DE3004D327B /* Mantle Tests.xctest */;
			productType = "com.apple.product-type.bundle.unit-test";
		};
		DB2D96F918E48DF6004D327B /* Mantle-iOS Tests */ = {
			isa = PBXNativeTarget;
			buildConfigurationList = DB2D970718E48DF6004D327B /* Build configuration list for PBXNativeTarget "Mantle-iOS Tests" */;
			buildPhases = (
				DB2D96F618E48DF6004D327B /* Sources */,
				DB2D96F718E48DF6004D327B /* Frameworks */,
				DB2D96F818E48DF6004D327B /* Resources */,
			);
			buildRules = (
			);
			dependencies = (
				DB2D970618E48DF6004D327B /* PBXTargetDependency */,
			);
			name = "Mantle-iOS Tests";
			productName = "Mantle-iOS Tests";
			productReference = DB2D96FA18E48DF6004D327B /* Mantle-iOS Tests.xctest */;
			productType = "com.apple.product-type.bundle.unit-test";
		};
/* End PBXNativeTarget section */

/* Begin PBXProject section */
		D042FC3215F72B23004E8054 /* Project object */ = {
			isa = PBXProject;
			attributes = {
				LastUpgradeCheck = 0500;
				ORGANIZATIONNAME = GitHub;
				TargetAttributes = {
					DB2D96E318E48DE3004D327B = {
						TestTargetID = D042FC3B15F72B23004E8054;
					};
					DB2D96F918E48DF6004D327B = {
						TestTargetID = D042FC7815F72BC7004E8054;
					};
				};
			};
			buildConfigurationList = D042FC3515F72B23004E8054 /* Build configuration list for PBXProject "Mantle" */;
			compatibilityVersion = "Xcode 3.2";
			developmentRegion = English;
			hasScannedForEncodings = 0;
			knownRegions = (
				en,
			);
			mainGroup = D042FC3015F72B23004E8054;
			productRefGroup = D042FC3D15F72B23004E8054 /* Products */;
			projectDirPath = "";
			projectRoot = "";
			targets = (
				D042FC3B15F72B23004E8054 /* Mantle */,
				DB2D96E318E48DE3004D327B /* Mantle Tests */,
				D042FC7815F72BC7004E8054 /* Mantle-iOS */,
				DB2D96F918E48DF6004D327B /* Mantle-iOS Tests */,
			);
		};
/* End PBXProject section */

/* Begin PBXResourcesBuildPhase section */
		D042FC3A15F72B23004E8054 /* Resources */ = {
			isa = PBXResourcesBuildPhase;
			buildActionMask = 2147483647;
			files = (
			);
			runOnlyForDeploymentPostprocessing = 0;
		};
		DB2D96E218E48DE3004D327B /* Resources */ = {
			isa = PBXResourcesBuildPhase;
			buildActionMask = 2147483647;
			files = (
				DB0070D018E4A52B00E96F6F /* MTLTestModel-OldArchive.plist in Resources */,
			);
			runOnlyForDeploymentPostprocessing = 0;
		};
		DB2D96F818E48DF6004D327B /* Resources */ = {
			isa = PBXResourcesBuildPhase;
			buildActionMask = 2147483647;
			files = (
				DB0070D118E4A52B00E96F6F /* MTLTestModel-OldArchive.plist in Resources */,
			);
			runOnlyForDeploymentPostprocessing = 0;
		};
/* End PBXResourcesBuildPhase section */

/* Begin PBXSourcesBuildPhase section */
		D042FC3715F72B23004E8054 /* Sources */ = {
			isa = PBXSourcesBuildPhase;
			buildActionMask = 2147483647;
			files = (
				D0760E7915FFBF330060F550 /* MTLModel.m in Sources */,
				547F78571822BCFD00BBAB7B /* NSDictionary+MTLMappingAdditions.m in Sources */,
				D08B5AAF16002694001FE685 /* MTLValueTransformer.m in Sources */,
				88080C19160A706900CCABF2 /* NSArray+MTLManipulationAdditions.m in Sources */,
				D0C27D0B16110973002FE587 /* NSDictionary+MTLManipulationAdditions.m in Sources */,
				54EDCD0C18D9B34F005796FC /* NSDictionary+MTLJSONKeyPath.m in Sources */,
				D0F1174A1614C5600092520B /* NSValueTransformer+MTLPredefinedTransformerAdditions.m in Sources */,
				1ED5B5D1163A4E3C0072668E /* NSObject+MTLComparisonAdditions.m in Sources */,
				D01BD09F16CB432D00EC95C7 /* MTLJSONAdapter.m in Sources */,
				54803A34178829A800011B39 /* NSError+MTLModelException.m in Sources */,
				D01BD0B116CB52E800EC95C7 /* MTLModel+NSCoding.m in Sources */,
				5487912418210717007F8347 /* MTLTransformerErrorHandling.m in Sources */,
				D058FE2116EFB3D2009DFB47 /* MTLReflection.m in Sources */,
				D0E51939170A06CF00E8897B /* MTLManagedObjectAdapter.m in Sources */,
				D0BFC37117476B4700F5DC5D /* NSValueTransformer+MTLInversionAdditions.m in Sources */,
				D094E47B1777617500906BF7 /* EXTRuntimeExtensions.m in Sources */,
				D094E47D1777617800906BF7 /* EXTScope.m in Sources */,
			);
			runOnlyForDeploymentPostprocessing = 0;
		};
		D042FC7515F72BC7004E8054 /* Sources */ = {
			isa = PBXSourcesBuildPhase;
			buildActionMask = 2147483647;
			files = (
				D0760E7A15FFBF330060F550 /* MTLModel.m in Sources */,
				547F78581822BCFD00BBAB7B /* NSDictionary+MTLMappingAdditions.m in Sources */,
				D08B5AB016002694001FE685 /* MTLValueTransformer.m in Sources */,
				88080C1A160A706900CCABF2 /* NSArray+MTLManipulationAdditions.m in Sources */,
				D0C27D0C16110973002FE587 /* NSDictionary+MTLManipulationAdditions.m in Sources */,
				54EDCD0D18D9B34F005796FC /* NSDictionary+MTLJSONKeyPath.m in Sources */,
				D0F1174B1614C5600092520B /* NSValueTransformer+MTLPredefinedTransformerAdditions.m in Sources */,
				1ED5B5D2163A4E3C0072668E /* NSObject+MTLComparisonAdditions.m in Sources */,
				D01BD0A016CB432D00EC95C7 /* MTLJSONAdapter.m in Sources */,
				54803A35178829A800011B39 /* NSError+MTLModelException.m in Sources */,
				D01BD0B216CB52E800EC95C7 /* MTLModel+NSCoding.m in Sources */,
				547F784C1821117500BBAB7B /* MTLTransformerErrorHandling.m in Sources */,
				D058FE2216EFB3D2009DFB47 /* MTLReflection.m in Sources */,
				D0E5193A170A06CF00E8897B /* MTLManagedObjectAdapter.m in Sources */,
				D0BFC37217476B4700F5DC5D /* NSValueTransformer+MTLInversionAdditions.m in Sources */,
				D094E47C1777617600906BF7 /* EXTRuntimeExtensions.m in Sources */,
				D094E47E1777617900906BF7 /* EXTScope.m in Sources */,
			);
			runOnlyForDeploymentPostprocessing = 0;
		};
		DB2D96E018E48DE3004D327B /* Sources */ = {
			isa = PBXSourcesBuildPhase;
			buildActionMask = 2147483647;
			files = (
				DB0070EA18E4BB1F00E96F6F /* MTLModelValidationTests.m in Sources */,
				DB0070DB18E4A55B00E96F6F /* MTLErrorModelExceptionTests.m in Sources */,
				DB0070E718E4BB1500E96F6F /* MTLModelTests.m in Sources */,
				DB0070F318E4BB4E00E96F6F /* MTLValueTransformerInversionAdditionsTests.m in Sources */,
				DB0070D218E4A53000E96F6F /* MTLTestNotificationObserver.m in Sources */,
				DB0070E418E4B8EF00E96F6F /* MTLModelNSCodingTests.m in Sources */,
				DB0070CC18E49E8B00E96F6F /* MTLDictionaryManipulationTests.m in Sources */,
				DB0070CE18E4A52800E96F6F /* TestModel.xcdatamodeld in Sources */,
				DB0070D618E4A53600E96F6F /* MTLTestModel.m in Sources */,
				DB0070C918E49E7E00E96F6F /* MTLDictionaryMappingTests.m in Sources */,
				DB0070E118E4B0A200E96F6F /* MTLManagedObjectAdapterTests.m in Sources */,
				DB0070C618E49CAE00E96F6F /* MTLComparisonAdditionsTests.m in Sources */,
				DB0070ED18E4BB3000E96F6F /* MTLPredefinedTransformerAdditionsTests.m in Sources */,
				DB0070D418E4A53600E96F6F /* MTLCoreDataObjects.m in Sources */,
				DB0070F018E4BB3D00E96F6F /* MTLValueTransformerTests.m in Sources */,
				DB0070D518E4A53600E96F6F /* MTLCoreDataTestModels.m in Sources */,
				DB0070C018E49A4600E96F6F /* MTLArrayManipulationTests.m in Sources */,
				DB0070DE18E4A5D700E96F6F /* MTLJSONAdapterTests.m in Sources */,
			);
			runOnlyForDeploymentPostprocessing = 0;
		};
		DB2D96F618E48DF6004D327B /* Sources */ = {
			isa = PBXSourcesBuildPhase;
			buildActionMask = 2147483647;
			files = (
				DB0070EB18E4BB1F00E96F6F /* MTLModelValidationTests.m in Sources */,
				DB0070DC18E4A55B00E96F6F /* MTLErrorModelExceptionTests.m in Sources */,
				DB0070E818E4BB1500E96F6F /* MTLModelTests.m in Sources */,
				DB0070F418E4BB4E00E96F6F /* MTLValueTransformerInversionAdditionsTests.m in Sources */,
				DB0070D318E4A53100E96F6F /* MTLTestNotificationObserver.m in Sources */,
				DB0070E518E4B8EF00E96F6F /* MTLModelNSCodingTests.m in Sources */,
				DB0070CD18E49E8B00E96F6F /* MTLDictionaryManipulationTests.m in Sources */,
				DB0070CF18E4A52800E96F6F /* TestModel.xcdatamodeld in Sources */,
				DB0070D918E4A53700E96F6F /* MTLTestModel.m in Sources */,
				DB0070CA18E49E7E00E96F6F /* MTLDictionaryMappingTests.m in Sources */,
				DB0070E218E4B0A200E96F6F /* MTLManagedObjectAdapterTests.m in Sources */,
				DB0070C718E49CAE00E96F6F /* MTLComparisonAdditionsTests.m in Sources */,
				DB0070EE18E4BB3000E96F6F /* MTLPredefinedTransformerAdditionsTests.m in Sources */,
				DB0070D718E4A53700E96F6F /* MTLCoreDataObjects.m in Sources */,
				DB0070F118E4BB3D00E96F6F /* MTLValueTransformerTests.m in Sources */,
				DB0070D818E4A53700E96F6F /* MTLCoreDataTestModels.m in Sources */,
				DB0070C118E49A4600E96F6F /* MTLArrayManipulationTests.m in Sources */,
				DB0070DF18E4A5D700E96F6F /* MTLJSONAdapterTests.m in Sources */,
			);
			runOnlyForDeploymentPostprocessing = 0;
		};
/* End PBXSourcesBuildPhase section */

/* Begin PBXTargetDependency section */
		DB2D96F018E48DE3004D327B /* PBXTargetDependency */ = {
			isa = PBXTargetDependency;
			target = D042FC3B15F72B23004E8054 /* Mantle */;
			targetProxy = DB2D96EF18E48DE3004D327B /* PBXContainerItemProxy */;
		};
		DB2D970618E48DF6004D327B /* PBXTargetDependency */ = {
			isa = PBXTargetDependency;
			target = D042FC7815F72BC7004E8054 /* Mantle-iOS */;
			targetProxy = DB2D970518E48DF6004D327B /* PBXContainerItemProxy */;
		};
/* End PBXTargetDependency section */

/* Begin XCBuildConfiguration section */
		D042FC6415F72B23004E8054 /* Debug */ = {
			isa = XCBuildConfiguration;
			buildSettings = {
				ALWAYS_SEARCH_USER_PATHS = NO;
				CLANG_ANALYZER_SECURITY_FLOATLOOPCOUNTER = YES;
				CLANG_ANALYZER_SECURITY_INSECUREAPI_RAND = YES;
				CLANG_ANALYZER_SECURITY_INSECUREAPI_STRCPY = YES;
				CLANG_CXX_LANGUAGE_STANDARD = "gnu++0x";
				CLANG_ENABLE_MODULES = YES;
				CLANG_ENABLE_OBJC_ARC = YES;
				CLANG_WARN_BOOL_CONVERSION = YES;
				CLANG_WARN_CONSTANT_CONVERSION = YES;
				CLANG_WARN_DEPRECATED_OBJC_IMPLEMENTATIONS = YES;
				CLANG_WARN_DIRECT_OBJC_ISA_USAGE = YES_ERROR;
				CLANG_WARN_EMPTY_BODY = YES;
				CLANG_WARN_ENUM_CONVERSION = YES;
				CLANG_WARN_IMPLICIT_SIGN_CONVERSION = NO;
				CLANG_WARN_INT_CONVERSION = YES;
				CLANG_WARN_OBJC_REPEATED_USE_OF_WEAK = NO;
				CLANG_WARN_OBJC_ROOT_CLASS = YES_ERROR;
				CLANG_WARN_SUSPICIOUS_IMPLICIT_CONVERSION = YES;
				CLANG_WARN__DUPLICATE_METHOD_MATCH = YES;
				COPY_PHASE_STRIP = NO;
				DEBUG_INFORMATION_FORMAT = "dwarf-with-dsym";
				GCC_C_LANGUAGE_STANDARD = gnu99;
				GCC_ENABLE_OBJC_EXCEPTIONS = YES;
				GCC_GENERATE_DEBUGGING_SYMBOLS = YES;
				GCC_OPTIMIZATION_LEVEL = 0;
				GCC_PRECOMPILE_PREFIX_HEADER = YES;
				GCC_PREFIX_HEADER = "Mantle/Mantle-Prefix.pch";
				GCC_PREPROCESSOR_DEFINITIONS = "DEBUG=1";
				GCC_STRICT_ALIASING = YES;
				GCC_SYMBOLS_PRIVATE_EXTERN = NO;
				GCC_THREADSAFE_STATICS = NO;
				GCC_TREAT_WARNINGS_AS_ERRORS = YES;
				GCC_VERSION = "";
				GCC_WARN_64_TO_32_BIT_CONVERSION = YES;
				GCC_WARN_ABOUT_MISSING_FIELD_INITIALIZERS = YES;
				GCC_WARN_ABOUT_MISSING_PROTOTYPES = NO;
				GCC_WARN_ABOUT_POINTER_SIGNEDNESS = YES;
				GCC_WARN_ABOUT_RETURN_TYPE = YES;
				GCC_WARN_ALLOW_INCOMPLETE_PROTOCOL = YES;
				GCC_WARN_CHECK_SWITCH_STATEMENTS = YES;
				GCC_WARN_FOUR_CHARACTER_CONSTANTS = YES;
				GCC_WARN_INITIALIZER_NOT_FULLY_BRACKETED = YES;
				GCC_WARN_MISSING_PARENTHESES = YES;
				GCC_WARN_SIGN_COMPARE = YES;
				GCC_WARN_TYPECHECK_CALLS_TO_PRINTF = YES;
				GCC_WARN_UNDECLARED_SELECTOR = YES;
				GCC_WARN_UNINITIALIZED_AUTOS = YES_AGGRESSIVE;
				GCC_WARN_UNUSED_FUNCTION = YES;
				GCC_WARN_UNUSED_LABEL = YES;
				GCC_WARN_UNUSED_VARIABLE = YES;
				IPHONEOS_DEPLOYMENT_TARGET = 6.0;
				LLVM_LTO = NO;
				MACOSX_DEPLOYMENT_TARGET = 10.8;
				ONLY_ACTIVE_ARCH = YES;
				OTHER_CFLAGS = "-ftrapv";
				OTHER_CODE_SIGN_FLAGS = "--timestamp=none";
				RUN_CLANG_STATIC_ANALYZER = YES;
				STRIP_INSTALLED_PRODUCT = NO;
				TEST_AFTER_BUILD = NO;
				VALIDATE_PRODUCT = NO;
				WARNING_CFLAGS = (
					"-Wno-error=unknown-warning-option",
					"-Wno-gcc-compat",
					"-Wno-unused-const-variable",
				);
			};
			name = Debug;
		};
		D042FC6515F72B23004E8054 /* Release */ = {
			isa = XCBuildConfiguration;
			buildSettings = {
				ALWAYS_SEARCH_USER_PATHS = NO;
				CLANG_ANALYZER_SECURITY_FLOATLOOPCOUNTER = YES;
				CLANG_ANALYZER_SECURITY_INSECUREAPI_RAND = YES;
				CLANG_ANALYZER_SECURITY_INSECUREAPI_STRCPY = YES;
				CLANG_CXX_LANGUAGE_STANDARD = "gnu++0x";
				CLANG_ENABLE_MODULES = YES;
				CLANG_ENABLE_OBJC_ARC = YES;
				CLANG_WARN_BOOL_CONVERSION = YES;
				CLANG_WARN_CONSTANT_CONVERSION = YES;
				CLANG_WARN_DEPRECATED_OBJC_IMPLEMENTATIONS = YES;
				CLANG_WARN_DIRECT_OBJC_ISA_USAGE = YES_ERROR;
				CLANG_WARN_EMPTY_BODY = YES;
				CLANG_WARN_ENUM_CONVERSION = YES;
				CLANG_WARN_IMPLICIT_SIGN_CONVERSION = NO;
				CLANG_WARN_INT_CONVERSION = YES;
				CLANG_WARN_OBJC_REPEATED_USE_OF_WEAK = NO;
				CLANG_WARN_OBJC_ROOT_CLASS = YES_ERROR;
				CLANG_WARN_SUSPICIOUS_IMPLICIT_CONVERSION = YES;
				CLANG_WARN__DUPLICATE_METHOD_MATCH = YES;
				COPY_PHASE_STRIP = YES;
				DEBUG_INFORMATION_FORMAT = "dwarf-with-dsym";
				GCC_C_LANGUAGE_STANDARD = gnu99;
				GCC_ENABLE_OBJC_EXCEPTIONS = YES;
				GCC_GENERATE_DEBUGGING_SYMBOLS = YES;
				GCC_OPTIMIZATION_LEVEL = s;
				GCC_PRECOMPILE_PREFIX_HEADER = YES;
				GCC_PREFIX_HEADER = "Mantle/Mantle-Prefix.pch";
				GCC_PREPROCESSOR_DEFINITIONS = "NDEBUG=1";
				GCC_STRICT_ALIASING = YES;
				GCC_SYMBOLS_PRIVATE_EXTERN = NO;
				GCC_THREADSAFE_STATICS = NO;
				GCC_TREAT_WARNINGS_AS_ERRORS = YES;
				GCC_VERSION = "";
				GCC_WARN_64_TO_32_BIT_CONVERSION = YES;
				GCC_WARN_ABOUT_MISSING_FIELD_INITIALIZERS = YES;
				GCC_WARN_ABOUT_MISSING_PROTOTYPES = NO;
				GCC_WARN_ABOUT_POINTER_SIGNEDNESS = YES;
				GCC_WARN_ABOUT_RETURN_TYPE = YES;
				GCC_WARN_ALLOW_INCOMPLETE_PROTOCOL = YES;
				GCC_WARN_CHECK_SWITCH_STATEMENTS = YES;
				GCC_WARN_FOUR_CHARACTER_CONSTANTS = YES;
				GCC_WARN_INITIALIZER_NOT_FULLY_BRACKETED = YES;
				GCC_WARN_MISSING_PARENTHESES = YES;
				GCC_WARN_SIGN_COMPARE = YES;
				GCC_WARN_TYPECHECK_CALLS_TO_PRINTF = YES;
				GCC_WARN_UNDECLARED_SELECTOR = YES;
				GCC_WARN_UNINITIALIZED_AUTOS = YES_AGGRESSIVE;
				GCC_WARN_UNUSED_FUNCTION = YES;
				GCC_WARN_UNUSED_LABEL = YES;
				GCC_WARN_UNUSED_VARIABLE = YES;
				IPHONEOS_DEPLOYMENT_TARGET = 6.0;
				LLVM_LTO = NO;
				MACOSX_DEPLOYMENT_TARGET = 10.8;
				ONLY_ACTIVE_ARCH = NO;
				RUN_CLANG_STATIC_ANALYZER = YES;
				STRIP_INSTALLED_PRODUCT = YES;
				TEST_AFTER_BUILD = NO;
				VALIDATE_PRODUCT = YES;
				WARNING_CFLAGS = (
					"-Wno-error=unknown-warning-option",
					"-Wno-gcc-compat",
					"-Wno-unused-const-variable",
				);
			};
			name = Release;
		};
		D042FC6715F72B23004E8054 /* Debug */ = {
			isa = XCBuildConfiguration;
			buildSettings = {
				COMBINE_HIDPI_IMAGES = YES;
				DEAD_CODE_STRIPPING = NO;
				DYLIB_COMPATIBILITY_VERSION = 1;
				DYLIB_CURRENT_VERSION = 1;
				FRAMEWORK_VERSION = A;
				GCC_DYNAMIC_NO_PIC = NO;
				INFOPLIST_FILE = "$PRODUCT_NAME/$PRODUCT_NAME-Info.plist";
				INSTALL_PATH = "@rpath";
				LD_DYLIB_INSTALL_NAME = "@rpath/$(PRODUCT_NAME).$(WRAPPER_EXTENSION)/$(PRODUCT_NAME)";
				PRODUCT_NAME = "$(TARGET_NAME)";
				SDKROOT = macosx;
				SKIP_INSTALL = YES;
				SUPPORTED_PLATFORMS = macosx;
				USER_HEADER_SEARCH_PATHS = "./**";
				WRAPPER_EXTENSION = framework;
			};
			name = Debug;
		};
		D042FC6815F72B23004E8054 /* Release */ = {
			isa = XCBuildConfiguration;
			buildSettings = {
				COMBINE_HIDPI_IMAGES = YES;
				DEAD_CODE_STRIPPING = NO;
				DYLIB_COMPATIBILITY_VERSION = 1;
				DYLIB_CURRENT_VERSION = 1;
				FRAMEWORK_VERSION = A;
				GCC_DYNAMIC_NO_PIC = NO;
				INFOPLIST_FILE = "$PRODUCT_NAME/$PRODUCT_NAME-Info.plist";
				INSTALL_PATH = "@rpath";
				LD_DYLIB_INSTALL_NAME = "@rpath/$(PRODUCT_NAME).$(WRAPPER_EXTENSION)/$(PRODUCT_NAME)";
				PRODUCT_NAME = "$(TARGET_NAME)";
				SDKROOT = macosx;
				SKIP_INSTALL = YES;
				SUPPORTED_PLATFORMS = macosx;
				USER_HEADER_SEARCH_PATHS = "./**";
				WRAPPER_EXTENSION = framework;
			};
			name = Release;
		};
		D042FC9915F72BC7004E8054 /* Debug */ = {
			isa = XCBuildConfiguration;
			buildSettings = {
				COPY_PHASE_STRIP = NO;
				DEAD_CODE_STRIPPING = NO;
				DSTROOT = /tmp/$PRODUCT_NAME.dst;
				GCC_DYNAMIC_NO_PIC = NO;
				HEADER_SEARCH_PATHS = "$(OBJROOT)/UninstalledProducts/include";
				ONLY_ACTIVE_ARCH = NO;
				OTHER_LDFLAGS = "-ObjC";
				PRODUCT_NAME = Mantle;
				PUBLIC_HEADERS_FOLDER_PATH = "include/$(PRODUCT_NAME)";
				SDKROOT = iphoneos;
				SKIP_INSTALL = YES;
				SUPPORTED_PLATFORMS = "iphonesimulator iphoneos";
				TARGETED_DEVICE_FAMILY = "1,2";
				USER_HEADER_SEARCH_PATHS = "./**";
			};
			name = Debug;
		};
		D042FC9A15F72BC7004E8054 /* Release */ = {
			isa = XCBuildConfiguration;
			buildSettings = {
				COPY_PHASE_STRIP = NO;
				DEAD_CODE_STRIPPING = NO;
				DSTROOT = /tmp/$PRODUCT_NAME.dst;
				GCC_DYNAMIC_NO_PIC = NO;
				HEADER_SEARCH_PATHS = "$(OBJROOT)/UninstalledProducts/include";
				ONLY_ACTIVE_ARCH = NO;
				OTHER_LDFLAGS = "-ObjC";
				PRODUCT_NAME = Mantle;
				PUBLIC_HEADERS_FOLDER_PATH = "include/$(PRODUCT_NAME)";
				SDKROOT = iphoneos;
				SKIP_INSTALL = YES;
				SUPPORTED_PLATFORMS = "iphonesimulator iphoneos";
				TARGETED_DEVICE_FAMILY = "1,2";
				USER_HEADER_SEARCH_PATHS = "./**";
			};
			name = Release;
		};
		D042FCC415F72E0C004E8054 /* Profile */ = {
			isa = XCBuildConfiguration;
			buildSettings = {
				ALWAYS_SEARCH_USER_PATHS = NO;
				CLANG_ANALYZER_SECURITY_FLOATLOOPCOUNTER = YES;
				CLANG_ANALYZER_SECURITY_INSECUREAPI_RAND = YES;
				CLANG_ANALYZER_SECURITY_INSECUREAPI_STRCPY = YES;
				CLANG_CXX_LANGUAGE_STANDARD = "gnu++0x";
				CLANG_ENABLE_MODULES = YES;
				CLANG_ENABLE_OBJC_ARC = YES;
				CLANG_WARN_BOOL_CONVERSION = YES;
				CLANG_WARN_CONSTANT_CONVERSION = YES;
				CLANG_WARN_DEPRECATED_OBJC_IMPLEMENTATIONS = YES;
				CLANG_WARN_DIRECT_OBJC_ISA_USAGE = YES_ERROR;
				CLANG_WARN_EMPTY_BODY = YES;
				CLANG_WARN_ENUM_CONVERSION = YES;
				CLANG_WARN_IMPLICIT_SIGN_CONVERSION = NO;
				CLANG_WARN_INT_CONVERSION = YES;
				CLANG_WARN_OBJC_REPEATED_USE_OF_WEAK = NO;
				CLANG_WARN_OBJC_ROOT_CLASS = YES_ERROR;
				CLANG_WARN_SUSPICIOUS_IMPLICIT_CONVERSION = YES;
				CLANG_WARN__DUPLICATE_METHOD_MATCH = YES;
				COPY_PHASE_STRIP = NO;
				DEBUG_INFORMATION_FORMAT = "dwarf-with-dsym";
				GCC_C_LANGUAGE_STANDARD = gnu99;
				GCC_ENABLE_OBJC_EXCEPTIONS = YES;
				GCC_GENERATE_DEBUGGING_SYMBOLS = YES;
				GCC_OPTIMIZATION_LEVEL = s;
				GCC_PRECOMPILE_PREFIX_HEADER = YES;
				GCC_PREFIX_HEADER = "Mantle/Mantle-Prefix.pch";
				GCC_PREPROCESSOR_DEFINITIONS = "NDEBUG=1";
				GCC_STRICT_ALIASING = YES;
				GCC_SYMBOLS_PRIVATE_EXTERN = NO;
				GCC_THREADSAFE_STATICS = NO;
				GCC_TREAT_WARNINGS_AS_ERRORS = YES;
				GCC_VERSION = "";
				GCC_WARN_64_TO_32_BIT_CONVERSION = YES;
				GCC_WARN_ABOUT_MISSING_FIELD_INITIALIZERS = YES;
				GCC_WARN_ABOUT_MISSING_PROTOTYPES = NO;
				GCC_WARN_ABOUT_POINTER_SIGNEDNESS = YES;
				GCC_WARN_ABOUT_RETURN_TYPE = YES;
				GCC_WARN_ALLOW_INCOMPLETE_PROTOCOL = YES;
				GCC_WARN_CHECK_SWITCH_STATEMENTS = YES;
				GCC_WARN_FOUR_CHARACTER_CONSTANTS = YES;
				GCC_WARN_INITIALIZER_NOT_FULLY_BRACKETED = YES;
				GCC_WARN_MISSING_PARENTHESES = YES;
				GCC_WARN_SIGN_COMPARE = YES;
				GCC_WARN_TYPECHECK_CALLS_TO_PRINTF = YES;
				GCC_WARN_UNDECLARED_SELECTOR = YES;
				GCC_WARN_UNINITIALIZED_AUTOS = YES_AGGRESSIVE;
				GCC_WARN_UNUSED_FUNCTION = YES;
				GCC_WARN_UNUSED_LABEL = YES;
				GCC_WARN_UNUSED_VARIABLE = YES;
				IPHONEOS_DEPLOYMENT_TARGET = 6.0;
				LLVM_LTO = NO;
				MACOSX_DEPLOYMENT_TARGET = 10.8;
				ONLY_ACTIVE_ARCH = YES;
				OTHER_CODE_SIGN_FLAGS = "--timestamp=none";
				RUN_CLANG_STATIC_ANALYZER = YES;
				STRIP_INSTALLED_PRODUCT = NO;
				TEST_AFTER_BUILD = NO;
				VALIDATE_PRODUCT = NO;
				WARNING_CFLAGS = (
					"-Wno-error=unknown-warning-option",
					"-Wno-gcc-compat",
					"-Wno-unused-const-variable",
				);
			};
			name = Profile;
		};
		D042FCC515F72E0C004E8054 /* Profile */ = {
			isa = XCBuildConfiguration;
			buildSettings = {
				COMBINE_HIDPI_IMAGES = YES;
				DEAD_CODE_STRIPPING = NO;
				DYLIB_COMPATIBILITY_VERSION = 1;
				DYLIB_CURRENT_VERSION = 1;
				FRAMEWORK_VERSION = A;
				GCC_DYNAMIC_NO_PIC = NO;
				INFOPLIST_FILE = "$PRODUCT_NAME/$PRODUCT_NAME-Info.plist";
				INSTALL_PATH = "@rpath";
				LD_DYLIB_INSTALL_NAME = "@rpath/$(PRODUCT_NAME).$(WRAPPER_EXTENSION)/$(PRODUCT_NAME)";
				PRODUCT_NAME = "$(TARGET_NAME)";
				SDKROOT = macosx;
				SKIP_INSTALL = YES;
				SUPPORTED_PLATFORMS = macosx;
				USER_HEADER_SEARCH_PATHS = "./**";
				WRAPPER_EXTENSION = framework;
			};
			name = Profile;
		};
		D042FCC715F72E0C004E8054 /* Profile */ = {
			isa = XCBuildConfiguration;
			buildSettings = {
				COPY_PHASE_STRIP = NO;
				DEAD_CODE_STRIPPING = NO;
				DSTROOT = /tmp/$PRODUCT_NAME.dst;
				GCC_DYNAMIC_NO_PIC = NO;
				HEADER_SEARCH_PATHS = "$(OBJROOT)/UninstalledProducts/include";
				ONLY_ACTIVE_ARCH = NO;
				OTHER_LDFLAGS = "-ObjC";
				PRODUCT_NAME = Mantle;
				PUBLIC_HEADERS_FOLDER_PATH = "include/$(PRODUCT_NAME)";
				SDKROOT = iphoneos;
				SKIP_INSTALL = YES;
				SUPPORTED_PLATFORMS = "iphonesimulator iphoneos";
				TARGETED_DEVICE_FAMILY = "1,2";
				USER_HEADER_SEARCH_PATHS = "./**";
			};
			name = Profile;
		};
		D0A56BE11804B97600A84EDC /* Test */ = {
			isa = XCBuildConfiguration;
			buildSettings = {
				ALWAYS_SEARCH_USER_PATHS = NO;
				CLANG_ANALYZER_SECURITY_FLOATLOOPCOUNTER = YES;
				CLANG_ANALYZER_SECURITY_INSECUREAPI_RAND = YES;
				CLANG_ANALYZER_SECURITY_INSECUREAPI_STRCPY = YES;
				CLANG_CXX_LANGUAGE_STANDARD = "gnu++0x";
				CLANG_ENABLE_MODULES = YES;
				CLANG_ENABLE_OBJC_ARC = YES;
				CLANG_WARN_BOOL_CONVERSION = YES;
				CLANG_WARN_CONSTANT_CONVERSION = YES;
				CLANG_WARN_DEPRECATED_OBJC_IMPLEMENTATIONS = YES;
				CLANG_WARN_DIRECT_OBJC_ISA_USAGE = YES_ERROR;
				CLANG_WARN_EMPTY_BODY = YES;
				CLANG_WARN_ENUM_CONVERSION = YES;
				CLANG_WARN_IMPLICIT_SIGN_CONVERSION = NO;
				CLANG_WARN_INT_CONVERSION = YES;
				CLANG_WARN_OBJC_REPEATED_USE_OF_WEAK = NO;
				CLANG_WARN_OBJC_ROOT_CLASS = YES_ERROR;
				CLANG_WARN_SUSPICIOUS_IMPLICIT_CONVERSION = YES;
				CLANG_WARN__DUPLICATE_METHOD_MATCH = YES;
				COPY_PHASE_STRIP = NO;
				DEBUG_INFORMATION_FORMAT = "dwarf-with-dsym";
				GCC_C_LANGUAGE_STANDARD = gnu99;
				GCC_ENABLE_OBJC_EXCEPTIONS = YES;
				GCC_GENERATE_DEBUGGING_SYMBOLS = YES;
				GCC_OPTIMIZATION_LEVEL = 0;
				GCC_PRECOMPILE_PREFIX_HEADER = YES;
				GCC_PREFIX_HEADER = "Mantle/Mantle-Prefix.pch";
				GCC_PREPROCESSOR_DEFINITIONS = "DEBUG=1";
				GCC_STRICT_ALIASING = YES;
				GCC_SYMBOLS_PRIVATE_EXTERN = NO;
				GCC_THREADSAFE_STATICS = NO;
				GCC_TREAT_WARNINGS_AS_ERRORS = YES;
				GCC_VERSION = "";
				GCC_WARN_64_TO_32_BIT_CONVERSION = YES;
				GCC_WARN_ABOUT_MISSING_FIELD_INITIALIZERS = YES;
				GCC_WARN_ABOUT_MISSING_PROTOTYPES = NO;
				GCC_WARN_ABOUT_POINTER_SIGNEDNESS = YES;
				GCC_WARN_ABOUT_RETURN_TYPE = YES;
				GCC_WARN_ALLOW_INCOMPLETE_PROTOCOL = YES;
				GCC_WARN_CHECK_SWITCH_STATEMENTS = YES;
				GCC_WARN_FOUR_CHARACTER_CONSTANTS = YES;
				GCC_WARN_INITIALIZER_NOT_FULLY_BRACKETED = YES;
				GCC_WARN_MISSING_PARENTHESES = YES;
				GCC_WARN_SIGN_COMPARE = YES;
				GCC_WARN_TYPECHECK_CALLS_TO_PRINTF = YES;
				GCC_WARN_UNDECLARED_SELECTOR = YES;
				GCC_WARN_UNINITIALIZED_AUTOS = YES_AGGRESSIVE;
				GCC_WARN_UNUSED_FUNCTION = YES;
				GCC_WARN_UNUSED_LABEL = YES;
				GCC_WARN_UNUSED_VARIABLE = YES;
				IPHONEOS_DEPLOYMENT_TARGET = 6.0;
				LLVM_LTO = NO;
				MACOSX_DEPLOYMENT_TARGET = 10.8;
				ONLY_ACTIVE_ARCH = YES;
				OTHER_CFLAGS = "-ftrapv";
				OTHER_CODE_SIGN_FLAGS = "--timestamp=none";
				RUN_CLANG_STATIC_ANALYZER = YES;
				STRIP_INSTALLED_PRODUCT = NO;
				TEST_AFTER_BUILD = NO;
				VALIDATE_PRODUCT = NO;
				WARNING_CFLAGS = (
					"-Wno-error=unknown-warning-option",
					"-Wno-gcc-compat",
					"-Wno-unused-const-variable",
				);
			};
			name = Test;
		};
		D0A56BE21804B97600A84EDC /* Test */ = {
			isa = XCBuildConfiguration;
			buildSettings = {
				COMBINE_HIDPI_IMAGES = YES;
				DEAD_CODE_STRIPPING = NO;
				DYLIB_COMPATIBILITY_VERSION = 1;
				DYLIB_CURRENT_VERSION = 1;
				FRAMEWORK_VERSION = A;
				GCC_DYNAMIC_NO_PIC = NO;
				INFOPLIST_FILE = "$PRODUCT_NAME/$PRODUCT_NAME-Info.plist";
				INSTALL_PATH = "@rpath";
				LD_DYLIB_INSTALL_NAME = "@rpath/$(PRODUCT_NAME).$(WRAPPER_EXTENSION)/$(PRODUCT_NAME)";
				PRODUCT_NAME = "$(TARGET_NAME)";
				SDKROOT = macosx;
				SKIP_INSTALL = YES;
				SUPPORTED_PLATFORMS = macosx;
				USER_HEADER_SEARCH_PATHS = "./**";
				WRAPPER_EXTENSION = framework;
			};
			name = Test;
		};
		D0A56BE41804B97600A84EDC /* Test */ = {
			isa = XCBuildConfiguration;
			buildSettings = {
				COPY_PHASE_STRIP = NO;
				DEAD_CODE_STRIPPING = NO;
				DSTROOT = /tmp/$PRODUCT_NAME.dst;
				GCC_DYNAMIC_NO_PIC = NO;
				HEADER_SEARCH_PATHS = "$(OBJROOT)/UninstalledProducts/include";
				ONLY_ACTIVE_ARCH = NO;
				OTHER_LDFLAGS = "-ObjC";
				PRODUCT_NAME = Mantle;
				PUBLIC_HEADERS_FOLDER_PATH = "include/$(PRODUCT_NAME)";
				SDKROOT = iphoneos;
				SKIP_INSTALL = YES;
				SUPPORTED_PLATFORMS = "iphonesimulator iphoneos";
				TARGETED_DEVICE_FAMILY = "1,2";
				USER_HEADER_SEARCH_PATHS = "./**";
			};
			name = Test;
		};
		DB2D96F218E48DE3004D327B /* Debug */ = {
			isa = XCBuildConfiguration;
			buildSettings = {
				COMBINE_HIDPI_IMAGES = YES;
				DEAD_CODE_STRIPPING = NO;
				FRAMEWORK_SEARCH_PATHS = "\"$(DEVELOPER_LIBRARY_DIR)/Frameworks\"";
				GCC_DYNAMIC_NO_PIC = YES;
				GCC_OPTIMIZATION_LEVEL = 0;
				GCC_PREFIX_HEADER = "MantleTests/MantleTests-Prefix.pch";
				GCC_SYMBOLS_PRIVATE_EXTERN = NO;
				INFOPLIST_FILE = "MantleTests/MantleTests-Info.plist";
				LD_RUNPATH_SEARCH_PATHS = "@loader_path/../Frameworks";
				OTHER_LDFLAGS = (
					"$(inherited)",
					"-ObjC",
				);
				PRODUCT_NAME = "$(TARGET_NAME)";
				SDKROOT = macosx;
				SUPPORTED_PLATFORMS = macosx;
				WRAPPER_EXTENSION = xctest;
			};
			name = Debug;
		};
		DB2D96F318E48DE3004D327B /* Test */ = {
			isa = XCBuildConfiguration;
			buildSettings = {
				COMBINE_HIDPI_IMAGES = YES;
				DEAD_CODE_STRIPPING = NO;
				FRAMEWORK_SEARCH_PATHS = "\"$(DEVELOPER_LIBRARY_DIR)/Frameworks\"";
				GCC_DYNAMIC_NO_PIC = YES;
				GCC_PREFIX_HEADER = "MantleTests/MantleTests-Prefix.pch";
				INFOPLIST_FILE = "MantleTests/MantleTests-Info.plist";
				LD_RUNPATH_SEARCH_PATHS = "@loader_path/../Frameworks";
				OTHER_LDFLAGS = (
					"$(inherited)",
					"-ObjC",
				);
				PRODUCT_NAME = "$(TARGET_NAME)";
				SDKROOT = macosx;
				SUPPORTED_PLATFORMS = macosx;
				WRAPPER_EXTENSION = xctest;
			};
			name = Test;
		};
		DB2D96F418E48DE3004D327B /* Release */ = {
			isa = XCBuildConfiguration;
			buildSettings = {
				COMBINE_HIDPI_IMAGES = YES;
				DEAD_CODE_STRIPPING = NO;
				FRAMEWORK_SEARCH_PATHS = "\"$(DEVELOPER_LIBRARY_DIR)/Frameworks\"";
				GCC_DYNAMIC_NO_PIC = YES;
				GCC_PREFIX_HEADER = "MantleTests/MantleTests-Prefix.pch";
				INFOPLIST_FILE = "MantleTests/MantleTests-Info.plist";
				LD_RUNPATH_SEARCH_PATHS = "@loader_path/../Frameworks";
				OTHER_LDFLAGS = (
					"$(inherited)",
					"-ObjC",
				);
				PRODUCT_NAME = "$(TARGET_NAME)";
				SDKROOT = macosx;
				SUPPORTED_PLATFORMS = macosx;
				WRAPPER_EXTENSION = xctest;
			};
			name = Release;
		};
		DB2D96F518E48DE3004D327B /* Profile */ = {
			isa = XCBuildConfiguration;
			buildSettings = {
				COMBINE_HIDPI_IMAGES = YES;
				DEAD_CODE_STRIPPING = NO;
				FRAMEWORK_SEARCH_PATHS = "\"$(DEVELOPER_LIBRARY_DIR)/Frameworks\"";
				GCC_DYNAMIC_NO_PIC = YES;
				GCC_PREFIX_HEADER = "MantleTests/MantleTests-Prefix.pch";
				INFOPLIST_FILE = "MantleTests/MantleTests-Info.plist";
				LD_RUNPATH_SEARCH_PATHS = "@loader_path/../Frameworks";
				OTHER_LDFLAGS = (
					"$(inherited)",
					"-ObjC",
				);
				PRODUCT_NAME = "$(TARGET_NAME)";
				SDKROOT = macosx;
				SUPPORTED_PLATFORMS = macosx;
				WRAPPER_EXTENSION = xctest;
			};
			name = Profile;
		};
		DB2D970818E48DF6004D327B /* Debug */ = {
			isa = XCBuildConfiguration;
			buildSettings = {
				DEAD_CODE_STRIPPING = NO;
				FRAMEWORK_SEARCH_PATHS = (
					"\"$(SDKROOT)/Developer/Library/Frameworks\"",
					"\"$(DEVELOPER_LIBRARY_DIR)/Frameworks\"",
				);
				GCC_PREFIX_HEADER = "MantleTests/MantleTests-Prefix.pch";
				HEADER_SEARCH_PATHS = "$(OBJROOT)/UninstalledProducts/include";
				INFOPLIST_FILE = "MantleTests/MantleTests-Info.plist";
				ONLY_ACTIVE_ARCH = NO;
				OTHER_LDFLAGS = (
					"$(inherited)",
					"-ObjC",
				);
				PRODUCT_NAME = "$(TARGET_NAME)";
				SDKROOT = iphoneos;
				SUPPORTED_PLATFORMS = "iphonesimulator iphoneos";
				WRAPPER_EXTENSION = xctest;
			};
			name = Debug;
		};
		DB2D970918E48DF6004D327B /* Test */ = {
			isa = XCBuildConfiguration;
			buildSettings = {
				DEAD_CODE_STRIPPING = NO;
				FRAMEWORK_SEARCH_PATHS = (
					"\"$(SDKROOT)/Developer/Library/Frameworks\"",
					"\"$(DEVELOPER_LIBRARY_DIR)/Frameworks\"",
				);
				GCC_PREFIX_HEADER = "MantleTests/MantleTests-Prefix.pch";
				HEADER_SEARCH_PATHS = "$(OBJROOT)/UninstalledProducts/include";
				INFOPLIST_FILE = "MantleTests/MantleTests-Info.plist";
				ONLY_ACTIVE_ARCH = NO;
				OTHER_LDFLAGS = (
					"$(inherited)",
					"-ObjC",
				);
				PRODUCT_NAME = "$(TARGET_NAME)";
				SDKROOT = iphoneos;
				SUPPORTED_PLATFORMS = "iphonesimulator iphoneos";
				WRAPPER_EXTENSION = xctest;
			};
			name = Test;
		};
		DB2D970A18E48DF6004D327B /* Release */ = {
			isa = XCBuildConfiguration;
			buildSettings = {
				DEAD_CODE_STRIPPING = NO;
				FRAMEWORK_SEARCH_PATHS = (
					"\"$(SDKROOT)/Developer/Library/Frameworks\"",
					"\"$(DEVELOPER_LIBRARY_DIR)/Frameworks\"",
				);
				GCC_PREFIX_HEADER = "MantleTests/MantleTests-Prefix.pch";
				HEADER_SEARCH_PATHS = "$(OBJROOT)/UninstalledProducts/include";
				INFOPLIST_FILE = "MantleTests/MantleTests-Info.plist";
				ONLY_ACTIVE_ARCH = NO;
				OTHER_LDFLAGS = (
					"$(inherited)",
					"-ObjC",
				);
				PRODUCT_NAME = "$(TARGET_NAME)";
				SDKROOT = iphoneos;
				SUPPORTED_PLATFORMS = "iphonesimulator iphoneos";
				WRAPPER_EXTENSION = xctest;
			};
			name = Release;
		};
		DB2D970B18E48DF6004D327B /* Profile */ = {
			isa = XCBuildConfiguration;
			buildSettings = {
				DEAD_CODE_STRIPPING = NO;
				FRAMEWORK_SEARCH_PATHS = (
					"\"$(SDKROOT)/Developer/Library/Frameworks\"",
					"\"$(DEVELOPER_LIBRARY_DIR)/Frameworks\"",
				);
				GCC_PREFIX_HEADER = "MantleTests/MantleTests-Prefix.pch";
				HEADER_SEARCH_PATHS = "$(OBJROOT)/UninstalledProducts/include";
				INFOPLIST_FILE = "MantleTests/MantleTests-Info.plist";
				ONLY_ACTIVE_ARCH = NO;
				OTHER_LDFLAGS = (
					"$(inherited)",
					"-ObjC",
				);
				PRODUCT_NAME = "$(TARGET_NAME)";
				SDKROOT = iphoneos;
				SUPPORTED_PLATFORMS = "iphonesimulator iphoneos";
				WRAPPER_EXTENSION = xctest;
			};
			name = Profile;
		};
/* End XCBuildConfiguration section */

/* Begin XCConfigurationList section */
		D042FC3515F72B23004E8054 /* Build configuration list for PBXProject "Mantle" */ = {
			isa = XCConfigurationList;
			buildConfigurations = (
				D042FC6415F72B23004E8054 /* Debug */,
				D0A56BE11804B97600A84EDC /* Test */,
				D042FC6515F72B23004E8054 /* Release */,
				D042FCC415F72E0C004E8054 /* Profile */,
			);
			defaultConfigurationIsVisible = 0;
			defaultConfigurationName = Release;
		};
		D042FC6615F72B23004E8054 /* Build configuration list for PBXNativeTarget "Mantle" */ = {
			isa = XCConfigurationList;
			buildConfigurations = (
				D042FC6715F72B23004E8054 /* Debug */,
				D0A56BE21804B97600A84EDC /* Test */,
				D042FC6815F72B23004E8054 /* Release */,
				D042FCC515F72E0C004E8054 /* Profile */,
			);
			defaultConfigurationIsVisible = 0;
			defaultConfigurationName = Release;
		};
		D042FC9815F72BC7004E8054 /* Build configuration list for PBXNativeTarget "Mantle-iOS" */ = {
			isa = XCConfigurationList;
			buildConfigurations = (
				D042FC9915F72BC7004E8054 /* Debug */,
				D0A56BE41804B97600A84EDC /* Test */,
				D042FC9A15F72BC7004E8054 /* Release */,
				D042FCC715F72E0C004E8054 /* Profile */,
			);
			defaultConfigurationIsVisible = 0;
			defaultConfigurationName = Release;
		};
		DB2D96F118E48DE3004D327B /* Build configuration list for PBXNativeTarget "Mantle Tests" */ = {
			isa = XCConfigurationList;
			buildConfigurations = (
				DB2D96F218E48DE3004D327B /* Debug */,
				DB2D96F318E48DE3004D327B /* Test */,
				DB2D96F418E48DE3004D327B /* Release */,
				DB2D96F518E48DE3004D327B /* Profile */,
			);
			defaultConfigurationIsVisible = 0;
			defaultConfigurationName = Release;
		};
		DB2D970718E48DF6004D327B /* Build configuration list for PBXNativeTarget "Mantle-iOS Tests" */ = {
			isa = XCConfigurationList;
			buildConfigurations = (
				DB2D970818E48DF6004D327B /* Debug */,
				DB2D970918E48DF6004D327B /* Test */,
				DB2D970A18E48DF6004D327B /* Release */,
				DB2D970B18E48DF6004D327B /* Profile */,
			);
			defaultConfigurationIsVisible = 0;
			defaultConfigurationName = Release;
		};
/* End XCConfigurationList section */

/* Begin XCVersionGroup section */
		D021D936170F806B00C37E36 /* TestModel.xcdatamodeld */ = {
			isa = XCVersionGroup;
			children = (
				D021D937170F806B00C37E36 /* TestModel.xcdatamodel */,
			);
			currentVersion = D021D937170F806B00C37E36 /* TestModel.xcdatamodel */;
			path = TestModel.xcdatamodeld;
			sourceTree = "<group>";
			versionGroupType = wrapper.xcdatamodel;
		};
/* End XCVersionGroup section */
	};
	rootObject = D042FC3215F72B23004E8054 /* Project object */;
}
